{
  "version": 4,
  "terraform_version": "1.10.1",
  "serial": 469,
  "lineage": "5956ab1c-4d6f-6f3a-1f8c-9a5b6e0f2276",
  "outputs": {},
  "resources": [
    {
      "mode": "data",
      "type": "genesyscloud_auth_division",
      "name": "Home",
      "provider": "provider[\"registry.terraform.io/mypurecloud/genesyscloud\"]",
      "instances": [
        {
          "schema_version": 0,
          "attributes": {
            "id": "d375d871-b9c1-45c9-a2ec-64d3e8136846",
            "name": "Home"
          },
          "sensitive_attributes": []
        }
      ]
    },
    {
      "mode": "data",
      "type": "genesyscloud_integration",
      "name": "Genesys_Cloud_Data_Actions_-_Internal",
      "provider": "provider[\"registry.terraform.io/mypurecloud/genesyscloud\"]",
      "instances": [
        {
          "schema_version": 0,
          "attributes": {
            "id": "3368931d-6ae1-4e08-8503-4b98a29e43ba",
            "name": "Genesys Cloud Data Actions - Internal"
          },
          "sensitive_attributes": []
        }
      ]
    },
    {
      "mode": "data",
      "type": "genesyscloud_telephony_providers_edges_site",
      "name": "PureCloud_Voice_-_AWS",
      "provider": "provider[\"registry.terraform.io/mypurecloud/genesyscloud\"]",
      "instances": [
        {
          "schema_version": 0,
          "attributes": {
            "id": "39190f4e-acca-4ef8-9824-d5f83cb201c4",
            "name": "PureCloud Voice - AWS"
          },
          "sensitive_attributes": []
        }
      ]
    },
    {
      "mode": "managed",
      "type": "genesyscloud_architect_datatable",
      "name": "TEL_ROUTAGE_ATTENTE",
      "provider": "provider[\"registry.terraform.io/mypurecloud/genesyscloud\"]",
      "instances": [
        {
          "schema_version": 1,
          "attributes": {
            "description": "",
            "division_id": "d375d871-b9c1-45c9-a2ec-64d3e8136846",
            "id": "310a8144-8099-4657-af41-9c28d1987dd6",
            "name": "TEL_ROUTAGE_ATTENTE",
            "properties": [
              {
                "default": "",
                "name": "key",
                "title": "Profil_Attente",
                "type": "string"
              },
              {
                "default": "",
                "name": "Msg_TAE_Actif_Att",
                "title": "Msg_TAE_Actif_Att",
                "type": "boolean"
              },
              {
                "default": "",
                "name": "TAE_Seuil_Inf_Att",
                "title": "TAE_Seuil_Inf_Att",
                "type": "integer"
              },
              {
                "default": "",
                "name": "TAE_Seuil_Sup_Att",
                "title": "TAE_Seuil_Sup_Att",
                "type": "integer"
              },
              {
                "default": "",
                "name": "Msg_TAE_Seuil_Inf_Att",
                "title": "Msg_TAE_Seuil_Inf_Att",
                "type": "string"
              },
              {
                "default": "",
                "name": "Msg_TAE_Seuil_Inf_Sup_Att",
                "title": "Msg_TAE_Seuil_Inf_Sup_Att",
                "type": "string"
              },
              {
                "default": "",
                "name": "Msg_TAE_Seuil_Sup_Att",
                "title": "Msg_TAE_Seuil_Sup_Att",
                "type": "string"
              },
              {
                "default": "",
                "name": "Msg_Flash_Att",
                "title": "Msg_Flash_Att",
                "type": "string"
              },
              {
                "default": "",
                "name": "Cbk_Actif_Att",
                "title": "Cbk_Actif_Att",
                "type": "boolean"
              },
              {
                "default": "",
                "name": "Seuil_TAE_Cbk_Att",
                "title": "Seuil_TAE_Cbk_Att",
                "type": "integer"
              },
              {
                "default": "",
                "name": "Msg_Cbk_Att",
                "title": "Msg_Cbk_Att",
                "type": "string"
              },
              {
                "default": "",
                "name": "Duree_Msg_Att_1",
                "title": "Duree_Msg_Att_1",
                "type": "integer"
              },
              {
                "default": "",
                "name": "Msg_Att_1",
                "title": "Msg_Att_1",
                "type": "string"
              },
              {
                "default": "",
                "name": "Duree_Msg_Att_2",
                "title": "Duree_Msg_Att_2",
                "type": "integer"
              },
              {
                "default": "",
                "name": "Msg_Att_2",
                "title": "Msg_Att_2",
                "type": "string"
              }
            ]
          },
          "sensitive_attributes": [],
          "private": "eyJzY2hlbWFfdmVyc2lvbiI6IjEifQ==",
          "dependencies": [
            "data.genesyscloud_auth_division.Home"
          ]
        }
      ]
    },
    {
      "mode": "managed",
      "type": "genesyscloud_architect_datatable",
      "name": "TEL_ROUTAGE_NUMERO_APPELE",
      "provider": "provider[\"registry.terraform.io/mypurecloud/genesyscloud\"]",
      "instances": [
        {
          "schema_version": 1,
          "attributes": {
            "description": "",
            "division_id": "d375d871-b9c1-45c9-a2ec-64d3e8136846",
            "id": "0798b110-210a-4d58-a9ce-0679f9e476cb",
            "name": "TEL_ROUTAGE_NUMERO_APPELE",
            "properties": [
              {
                "default": "",
                "name": "key",
                "title": "Num_Tech",
                "type": "string"
              },
              {
                "default": "",
                "name": "Num_Appele",
                "title": "Num_Appele",
                "type": "string"
              },
              {
                "default": "",
                "name": "Libelle_Num",
                "title": "Libelle_Num",
                "type": "string"
              },
              {
                "default": "",
                "name": "Description_Num_App",
                "title": "Description_Num_App",
                "type": "string"
              },
              {
                "default": "",
                "name": "Entite",
                "title": "Entite",
                "type": "string"
              },
              {
                "default": "",
                "name": "Motif_Defaut_Num_App",
                "title": "Motif_Defaut_Num_App",
                "type": "string"
              },
              {
                "default": "",
                "name": "Groupe_Urgence",
                "title": "Groupe_Urgence",
                "type": "string"
              },
              {
                "default": "",
                "name": "Action_Num_App",
                "title": "Action_Num_App",
                "type": "string"
              },
              {
                "default": "",
                "name": "Nom_Action_Num_App",
                "title": "Nom_Action_Num_App",
                "type": "string"
              }
            ]
          },
          "sensitive_attributes": [],
          "private": "eyJzY2hlbWFfdmVyc2lvbiI6IjEifQ==",
          "dependencies": [
            "data.genesyscloud_auth_division.Home"
          ]
        }
      ]
    },
    {
      "mode": "managed",
      "type": "genesyscloud_architect_datatable_row",
      "name": "TEL_ROUTAGE_ATTENTE_rows",
      "provider": "provider[\"registry.terraform.io/mypurecloud/genesyscloud\"]",
      "instances": [
        {
          "index_key": "Profil_GENE_LBP",
          "schema_version": 1,
          "attributes": {
            "datatable_id": "310a8144-8099-4657-af41-9c28d1987dd6",
            "id": "310a8144-8099-4657-af41-9c28d1987dd6/Profil_GENE_LBP",
            "key_value": "Profil_GENE_LBP",
            "properties_json": "{\"Cbk_Actif_Att\":false,\"Duree_Msg_Att_1\":0,\"Duree_Msg_Att_2\":0,\"Msg_Att_1\":\"\",\"Msg_Att_2\":\"\",\"Msg_Cbk_Att\":\"\",\"Msg_Flash_Att\":\"\",\"Msg_TAE_Actif_Att\":true,\"Msg_TAE_Seuil_Inf_Att\":\"GENE_LBP_MsgTAE_inf_2Min\",\"Msg_TAE_Seuil_Inf_Sup_Att\":\"GENE_LBP_MsgTAE_entre_2 Min_5Min\",\"Msg_TAE_Seuil_Sup_Att\":\"GENE_LBP_MsgTAE_sup_5 Min\",\"Seuil_TAE_Cbk_Att\":0,\"TAE_Seuil_Inf_Att\":120,\"TAE_Seuil_Sup_Att\":300}"
          },
          "sensitive_attributes": [],
          "private": "eyJzY2hlbWFfdmVyc2lvbiI6IjEifQ==",
          "dependencies": [
            "data.genesyscloud_auth_division.Home",
            "genesyscloud_architect_datatable.TEL_ROUTAGE_ATTENTE"
          ]
        }
      ]
    },
    {
      "mode": "managed",
      "type": "genesyscloud_architect_datatable_row",
      "name": "TEL_ROUTAGE_NUMERO_APPELE_rows",
      "provider": "provider[\"registry.terraform.io/mypurecloud/genesyscloud\"]",
      "instances": [
        {
          "index_key": "+33189378550",
          "schema_version": 1,
          "attributes": {
            "datatable_id": "0798b110-210a-4d58-a9ce-0679f9e476cb",
            "id": "0798b110-210a-4d58-a9ce-0679f9e476cb/+33189378550",
            "key_value": "+33189378550",
            "properties_json": "{\"Action_Num_App\":\"ACCUEIL\",\"Description_Num_App\":\"Test Core Model Middle\",\"Entite\":\"\",\"Groupe_Urgence\":\"\",\"Libelle_Num\":\"Genesys Cloud Voice 1\",\"Motif_Defaut_Num_App\":\"DRSC_CNP_ASSUVIE\",\"Nom_Action_Num_App\":\"DSRC_CNP_ASSUVIE_Acc\",\"Num_Appele\":\"0189378550\"}"
          },
          "sensitive_attributes": [],
          "private": "eyJzY2hlbWFfdmVyc2lvbiI6IjEifQ==",
          "dependencies": [
            "data.genesyscloud_auth_division.Home",
            "genesyscloud_architect_datatable.TEL_ROUTAGE_NUMERO_APPELE"
          ]
        },
        {
          "index_key": "0000000001",
          "schema_version": 1,
          "attributes": {
            "datatable_id": "0798b110-210a-4d58-a9ce-0679f9e476cb",
            "id": "0798b110-210a-4d58-a9ce-0679f9e476cb/0000000001",
            "key_value": "0000000001",
            "properties_json": "{\"Action_Num_App\":\"ACCUEIL\",\"Description_Num_App\":\"ORC_RAP_Sans_Menu\",\"Entite\":\"DAMO_ORC\",\"Groupe_Urgence\":\"\",\"Libelle_Num\":\"\",\"Motif_Defaut_Num_App\":\"ORC_RAP\",\"Nom_Action_Num_App\":\"ORC_RAP_Acc\",\"Num_Appele\":\"0320583895\"}"
          },
          "sensitive_attributes": [],
          "private": "eyJzY2hlbWFfdmVyc2lvbiI6IjEifQ==",
          "dependencies": [
            "data.genesyscloud_auth_division.Home",
            "genesyscloud_architect_datatable.TEL_ROUTAGE_NUMERO_APPELE"
          ]
        },
        {
          "index_key": "0000000002",
          "schema_version": 1,
          "attributes": {
            "datatable_id": "0798b110-210a-4d58-a9ce-0679f9e476cb",
            "id": "0798b110-210a-4d58-a9ce-0679f9e476cb/0000000002",
            "key_value": "0000000002",
            "properties_json": "{\"Action_Num_App\":\"ACCUEIL\",\"Description_Num_App\":\"ORC_RAM_Sans_Menu\",\"Entite\":\"DAMO_ORC\",\"Groupe_Urgence\":\"\",\"Libelle_Num\":\"\",\"Motif_Defaut_Num_App\":\"ORC_RAM\",\"Nom_Action_Num_App\":\"ORC_RAM_Acc\",\"Num_Appele\":\"0969327660\"}"
          },
          "sensitive_attributes": [],
          "private": "eyJzY2hlbWFfdmVyc2lvbiI6IjEifQ==",
          "dependencies": [
            "data.genesyscloud_auth_division.Home",
            "genesyscloud_architect_datatable.TEL_ROUTAGE_NUMERO_APPELE"
          ]
        },
        {
          "index_key": "0000000003",
          "schema_version": 1,
          "attributes": {
            "datatable_id": "0798b110-210a-4d58-a9ce-0679f9e476cb",
            "id": "0798b110-210a-4d58-a9ce-0679f9e476cb/0000000003",
            "key_value": "0000000003",
            "properties_json": "{\"Action_Num_App\":\"ACCUEIL\",\"Description_Num_App\":\"ORC_PRE_CTX_CREDIT_Sans_Menu\",\"Entite\":\"DAMO_ORC\",\"Groupe_Urgence\":\"\",\"Libelle_Num\":\"\",\"Motif_Defaut_Num_App\":\"ORC_PRE_CTX_CREDIT\",\"Nom_Action_Num_App\":\"ORC_PRE_CTX_CREDIT_Acc\",\"Num_Appele\":\"0969376310\"}"
          },
          "sensitive_attributes": [],
          "private": "eyJzY2hlbWFfdmVyc2lvbiI6IjEifQ==",
          "dependencies": [
            "data.genesyscloud_auth_division.Home",
            "genesyscloud_architect_datatable.TEL_ROUTAGE_NUMERO_APPELE"
          ]
        },
        {
          "index_key": "0000000004",
          "schema_version": 1,
          "attributes": {
            "datatable_id": "0798b110-210a-4d58-a9ce-0679f9e476cb",
            "id": "0798b110-210a-4d58-a9ce-0679f9e476cb/0000000004",
            "key_value": "0000000004",
            "properties_json": "{\"Action_Num_App\":\"ACCUEIL\",\"Description_Num_App\":\"ORC_CCI_PRE_CTX_Sans_Menu\",\"Entite\":\"DAMO_ORC\",\"Groupe_Urgence\":\"\",\"Libelle_Num\":\"\",\"Motif_Defaut_Num_App\":\"ORC_CCI_PRE_CTX\",\"Nom_Action_Num_App\":\"ORC_CCI_PRE_CTX_Acc\",\"Num_Appele\":\"0969376325\"}"
          },
          "sensitive_attributes": [],
          "private": "eyJzY2hlbWFfdmVyc2lvbiI6IjEifQ==",
          "dependencies": [
            "data.genesyscloud_auth_division.Home",
            "genesyscloud_architect_datatable.TEL_ROUTAGE_NUMERO_APPELE"
          ]
        },
        {
          "index_key": "0000000005",
          "schema_version": 1,
          "attributes": {
            "datatable_id": "0798b110-210a-4d58-a9ce-0679f9e476cb",
            "id": "0798b110-210a-4d58-a9ce-0679f9e476cb/0000000005",
            "key_value": "0000000005",
            "properties_json": "{\"Action_Num_App\":\"ACCUEIL\",\"Description_Num_App\":\"ORC_CTX_CREDIT_Sans_Menu\",\"Entite\":\"DAMO_ORC\",\"Groupe_Urgence\":\"\",\"Libelle_Num\":\"\",\"Motif_Defaut_Num_App\":\"ORC_CTX_CREDIT\",\"Nom_Action_Num_App\":\"ORC_CTX_CREDIT_Acc\",\"Num_Appele\":\"0969376315\"}"
          },
          "sensitive_attributes": [],
          "private": "eyJzY2hlbWFfdmVyc2lvbiI6IjEifQ==",
          "dependencies": [
            "data.genesyscloud_auth_division.Home",
            "genesyscloud_architect_datatable.TEL_ROUTAGE_NUMERO_APPELE"
          ]
        },
        {
          "index_key": "0000000006",
          "schema_version": 1,
          "attributes": {
            "datatable_id": "0798b110-210a-4d58-a9ce-0679f9e476cb",
            "id": "0798b110-210a-4d58-a9ce-0679f9e476cb/0000000006",
            "key_value": "0000000006",
            "properties_json": "{\"Action_Num_App\":\"ACCUEIL\",\"Description_Num_App\":\"LBPCS_PPH_SVI\",\"Entite\":\"DSRC_DEX_BAD\",\"Groupe_Urgence\":\"\",\"Libelle_Num\":\"\",\"Motif_Defaut_Num_App\":\"LBPCS_PPH_SVI\",\"Nom_Action_Num_App\":\"LBPCS_PPH_Acc\",\"Num_Appele\":\"0969364567\"}"
          },
          "sensitive_attributes": [],
          "private": "eyJzY2hlbWFfdmVyc2lvbiI6IjEifQ==",
          "dependencies": [
            "data.genesyscloud_auth_division.Home",
            "genesyscloud_architect_datatable.TEL_ROUTAGE_NUMERO_APPELE"
          ]
        },
        {
          "index_key": "0000000007",
          "schema_version": 1,
          "attributes": {
            "datatable_id": "0798b110-210a-4d58-a9ce-0679f9e476cb",
            "id": "0798b110-210a-4d58-a9ce-0679f9e476cb/0000000007",
            "key_value": "0000000007",
            "properties_json": "{\"Action_Num_App\":\"ACCUEIL\",\"Description_Num_App\":\"LBPCS_POSTIER_SVI\",\"Entite\":\"DSRC_DEX_BAD\",\"Groupe_Urgence\":\"\",\"Libelle_Num\":\"\",\"Motif_Defaut_Num_App\":\"LBPCS_POSTIER_SVI\",\"Nom_Action_Num_App\":\"LBPCS_POSTIER_Acc\",\"Num_Appele\":\"0969391005\"}"
          },
          "sensitive_attributes": [],
          "private": "eyJzY2hlbWFfdmVyc2lvbiI6IjEifQ==",
          "dependencies": [
            "data.genesyscloud_auth_division.Home",
            "genesyscloud_architect_datatable.TEL_ROUTAGE_NUMERO_APPELE"
          ]
        },
        {
          "index_key": "0000000008",
          "schema_version": 1,
          "attributes": {
            "datatable_id": "0798b110-210a-4d58-a9ce-0679f9e476cb",
            "id": "0798b110-210a-4d58-a9ce-0679f9e476cb/0000000008",
            "key_value": "0000000008",
            "properties_json": "{\"Action_Num_App\":\"ACCUEIL\",\"Description_Num_App\":\"LBPCS_PTF_VACANTS_Sans_Menu\",\"Entite\":\"DSRC_DEX_BAD\",\"Groupe_Urgence\":\"\",\"Libelle_Num\":\"\",\"Motif_Defaut_Num_App\":\"LBPCS_PTF_VACANTS\",\"Nom_Action_Num_App\":\"LBPCS_PTF_VACANTS_Acc\",\"Num_Appele\":\"0969790172\"}"
          },
          "sensitive_attributes": [],
          "private": "eyJzY2hlbWFfdmVyc2lvbiI6IjEifQ==",
          "dependencies": [
            "data.genesyscloud_auth_division.Home",
            "genesyscloud_architect_datatable.TEL_ROUTAGE_NUMERO_APPELE"
          ]
        },
        {
          "index_key": "0000000009",
          "schema_version": 1,
          "attributes": {
            "datatable_id": "0798b110-210a-4d58-a9ce-0679f9e476cb",
            "id": "0798b110-210a-4d58-a9ce-0679f9e476cb/0000000009",
            "key_value": "0000000009",
            "properties_json": "{\"Action_Num_App\":\"ACCUEIL\",\"Description_Num_App\":\"LBPCS_SOUTIENPAT_Sans_Menu\",\"Entite\":\"DSRC_DEX_BAD\",\"Groupe_Urgence\":\"\",\"Libelle_Num\":\"\",\"Motif_Defaut_Num_App\":\"LBPCS_SOUTIENPAT\",\"Nom_Action_Num_App\":\"LBPCS_SOUTIENPAT_Acc\",\"Num_Appele\":\"0969363989\"}"
          },
          "sensitive_attributes": [],
          "private": "eyJzY2hlbWFfdmVyc2lvbiI6IjEifQ==",
          "dependencies": [
            "data.genesyscloud_auth_division.Home",
            "genesyscloud_architect_datatable.TEL_ROUTAGE_NUMERO_APPELE"
          ]
        },
        {
          "index_key": "0000000010",
          "schema_version": 1,
          "attributes": {
            "datatable_id": "0798b110-210a-4d58-a9ce-0679f9e476cb",
            "id": "0798b110-210a-4d58-a9ce-0679f9e476cb/0000000010",
            "key_value": "0000000010",
            "properties_json": "{\"Action_Num_App\":\"ACCUEIL\",\"Description_Num_App\":\"SBA_SVI\",\"Entite\":\"DECQ\",\"Groupe_Urgence\":\"\",\"Libelle_Num\":\"\",\"Motif_Defaut_Num_App\":\"SBA_SVI\",\"Nom_Action_Num_App\":\"SBA_Acc\",\"Num_Appele\":\"0969393600\"}"
          },
          "sensitive_attributes": [],
          "private": "eyJzY2hlbWFfdmVyc2lvbiI6IjEifQ==",
          "dependencies": [
            "data.genesyscloud_auth_division.Home",
            "genesyscloud_architect_datatable.TEL_ROUTAGE_NUMERO_APPELE"
          ]
        },
        {
          "index_key": "0000000011",
          "schema_version": 1,
          "attributes": {
            "datatable_id": "0798b110-210a-4d58-a9ce-0679f9e476cb",
            "id": "0798b110-210a-4d58-a9ce-0679f9e476cb/0000000011",
            "key_value": "0000000011",
            "properties_json": "{\"Action_Num_App\":\"ACCUEIL\",\"Description_Num_App\":\"KYC_Sans_Menu\",\"Entite\":\"DATAE_KYC\",\"Groupe_Urgence\":\"\",\"Libelle_Num\":\"\",\"Motif_Defaut_Num_App\":\"KYC\",\"Nom_Action_Num_App\":\"KYC_Acc\",\"Num_Appele\":\"0969367551\"}"
          },
          "sensitive_attributes": [],
          "private": "eyJzY2hlbWFfdmVyc2lvbiI6IjEifQ==",
          "dependencies": [
            "data.genesyscloud_auth_division.Home",
            "genesyscloud_architect_datatable.TEL_ROUTAGE_NUMERO_APPELE"
          ]
        },
        {
          "index_key": "0000000012",
          "schema_version": 1,
          "attributes": {
            "datatable_id": "0798b110-210a-4d58-a9ce-0679f9e476cb",
            "id": "0798b110-210a-4d58-a9ce-0679f9e476cb/0000000012",
            "key_value": "0000000012",
            "properties_json": "{\"Action_Num_App\":\"ACCUEIL\",\"Description_Num_App\":\"APPUI_CLIENTS_Sans_Menu\",\"Entite\":\"DAMO_FRAGILES\",\"Groupe_Urgence\":\"\",\"Libelle_Num\":\"\",\"Motif_Defaut_Num_App\":\"FRAGILES_APPUI_CLI\",\"Nom_Action_Num_App\":\"FRAGILES_APPUI_CLI_Acc\",\"Num_Appele\":\"0969363920\"}"
          },
          "sensitive_attributes": [],
          "private": "eyJzY2hlbWFfdmVyc2lvbiI6IjEifQ==",
          "dependencies": [
            "data.genesyscloud_auth_division.Home",
            "genesyscloud_architect_datatable.TEL_ROUTAGE_NUMERO_APPELE"
          ]
        },
        {
          "index_key": "0000000013",
          "schema_version": 1,
          "attributes": {
            "datatable_id": "0798b110-210a-4d58-a9ce-0679f9e476cb",
            "id": "0798b110-210a-4d58-a9ce-0679f9e476cb/0000000013",
            "key_value": "0000000013",
            "properties_json": "{\"Action_Num_App\":\"ACCUEIL\",\"Description_Num_App\":\"APPUI_PARTENAIRES_Sans_Menu\",\"Entite\":\"DAMO_FRAGILES\",\"Groupe_Urgence\":\"\",\"Libelle_Num\":\"\",\"Motif_Defaut_Num_App\":\"FRAGILES_APPUI_PAR\",\"Nom_Action_Num_App\":\"FRAGILES_APPUI_PAR_Acc\",\"Num_Appele\":\"0969363925\"}"
          },
          "sensitive_attributes": [],
          "private": "eyJzY2hlbWFfdmVyc2lvbiI6IjEifQ==",
          "dependencies": [
            "data.genesyscloud_auth_division.Home",
            "genesyscloud_architect_datatable.TEL_ROUTAGE_NUMERO_APPELE"
          ]
        },
        {
          "index_key": "0000000014",
          "schema_version": 1,
          "attributes": {
            "datatable_id": "0798b110-210a-4d58-a9ce-0679f9e476cb",
            "id": "0798b110-210a-4d58-a9ce-0679f9e476cb/0000000014",
            "key_value": "0000000014",
            "properties_json": "{\"Action_Num_App\":\"ACCUEIL\",\"Description_Num_App\":\"FRAGILES_SVI\",\"Entite\":\"DAMO_FRAGILES\",\"Groupe_Urgence\":\"\",\"Libelle_Num\":\"\",\"Motif_Defaut_Num_App\":\"FRAGILES_SVI\",\"Nom_Action_Num_App\":\"FRAGILES_Acc\",\"Num_Appele\":\"0969320321\"}"
          },
          "sensitive_attributes": [],
          "private": "eyJzY2hlbWFfdmVyc2lvbiI6IjEifQ==",
          "dependencies": [
            "data.genesyscloud_auth_division.Home",
            "genesyscloud_architect_datatable.TEL_ROUTAGE_NUMERO_APPELE"
          ]
        },
        {
          "index_key": "0000000015",
          "schema_version": 1,
          "attributes": {
            "datatable_id": "0798b110-210a-4d58-a9ce-0679f9e476cb",
            "id": "0798b110-210a-4d58-a9ce-0679f9e476cb/0000000015",
            "key_value": "0000000015",
            "properties_json": "{\"Action_Num_App\":\"ACCUEIL\",\"Description_Num_App\":\"SUC_SERVICE_ROU_Sans_Menu\",\"Entite\":\"DAMO_SUCCESSIONS\",\"Groupe_Urgence\":\"\",\"Libelle_Num\":\"\",\"Motif_Defaut_Num_App\":\"SUC_SERVICE_ROU\",\"Nom_Action_Num_App\":\"SUC_SERVICE_ROU_Acc\",\"Num_Appele\":\"0969814455\"}"
          },
          "sensitive_attributes": [],
          "private": "eyJzY2hlbWFfdmVyc2lvbiI6IjEifQ==",
          "dependencies": [
            "data.genesyscloud_auth_division.Home",
            "genesyscloud_architect_datatable.TEL_ROUTAGE_NUMERO_APPELE"
          ]
        },
        {
          "index_key": "0000000016",
          "schema_version": 1,
          "attributes": {
            "datatable_id": "0798b110-210a-4d58-a9ce-0679f9e476cb",
            "id": "0798b110-210a-4d58-a9ce-0679f9e476cb/0000000016",
            "key_value": "0000000016",
            "properties_json": "{\"Action_Num_App\":\"ACCUEIL\",\"Description_Num_App\":\"SUC_SERVICE_CLE_Sans_Menu\",\"Entite\":\"DAMO_SUCCESSIONS\",\"Groupe_Urgence\":\"\",\"Libelle_Num\":\"\",\"Motif_Defaut_Num_App\":\"SUC_SERVICE_CLE\",\"Nom_Action_Num_App\":\"SUC_SERVICE_CLE_Acc\",\"Num_Appele\":\"0969814457\"}"
          },
          "sensitive_attributes": [],
          "private": "eyJzY2hlbWFfdmVyc2lvbiI6IjEifQ==",
          "dependencies": [
            "data.genesyscloud_auth_division.Home",
            "genesyscloud_architect_datatable.TEL_ROUTAGE_NUMERO_APPELE"
          ]
        },
        {
          "index_key": "0000000017",
          "schema_version": 1,
          "attributes": {
            "datatable_id": "0798b110-210a-4d58-a9ce-0679f9e476cb",
            "id": "0798b110-210a-4d58-a9ce-0679f9e476cb/0000000017",
            "key_value": "0000000017",
            "properties_json": "{\"Action_Num_App\":\"ACCUEIL\",\"Description_Num_App\":\"SUC_SERVICE_MAR_Sans_Menu\",\"Entite\":\"DAMO_SUCCESSIONS\",\"Groupe_Urgence\":\"\",\"Libelle_Num\":\"\",\"Motif_Defaut_Num_App\":\"SUC_SERVICE_MAR\",\"Nom_Action_Num_App\":\"SUC_SERVICE_MAR_Acc\",\"Num_Appele\":\"0969814456\"}"
          },
          "sensitive_attributes": [],
          "private": "eyJzY2hlbWFfdmVyc2lvbiI6IjEifQ==",
          "dependencies": [
            "data.genesyscloud_auth_division.Home",
            "genesyscloud_architect_datatable.TEL_ROUTAGE_NUMERO_APPELE"
          ]
        },
        {
          "index_key": "0000000018",
          "schema_version": 1,
          "attributes": {
            "datatable_id": "0798b110-210a-4d58-a9ce-0679f9e476cb",
            "id": "0798b110-210a-4d58-a9ce-0679f9e476cb/0000000018",
            "key_value": "0000000018",
            "properties_json": "{\"Action_Num_App\":\"ACCUEIL\",\"Description_Num_App\":\"SUC_AGENCE_MAR_Sans_Menu\",\"Entite\":\"DAMO_SUCCESSIONS\",\"Groupe_Urgence\":\"\",\"Libelle_Num\":\"\",\"Motif_Defaut_Num_App\":\"SUC_AGENCE_MAR\",\"Nom_Action_Num_App\":\"SUC_AGENCE_MAR_Acc\",\"Num_Appele\":\"0969791773\"}"
          },
          "sensitive_attributes": [],
          "private": "eyJzY2hlbWFfdmVyc2lvbiI6IjEifQ==",
          "dependencies": [
            "data.genesyscloud_auth_division.Home",
            "genesyscloud_architect_datatable.TEL_ROUTAGE_NUMERO_APPELE"
          ]
        },
        {
          "index_key": "0000000019",
          "schema_version": 1,
          "attributes": {
            "datatable_id": "0798b110-210a-4d58-a9ce-0679f9e476cb",
            "id": "0798b110-210a-4d58-a9ce-0679f9e476cb/0000000019",
            "key_value": "0000000019",
            "properties_json": "{\"Action_Num_App\":\"ACCUEIL\",\"Description_Num_App\":\"SUC_AGENCE_ROU_Sans_Menu\",\"Entite\":\"DAMO_SUCCESSIONS\",\"Groupe_Urgence\":\"\",\"Libelle_Num\":\"\",\"Motif_Defaut_Num_App\":\"SUC_AGENCE_ROU\",\"Nom_Action_Num_App\":\"SUC_AGENCE_ROU_Acc\",\"Num_Appele\":\"0969791774\"}"
          },
          "sensitive_attributes": [],
          "private": "eyJzY2hlbWFfdmVyc2lvbiI6IjEifQ==",
          "dependencies": [
            "data.genesyscloud_auth_division.Home",
            "genesyscloud_architect_datatable.TEL_ROUTAGE_NUMERO_APPELE"
          ]
        },
        {
          "index_key": "0000000020",
          "schema_version": 1,
          "attributes": {
            "datatable_id": "0798b110-210a-4d58-a9ce-0679f9e476cb",
            "id": "0798b110-210a-4d58-a9ce-0679f9e476cb/0000000020",
            "key_value": "0000000020",
            "properties_json": "{\"Action_Num_App\":\"ACCUEIL\",\"Description_Num_App\":\"SUC_AGENCE_CLE_Sans_Menu\",\"Entite\":\"DAMO_SUCCESSIONS\",\"Groupe_Urgence\":\"\",\"Libelle_Num\":\"\",\"Motif_Defaut_Num_App\":\"SUC_AGENCE_CLE\",\"Nom_Action_Num_App\":\"SUC_AGENCE_CLE_Acc\",\"Num_Appele\":\"0969791772\"}"
          },
          "sensitive_attributes": [],
          "private": "eyJzY2hlbWFfdmVyc2lvbiI6IjEifQ==",
          "dependencies": [
            "data.genesyscloud_auth_division.Home",
            "genesyscloud_architect_datatable.TEL_ROUTAGE_NUMERO_APPELE"
          ]
        },
        {
          "index_key": "0000000021",
          "schema_version": 1,
          "attributes": {
            "datatable_id": "0798b110-210a-4d58-a9ce-0679f9e476cb",
            "id": "0798b110-210a-4d58-a9ce-0679f9e476cb/0000000021",
            "key_value": "0000000021",
            "properties_json": "{\"Action_Num_App\":\"ACCUEIL\",\"Description_Num_App\":\"SUC_ACTIVITE_CLE_Sans_Menu\",\"Entite\":\"DAMO_SUCCESSIONS\",\"Groupe_Urgence\":\"\",\"Libelle_Num\":\"\",\"Motif_Defaut_Num_App\":\"SUC_ACTIVITE_ROU\",\"Nom_Action_Num_App\":\"SUC_ACTIVITE_ROU_Acc\",\"Num_Appele\":\"0969790001\"}"
          },
          "sensitive_attributes": [],
          "private": "eyJzY2hlbWFfdmVyc2lvbiI6IjEifQ==",
          "dependencies": [
            "data.genesyscloud_auth_division.Home",
            "genesyscloud_architect_datatable.TEL_ROUTAGE_NUMERO_APPELE"
          ]
        },
        {
          "index_key": "0000000022",
          "schema_version": 1,
          "attributes": {
            "datatable_id": "0798b110-210a-4d58-a9ce-0679f9e476cb",
            "id": "0798b110-210a-4d58-a9ce-0679f9e476cb/0000000022",
            "key_value": "0000000022",
            "properties_json": "{\"Action_Num_App\":\"ACCUEIL\",\"Description_Num_App\":\"SUC_ACTIVITE_MAR_Sans_Menu\",\"Entite\":\"DAMO_SUCCESSIONS\",\"Groupe_Urgence\":\"\",\"Libelle_Num\":\"\",\"Motif_Defaut_Num_App\":\"SUC_ACTIVITE_CLE\",\"Nom_Action_Num_App\":\"SUC_ACTIVITE_CLE_Acc\",\"Num_Appele\":\"0969790002\"}"
          },
          "sensitive_attributes": [],
          "private": "eyJzY2hlbWFfdmVyc2lvbiI6IjEifQ==",
          "dependencies": [
            "data.genesyscloud_auth_division.Home",
            "genesyscloud_architect_datatable.TEL_ROUTAGE_NUMERO_APPELE"
          ]
        },
        {
          "index_key": "0000000023",
          "schema_version": 1,
          "attributes": {
            "datatable_id": "0798b110-210a-4d58-a9ce-0679f9e476cb",
            "id": "0798b110-210a-4d58-a9ce-0679f9e476cb/0000000023",
            "key_value": "0000000023",
            "properties_json": "{\"Action_Num_App\":\"ACCUEIL\",\"Description_Num_App\":\"SUC_ACTIVITE_ROU_Sans_Menu\",\"Entite\":\"DAMO_SUCCESSIONS\",\"Groupe_Urgence\":\"\",\"Libelle_Num\":\"\",\"Motif_Defaut_Num_App\":\"SUC_ACTIVITE_MAR\",\"Nom_Action_Num_App\":\"SUC_ACTIVITE_MAR_Acc\",\"Num_Appele\":\"0969790003\"}"
          },
          "sensitive_attributes": [],
          "private": "eyJzY2hlbWFfdmVyc2lvbiI6IjEifQ==",
          "dependencies": [
            "data.genesyscloud_auth_division.Home",
            "genesyscloud_architect_datatable.TEL_ROUTAGE_NUMERO_APPELE"
          ]
        },
        {
          "index_key": "0000000024",
          "schema_version": 1,
          "attributes": {
            "datatable_id": "0798b110-210a-4d58-a9ce-0679f9e476cb",
            "id": "0798b110-210a-4d58-a9ce-0679f9e476cb/0000000024",
            "key_value": "0000000024",
            "properties_json": "{\"Action_Num_App\":\"ACCUEIL\",\"Description_Num_App\":\"MAJPRO_SVI\",\"Entite\":\"DAMO_MAJPRO\",\"Groupe_Urgence\":\"\",\"Libelle_Num\":\"\",\"Motif_Defaut_Num_App\":\"MAJPRO_SVI\",\"Nom_Action_Num_App\":\"MAJPRO_Acc\",\"Num_Appele\":\"0969329671\"}"
          },
          "sensitive_attributes": [],
          "private": "eyJzY2hlbWFfdmVyc2lvbiI6IjEifQ==",
          "dependencies": [
            "data.genesyscloud_auth_division.Home",
            "genesyscloud_architect_datatable.TEL_ROUTAGE_NUMERO_APPELE"
          ]
        },
        {
          "index_key": "0000000025",
          "schema_version": 1,
          "attributes": {
            "datatable_id": "0798b110-210a-4d58-a9ce-0679f9e476cb",
            "id": "0798b110-210a-4d58-a9ce-0679f9e476cb/0000000025",
            "key_value": "0000000025",
            "properties_json": "{\"Action_Num_App\":\"ACCUEIL\",\"Description_Num_App\":\"MOPRO_SRC_SVI\",\"Entite\":\"DAD\",\"Groupe_Urgence\":\"\",\"Libelle_Num\":\"\",\"Motif_Defaut_Num_App\":\"MOPRO_SRC_SVI\",\"Nom_Action_Num_App\":\"MOPRO_SRC_Acc\",\"Num_Appele\":\"0969326079\"}"
          },
          "sensitive_attributes": [],
          "private": "eyJzY2hlbWFfdmVyc2lvbiI6IjEifQ==",
          "dependencies": [
            "data.genesyscloud_auth_division.Home",
            "genesyscloud_architect_datatable.TEL_ROUTAGE_NUMERO_APPELE"
          ]
        },
        {
          "index_key": "0000000026",
          "schema_version": 1,
          "attributes": {
            "datatable_id": "0798b110-210a-4d58-a9ce-0679f9e476cb",
            "id": "0798b110-210a-4d58-a9ce-0679f9e476cb/0000000026",
            "key_value": "0000000026",
            "properties_json": "{\"Action_Num_App\":\"ACCUEIL\",\"Description_Num_App\":\"MOPRO_SEP_SVI\",\"Entite\":\"DAD\",\"Groupe_Urgence\":\"\",\"Libelle_Num\":\"\",\"Motif_Defaut_Num_App\":\"MOPRO_SEP_SVI\",\"Nom_Action_Num_App\":\"MOPRO_SEP_Acc\",\"Num_Appele\":\"0969328249\"}"
          },
          "sensitive_attributes": [],
          "private": "eyJzY2hlbWFfdmVyc2lvbiI6IjEifQ==",
          "dependencies": [
            "data.genesyscloud_auth_division.Home",
            "genesyscloud_architect_datatable.TEL_ROUTAGE_NUMERO_APPELE"
          ]
        },
        {
          "index_key": "0000000027",
          "schema_version": 1,
          "attributes": {
            "datatable_id": "0798b110-210a-4d58-a9ce-0679f9e476cb",
            "id": "0798b110-210a-4d58-a9ce-0679f9e476cb/0000000027",
            "key_value": "0000000027",
            "properties_json": "{\"Action_Num_App\":\"ACCUEIL\",\"Description_Num_App\":\"MOPRO_SRC_DOM_SVI\",\"Entite\":\"DAD\",\"Groupe_Urgence\":\"\",\"Libelle_Num\":\"\",\"Motif_Defaut_Num_App\":\"MOPRO_SRC_DOM_SVI\",\"Nom_Action_Num_App\":\"MOPRO_SRC_DOM_Acc\",\"Num_Appele\":\"0969363908\"}"
          },
          "sensitive_attributes": [],
          "private": "eyJzY2hlbWFfdmVyc2lvbiI6IjEifQ==",
          "dependencies": [
            "data.genesyscloud_auth_division.Home",
            "genesyscloud_architect_datatable.TEL_ROUTAGE_NUMERO_APPELE"
          ]
        },
        {
          "index_key": "0000000028",
          "schema_version": 1,
          "attributes": {
            "datatable_id": "0798b110-210a-4d58-a9ce-0679f9e476cb",
            "id": "0798b110-210a-4d58-a9ce-0679f9e476cb/0000000028",
            "key_value": "0000000028",
            "properties_json": "{\"Action_Num_App\":\"ACCUEIL\",\"Description_Num_App\":\"MOPRO_FRONT_DOM_SVI\",\"Entite\":\"DAD\",\"Groupe_Urgence\":\"\",\"Libelle_Num\":\"\",\"Motif_Defaut_Num_App\":\"MOPRO_FRONT_DOM_SVI\",\"Nom_Action_Num_App\":\"MOPRO_FRONT_DOM_Acc\",\"Num_Appele\":\"0969363911\"}"
          },
          "sensitive_attributes": [],
          "private": "eyJzY2hlbWFfdmVyc2lvbiI6IjEifQ==",
          "dependencies": [
            "data.genesyscloud_auth_division.Home",
            "genesyscloud_architect_datatable.TEL_ROUTAGE_NUMERO_APPELE"
          ]
        },
        {
          "index_key": "0000000029",
          "schema_version": 1,
          "attributes": {
            "datatable_id": "0798b110-210a-4d58-a9ce-0679f9e476cb",
            "id": "0798b110-210a-4d58-a9ce-0679f9e476cb/0000000029",
            "key_value": "0000000029",
            "properties_json": "{\"Action_Num_App\":\"ACCUEIL\",\"Description_Num_App\":\"MOPRO_ASS_BEL_SVI\",\"Entite\":\"DAD\",\"Groupe_Urgence\":\"\",\"Libelle_Num\":\"\",\"Motif_Defaut_Num_App\":\"MOPRO_ASS_BEL_SVI\",\"Nom_Action_Num_App\":\"MOPRO_ASS_BEL_Acc\",\"Num_Appele\":\"0810757677\"}"
          },
          "sensitive_attributes": [],
          "private": "eyJzY2hlbWFfdmVyc2lvbiI6IjEifQ==",
          "dependencies": [
            "data.genesyscloud_auth_division.Home",
            "genesyscloud_architect_datatable.TEL_ROUTAGE_NUMERO_APPELE"
          ]
        },
        {
          "index_key": "0000000030",
          "schema_version": 1,
          "attributes": {
            "datatable_id": "0798b110-210a-4d58-a9ce-0679f9e476cb",
            "id": "0798b110-210a-4d58-a9ce-0679f9e476cb/0000000030",
            "key_value": "0000000030",
            "properties_json": "{\"Action_Num_App\":\"ACCUEIL\",\"Description_Num_App\":\"SBA_SVI\",\"Entite\":\"DECQ\",\"Groupe_Urgence\":\"\",\"Libelle_Num\":\"\",\"Motif_Defaut_Num_App\":\"SBA_SVI\",\"Nom_Action_Num_App\":\"SBA_Acc\",\"Num_Appele\":\"0969393600\"}"
          },
          "sensitive_attributes": [],
          "private": "eyJzY2hlbWFfdmVyc2lvbiI6IjEifQ==",
          "dependencies": [
            "data.genesyscloud_auth_division.Home",
            "genesyscloud_architect_datatable.TEL_ROUTAGE_NUMERO_APPELE"
          ]
        },
        {
          "index_key": "0000000031",
          "schema_version": 1,
          "attributes": {
            "datatable_id": "0798b110-210a-4d58-a9ce-0679f9e476cb",
            "id": "0798b110-210a-4d58-a9ce-0679f9e476cb/0000000031",
            "key_value": "0000000031",
            "properties_json": "{\"Action_Num_App\":\"ACCUEIL\",\"Description_Num_App\":\"DOP_SEC_SVI\",\"Entite\":\"DOP\",\"Groupe_Urgence\":\"\",\"Libelle_Num\":\"\",\"Motif_Defaut_Num_App\":\"DOP_SEC_SVI\",\"Nom_Action_Num_App\":\"DOP_SEC_Acc\",\"Num_Appele\":\"0153683515\"}"
          },
          "sensitive_attributes": [],
          "private": "eyJzY2hlbWFfdmVyc2lvbiI6IjEifQ==",
          "dependencies": [
            "data.genesyscloud_auth_division.Home",
            "genesyscloud_architect_datatable.TEL_ROUTAGE_NUMERO_APPELE"
          ]
        },
        {
          "index_key": "0000000033",
          "schema_version": 1,
          "attributes": {
            "datatable_id": "0798b110-210a-4d58-a9ce-0679f9e476cb",
            "id": "0798b110-210a-4d58-a9ce-0679f9e476cb/0000000033",
            "key_value": "0000000033",
            "properties_json": "{\"Action_Num_App\":\"ACCUEIL\",\"Description_Num_App\":\"DOP_CARTES_PREPAYEES_Sans_Menu\",\"Entite\":\"DOP\",\"Groupe_Urgence\":\"\",\"Libelle_Num\":\"\",\"Motif_Defaut_Num_App\":\"DOP_CARTES_PREPAYEES\",\"Nom_Action_Num_App\":\"DOP_CARTES_PREPAYEES_Acc\",\"Num_Appele\":\"0969367020\"}"
          },
          "sensitive_attributes": [],
          "private": "eyJzY2hlbWFfdmVyc2lvbiI6IjEifQ==",
          "dependencies": [
            "data.genesyscloud_auth_division.Home",
            "genesyscloud_architect_datatable.TEL_ROUTAGE_NUMERO_APPELE"
          ]
        },
        {
          "index_key": "0000000034",
          "schema_version": 1,
          "attributes": {
            "datatable_id": "0798b110-210a-4d58-a9ce-0679f9e476cb",
            "id": "0798b110-210a-4d58-a9ce-0679f9e476cb/0000000034",
            "key_value": "0000000034",
            "properties_json": "{\"Action_Num_App\":\"ACCUEIL\",\"Description_Num_App\":\"DOP_ACCUEIL_SVI\",\"Entite\":\"DOP\",\"Groupe_Urgence\":\"\",\"Libelle_Num\":\"\",\"Motif_Defaut_Num_App\":\"DOP_ACCUEIL\",\"Nom_Action_Num_App\":\"DOP_ACCUEIL_Acc\",\"Num_Appele\":\"0825048047\"}"
          },
          "sensitive_attributes": [],
          "private": "eyJzY2hlbWFfdmVyc2lvbiI6IjEifQ==",
          "dependencies": [
            "data.genesyscloud_auth_division.Home",
            "genesyscloud_architect_datatable.TEL_ROUTAGE_NUMERO_APPELE"
          ]
        },
        {
          "index_key": "0000000035",
          "schema_version": 1,
          "attributes": {
            "datatable_id": "0798b110-210a-4d58-a9ce-0679f9e476cb",
            "id": "0798b110-210a-4d58-a9ce-0679f9e476cb/0000000035",
            "key_value": "0000000035",
            "properties_json": "{\"Action_Num_App\":\"ACCUEIL\",\"Description_Num_App\":\"PPTF_INTERNE_Sans_Menu\",\"Entite\":\"DCONF\",\"Groupe_Urgence\":\"\",\"Libelle_Num\":\"\",\"Motif_Defaut_Num_App\":\"PPTF_INTERNE\",\"Nom_Action_Num_App\":\"PPTF_INTERNE_Acc\",\"Num_Appele\":\"0555444931\"}"
          },
          "sensitive_attributes": [],
          "private": "eyJzY2hlbWFfdmVyc2lvbiI6IjEifQ==",
          "dependencies": [
            "data.genesyscloud_auth_division.Home",
            "genesyscloud_architect_datatable.TEL_ROUTAGE_NUMERO_APPELE"
          ]
        },
        {
          "index_key": "0000000036",
          "schema_version": 1,
          "attributes": {
            "datatable_id": "0798b110-210a-4d58-a9ce-0679f9e476cb",
            "id": "0798b110-210a-4d58-a9ce-0679f9e476cb/0000000036",
            "key_value": "0000000036",
            "properties_json": "{\"Action_Num_App\":\"ACCUEIL\",\"Description_Num_App\":\"PPTF_EXTERNE_Sans_Menu\",\"Entite\":\"DCONF\",\"Groupe_Urgence\":\"\",\"Libelle_Num\":\"\",\"Motif_Defaut_Num_App\":\"PPTF_EXTERNE\",\"Nom_Action_Num_App\":\"PPTF_EXTERNE_Acc\",\"Num_Appele\":\"0555444195\"}"
          },
          "sensitive_attributes": [],
          "private": "eyJzY2hlbWFfdmVyc2lvbiI6IjEifQ==",
          "dependencies": [
            "data.genesyscloud_auth_division.Home",
            "genesyscloud_architect_datatable.TEL_ROUTAGE_NUMERO_APPELE"
          ]
        },
        {
          "index_key": "0000000037",
          "schema_version": 1,
          "attributes": {
            "datatable_id": "0798b110-210a-4d58-a9ce-0679f9e476cb",
            "id": "0798b110-210a-4d58-a9ce-0679f9e476cb/0000000037",
            "key_value": "0000000037",
            "properties_json": "{\"Action_Num_App\":\"ACCUEIL\",\"Description_Num_App\":\"PPTF_BP_Sans_Menu\",\"Entite\":\"DCONF\",\"Groupe_Urgence\":\"\",\"Libelle_Num\":\"\",\"Motif_Defaut_Num_App\":\"PPTF_BP\",\"Nom_Action_Num_App\":\"PPTF_BP_Acc\",\"Num_Appele\":\"0555444928\"}"
          },
          "sensitive_attributes": [],
          "private": "eyJzY2hlbWFfdmVyc2lvbiI6IjEifQ==",
          "dependencies": [
            "data.genesyscloud_auth_division.Home",
            "genesyscloud_architect_datatable.TEL_ROUTAGE_NUMERO_APPELE"
          ]
        },
        {
          "index_key": "0000000038",
          "schema_version": 1,
          "attributes": {
            "datatable_id": "0798b110-210a-4d58-a9ce-0679f9e476cb",
            "id": "0798b110-210a-4d58-a9ce-0679f9e476cb/0000000038",
            "key_value": "0000000038",
            "properties_json": "{\"Action_Num_App\":\"ACCUEIL\",\"Description_Num_App\":\"OJ_DROIT_DE_COM_Sans_Menu\",\"Entite\":\"DATAE_OJ\",\"Groupe_Urgence\":\"\",\"Libelle_Num\":\"\",\"Motif_Defaut_Num_App\":\"OJ_DROIT_DE_COM\",\"Nom_Action_Num_App\":\"OJ_DROIT_DE_COM_Acc\",\"Num_Appele\":\"0238645116\"}"
          },
          "sensitive_attributes": [],
          "private": "eyJzY2hlbWFfdmVyc2lvbiI6IjEifQ==",
          "dependencies": [
            "data.genesyscloud_auth_division.Home",
            "genesyscloud_architect_datatable.TEL_ROUTAGE_NUMERO_APPELE"
          ]
        },
        {
          "index_key": "0000000039",
          "schema_version": 1,
          "attributes": {
            "datatable_id": "0798b110-210a-4d58-a9ce-0679f9e476cb",
            "id": "0798b110-210a-4d58-a9ce-0679f9e476cb/0000000039",
            "key_value": "0000000039",
            "properties_json": "{\"Action_Num_App\":\"ACCUEIL\",\"Description_Num_App\":\"OJ_REQUISITIONS_Sans_Menu\",\"Entite\":\"DATAE_OJ\",\"Groupe_Urgence\":\"\",\"Libelle_Num\":\"\",\"Motif_Defaut_Num_App\":\"OJ_REQUISITIONS\",\"Nom_Action_Num_App\":\"OJ_REQUISITIONS_Acc\",\"Num_Appele\":\"0969361799\"}"
          },
          "sensitive_attributes": [],
          "private": "eyJzY2hlbWFfdmVyc2lvbiI6IjEifQ==",
          "dependencies": [
            "data.genesyscloud_auth_division.Home",
            "genesyscloud_architect_datatable.TEL_ROUTAGE_NUMERO_APPELE"
          ]
        },
        {
          "index_key": "0000000040",
          "schema_version": 1,
          "attributes": {
            "datatable_id": "0798b110-210a-4d58-a9ce-0679f9e476cb",
            "id": "0798b110-210a-4d58-a9ce-0679f9e476cb/0000000040",
            "key_value": "0000000040",
            "properties_json": "{\"Action_Num_App\":\"ACCUEIL\",\"Description_Num_App\":\"OJ_SAISIES_HUISSIERS_Sans_Menu\",\"Entite\":\"DATAE_OJ\",\"Groupe_Urgence\":\"\",\"Libelle_Num\":\"\",\"Motif_Defaut_Num_App\":\"OJ_SAISIES_HUISSIERS\",\"Nom_Action_Num_App\":\"OJ_SAISIES_HUISSIERS_Acc\",\"Num_Appele\":\"0969321916\"}"
          },
          "sensitive_attributes": [],
          "private": "eyJzY2hlbWFfdmVyc2lvbiI6IjEifQ==",
          "dependencies": [
            "data.genesyscloud_auth_division.Home",
            "genesyscloud_architect_datatable.TEL_ROUTAGE_NUMERO_APPELE"
          ]
        },
        {
          "index_key": "0000000041",
          "schema_version": 1,
          "attributes": {
            "datatable_id": "0798b110-210a-4d58-a9ce-0679f9e476cb",
            "id": "0798b110-210a-4d58-a9ce-0679f9e476cb/0000000041",
            "key_value": "0000000041",
            "properties_json": "{\"Action_Num_App\":\"ACCUEIL\",\"Description_Num_App\":\"OJ_PENSIONS_ALIMENTAIRES_Sans_Menu\",\"Entite\":\"DATAE_OJ\",\"Groupe_Urgence\":\"\",\"Libelle_Num\":\"\",\"Motif_Defaut_Num_App\":\"OJ_PENSIONS_ALIMENTAIRES\",\"Nom_Action_Num_App\":\"OJ_PENSIONS_ALIMENTAIRES_Acc\",\"Num_Appele\":\"0000000000\"}"
          },
          "sensitive_attributes": [],
          "private": "eyJzY2hlbWFfdmVyc2lvbiI6IjEifQ==",
          "dependencies": [
            "data.genesyscloud_auth_division.Home",
            "genesyscloud_architect_datatable.TEL_ROUTAGE_NUMERO_APPELE"
          ]
        },
        {
          "index_key": "0000000042",
          "schema_version": 1,
          "attributes": {
            "datatable_id": "0798b110-210a-4d58-a9ce-0679f9e476cb",
            "id": "0798b110-210a-4d58-a9ce-0679f9e476cb/0000000042",
            "key_value": "0000000042",
            "properties_json": "{\"Action_Num_App\":\"ACCUEIL\",\"Description_Num_App\":\"VM_SRPVM_TCC_Sans_Menu\",\"Entite\":\"DATAE_VALMOB\",\"Groupe_Urgence\":\"\",\"Libelle_Num\":\"\",\"Motif_Defaut_Num_App\":\"VM_SRPVM_TCC\",\"Nom_Action_Num_App\":\"VM_SRPVM_TCC_Acc\",\"Num_Appele\":\"0555425580\"}"
          },
          "sensitive_attributes": [],
          "private": "eyJzY2hlbWFfdmVyc2lvbiI6IjEifQ==",
          "dependencies": [
            "data.genesyscloud_auth_division.Home",
            "genesyscloud_architect_datatable.TEL_ROUTAGE_NUMERO_APPELE"
          ]
        },
        {
          "index_key": "0000000043",
          "schema_version": 1,
          "attributes": {
            "datatable_id": "0798b110-210a-4d58-a9ce-0679f9e476cb",
            "id": "0798b110-210a-4d58-a9ce-0679f9e476cb/0000000043",
            "key_value": "0000000043",
            "properties_json": "{\"Action_Num_App\":\"ACCUEIL\",\"Description_Num_App\":\"VM_ SRPVM_RTOR_Sans_Menu\",\"Entite\":\"DATAE_VALMOB\",\"Groupe_Urgence\":\"\",\"Libelle_Num\":\"\",\"Motif_Defaut_Num_App\":\"VM_ SRPVM_RTOR\",\"Nom_Action_Num_App\":\"VM_ SRPVM_RTOR_Acc\",\"Num_Appele\":\"0555425592\"}"
          },
          "sensitive_attributes": [],
          "private": "eyJzY2hlbWFfdmVyc2lvbiI6IjEifQ==",
          "dependencies": [
            "data.genesyscloud_auth_division.Home",
            "genesyscloud_architect_datatable.TEL_ROUTAGE_NUMERO_APPELE"
          ]
        },
        {
          "index_key": "0000000044",
          "schema_version": 1,
          "attributes": {
            "datatable_id": "0798b110-210a-4d58-a9ce-0679f9e476cb",
            "id": "0798b110-210a-4d58-a9ce-0679f9e476cb/0000000044",
            "key_value": "0000000044",
            "properties_json": "{\"Action_Num_App\":\"ACCUEIL\",\"Description_Num_App\":\"VM_SC_BOURSE_Sans_Menu\",\"Entite\":\"DATAE_VALMOB\",\"Groupe_Urgence\":\"\",\"Libelle_Num\":\"\",\"Motif_Defaut_Num_App\":\"VM_SC_BOURSE\",\"Nom_Action_Num_App\":\"VM_SC_BOURSE_Acc\",\"Num_Appele\":\"0969320022\"}"
          },
          "sensitive_attributes": [],
          "private": "eyJzY2hlbWFfdmVyc2lvbiI6IjEifQ==",
          "dependencies": [
            "data.genesyscloud_auth_division.Home",
            "genesyscloud_architect_datatable.TEL_ROUTAGE_NUMERO_APPELE"
          ]
        },
        {
          "index_key": "0000000045",
          "schema_version": 1,
          "attributes": {
            "datatable_id": "0798b110-210a-4d58-a9ce-0679f9e476cb",
            "id": "0798b110-210a-4d58-a9ce-0679f9e476cb/0000000045",
            "key_value": "0000000045",
            "properties_json": "{\"Action_Num_App\":\"ACCUEIL\",\"Description_Num_App\":\"VM_RAPPEL_CLIENT_Sans_Menu\",\"Entite\":\"DATAE_VALMOB\",\"Groupe_Urgence\":\"\",\"Libelle_Num\":\"\",\"Motif_Defaut_Num_App\":\"VM_RAPPEL_CLIENT\",\"Nom_Action_Num_App\":\"VM_RAPPEL_CLIENT_Acc\",\"Num_Appele\":\"0969369246\"}"
          },
          "sensitive_attributes": [],
          "private": "eyJzY2hlbWFfdmVyc2lvbiI6IjEifQ==",
          "dependencies": [
            "data.genesyscloud_auth_division.Home",
            "genesyscloud_architect_datatable.TEL_ROUTAGE_NUMERO_APPELE"
          ]
        },
        {
          "index_key": "0000000046",
          "schema_version": 1,
          "attributes": {
            "datatable_id": "0798b110-210a-4d58-a9ce-0679f9e476cb",
            "id": "0798b110-210a-4d58-a9ce-0679f9e476cb/0000000046",
            "key_value": "0000000046",
            "properties_json": "{\"Action_Num_App\":\"ACCUEIL\",\"Description_Num_App\":\"VM_CELLULE_FISCALE_Sans_Menu\",\"Entite\":\"DATAE_VALMOB\",\"Groupe_Urgence\":\"\",\"Libelle_Num\":\"\",\"Motif_Defaut_Num_App\":\"VM_CELLULE_FISCALE\",\"Nom_Action_Num_App\":\"VM_CELLULE_FISCALE_Acc\",\"Num_Appele\":\"a valider avec le metier\"}"
          },
          "sensitive_attributes": [],
          "private": "eyJzY2hlbWFfdmVyc2lvbiI6IjEifQ==",
          "dependencies": [
            "data.genesyscloud_auth_division.Home",
            "genesyscloud_architect_datatable.TEL_ROUTAGE_NUMERO_APPELE"
          ]
        },
        {
          "index_key": "0000000047",
          "schema_version": 1,
          "attributes": {
            "datatable_id": "0798b110-210a-4d58-a9ce-0679f9e476cb",
            "id": "0798b110-210a-4d58-a9ce-0679f9e476cb/0000000047",
            "key_value": "0000000047",
            "properties_json": "{\"Action_Num_App\":\"ACCUEIL\",\"Description_Num_App\":\"DSRC_TEC_3639_INT_Sans_Menu\",\"Entite\":\"DSRC\",\"Groupe_Urgence\":\"\",\"Libelle_Num\":\"\",\"Motif_Defaut_Num_App\":\"DSRC_3639_INT\",\"Nom_Action_Num_App\":\"DSRC_3639_INT_Acc\",\"Num_Appele\":\"0145453639\"}"
          },
          "sensitive_attributes": [],
          "private": "eyJzY2hlbWFfdmVyc2lvbiI6IjEifQ==",
          "dependencies": [
            "data.genesyscloud_auth_division.Home",
            "genesyscloud_architect_datatable.TEL_ROUTAGE_NUMERO_APPELE"
          ]
        },
        {
          "index_key": "0000000048",
          "schema_version": 1,
          "attributes": {
            "datatable_id": "0798b110-210a-4d58-a9ce-0679f9e476cb",
            "id": "0798b110-210a-4d58-a9ce-0679f9e476cb/0000000048",
            "key_value": "0000000048",
            "properties_json": "{\"Action_Num_App\":\"ACCUEIL\",\"Description_Num_App\":\"DSRC_LOI_ECKERT_Sans_Menu\",\"Entite\":\"DSRC\",\"Groupe_Urgence\":\"\",\"Libelle_Num\":\"\",\"Motif_Defaut_Num_App\":\"DSRC_LOI_ECKERT\",\"Nom_Action_Num_App\":\"DSRC_LOI_ECKERT_Acc\",\"Num_Appele\":\"0969399970\"}"
          },
          "sensitive_attributes": [],
          "private": "eyJzY2hlbWFfdmVyc2lvbiI6IjEifQ==",
          "dependencies": [
            "data.genesyscloud_auth_division.Home",
            "genesyscloud_architect_datatable.TEL_ROUTAGE_NUMERO_APPELE"
          ]
        },
        {
          "index_key": "0000000049",
          "schema_version": 1,
          "attributes": {
            "datatable_id": "0798b110-210a-4d58-a9ce-0679f9e476cb",
            "id": "0798b110-210a-4d58-a9ce-0679f9e476cb/0000000049",
            "key_value": "0000000049",
            "properties_json": "{\"Action_Num_App\":\"ACCUEIL\",\"Description_Num_App\":\"DSRC_LOUVRE_BP_Sans_Menu\",\"Entite\":\"DSRC\",\"Groupe_Urgence\":\"\",\"Libelle_Num\":\"\",\"Motif_Defaut_Num_App\":\"DSRC_LOUVRE_BP\",\"Nom_Action_Num_App\":\"DSRC_LOUVRE_BP_Acc\",\"Num_Appele\":\"0969320033\"}"
          },
          "sensitive_attributes": [],
          "private": "eyJzY2hlbWFfdmVyc2lvbiI6IjEifQ==",
          "dependencies": [
            "data.genesyscloud_auth_division.Home",
            "genesyscloud_architect_datatable.TEL_ROUTAGE_NUMERO_APPELE"
          ]
        },
        {
          "index_key": "0000000050",
          "schema_version": 1,
          "attributes": {
            "datatable_id": "0798b110-210a-4d58-a9ce-0679f9e476cb",
            "id": "0798b110-210a-4d58-a9ce-0679f9e476cb/0000000050",
            "key_value": "0000000050",
            "properties_json": "{\"Action_Num_App\":\"ACCUEIL\",\"Description_Num_App\":\"DSRC_EER_Sans_Menu\",\"Entite\":\"DSRC\",\"Groupe_Urgence\":\"\",\"Libelle_Num\":\"\",\"Motif_Defaut_Num_App\":\"DSRC_EER\",\"Nom_Action_Num_App\":\"DSRC_EER_Acc\",\"Num_Appele\":\"0969369492\"}"
          },
          "sensitive_attributes": [],
          "private": "eyJzY2hlbWFfdmVyc2lvbiI6IjEifQ==",
          "dependencies": [
            "data.genesyscloud_auth_division.Home",
            "genesyscloud_architect_datatable.TEL_ROUTAGE_NUMERO_APPELE"
          ]
        },
        {
          "index_key": "0000000051",
          "schema_version": 1,
          "attributes": {
            "datatable_id": "0798b110-210a-4d58-a9ce-0679f9e476cb",
            "id": "0798b110-210a-4d58-a9ce-0679f9e476cb/0000000051",
            "key_value": "0000000051",
            "properties_json": "{\"Action_Num_App\":\"ACCUEIL\",\"Description_Num_App\":\"DSRC_SAV_LBP_SVI\",\"Entite\":\"DSRC\",\"Groupe_Urgence\":\"\",\"Libelle_Num\":\"\",\"Motif_Defaut_Num_App\":\"DSRC_SAV_LBP_SVI\",\"Nom_Action_Num_App\":\"DSRC_SAV_LBP_Acc\",\"Num_Appele\":\"0969399998\"}"
          },
          "sensitive_attributes": [],
          "private": "eyJzY2hlbWFfdmVyc2lvbiI6IjEifQ==",
          "dependencies": [
            "data.genesyscloud_auth_division.Home",
            "genesyscloud_architect_datatable.TEL_ROUTAGE_NUMERO_APPELE"
          ]
        },
        {
          "index_key": "0000000052",
          "schema_version": 1,
          "attributes": {
            "datatable_id": "0798b110-210a-4d58-a9ce-0679f9e476cb",
            "id": "0798b110-210a-4d58-a9ce-0679f9e476cb/0000000052",
            "key_value": "0000000052",
            "properties_json": "{\"Action_Num_App\":\"ACCUEIL\",\"Description_Num_App\":\"DSRC_ENTRAIDE_RESEAU_PAT\",\"Entite\":\"DSRC\",\"Groupe_Urgence\":\"\",\"Libelle_Num\":\"\",\"Motif_Defaut_Num_App\":\"DSRC_ENTRAIDE_RESEAU_PAT\",\"Nom_Action_Num_App\":\"DSRC_ENTRAIDE_RESEAU_PAT_Acc\",\"Num_Appele\":\"nr tech\"}"
          },
          "sensitive_attributes": [],
          "private": "eyJzY2hlbWFfdmVyc2lvbiI6IjEifQ==",
          "dependencies": [
            "data.genesyscloud_auth_division.Home",
            "genesyscloud_architect_datatable.TEL_ROUTAGE_NUMERO_APPELE"
          ]
        },
        {
          "index_key": "0000000053",
          "schema_version": 1,
          "attributes": {
            "datatable_id": "0798b110-210a-4d58-a9ce-0679f9e476cb",
            "id": "0798b110-210a-4d58-a9ce-0679f9e476cb/0000000053",
            "key_value": "0000000053",
            "properties_json": "{\"Action_Num_App\":\"ACCUEIL\",\"Description_Num_App\":\"DSRC_SANTE_VENTE_3_Sans_Menu\",\"Entite\":\"DSRC\",\"Groupe_Urgence\":\"\",\"Libelle_Num\":\"\",\"Motif_Defaut_Num_App\":\"DSRC_SANTE_VENTE_3\",\"Nom_Action_Num_App\":\"DSRC_SANTE_VENTE_3_Acc\",\"Num_Appele\":\"0969371466\"}"
          },
          "sensitive_attributes": [],
          "private": "eyJzY2hlbWFfdmVyc2lvbiI6IjEifQ==",
          "dependencies": [
            "data.genesyscloud_auth_division.Home",
            "genesyscloud_architect_datatable.TEL_ROUTAGE_NUMERO_APPELE"
          ]
        },
        {
          "index_key": "0000000054",
          "schema_version": 1,
          "attributes": {
            "datatable_id": "0798b110-210a-4d58-a9ce-0679f9e476cb",
            "id": "0798b110-210a-4d58-a9ce-0679f9e476cb/0000000054",
            "key_value": "0000000054",
            "properties_json": "{\"Action_Num_App\":\"ACCUEIL\",\"Description_Num_App\":\"DSRC_CAMP_OPPO_Sans_Menu\",\"Entite\":\"DSRC\",\"Groupe_Urgence\":\"\",\"Libelle_Num\":\"\",\"Motif_Defaut_Num_App\":\"DSRC_CAMP_OPPO\",\"Nom_Action_Num_App\":\"DSRC_CAMP_OPPO_Acc\",\"Num_Appele\":\"0948190010\"}"
          },
          "sensitive_attributes": [],
          "private": "eyJzY2hlbWFfdmVyc2lvbiI6IjEifQ==",
          "dependencies": [
            "data.genesyscloud_auth_division.Home",
            "genesyscloud_architect_datatable.TEL_ROUTAGE_NUMERO_APPELE"
          ]
        },
        {
          "index_key": "0000000055",
          "schema_version": 1,
          "attributes": {
            "datatable_id": "0798b110-210a-4d58-a9ce-0679f9e476cb",
            "id": "0798b110-210a-4d58-a9ce-0679f9e476cb/0000000055",
            "key_value": "0000000055",
            "properties_json": "{\"Action_Num_App\":\"ACCUEIL\",\"Description_Num_App\":\"DSRC_EER_Sans_Menu\",\"Entite\":\"DSRC\",\"Groupe_Urgence\":\"\",\"Libelle_Num\":\"\",\"Motif_Defaut_Num_App\":\"DSRC_EER\",\"Nom_Action_Num_App\":\"DSRC_EER_Acc\",\"Num_Appele\":\"0969369492\"}"
          },
          "sensitive_attributes": [],
          "private": "eyJzY2hlbWFfdmVyc2lvbiI6IjEifQ==",
          "dependencies": [
            "data.genesyscloud_auth_division.Home",
            "genesyscloud_architect_datatable.TEL_ROUTAGE_NUMERO_APPELE"
          ]
        },
        {
          "index_key": "0000000056",
          "schema_version": 1,
          "attributes": {
            "datatable_id": "0798b110-210a-4d58-a9ce-0679f9e476cb",
            "id": "0798b110-210a-4d58-a9ce-0679f9e476cb/0000000056",
            "key_value": "0000000056",
            "properties_json": "{\"Action_Num_App\":\"ACCUEIL\",\"Description_Num_App\":\"DSRC_CNP_ASSUVIE50_SVI\",\"Entite\":\"DSRC\",\"Groupe_Urgence\":\"\",\"Libelle_Num\":\"\",\"Motif_Defaut_Num_App\":\"DSRC_CNP_ASSUVIE50\",\"Nom_Action_Num_App\":\"DSRC_CNP_ASSUVIE50_Acc\",\"Num_Appele\":\"0969323202\"}"
          },
          "sensitive_attributes": [],
          "private": "eyJzY2hlbWFfdmVyc2lvbiI6IjEifQ==",
          "dependencies": [
            "data.genesyscloud_auth_division.Home",
            "genesyscloud_architect_datatable.TEL_ROUTAGE_NUMERO_APPELE"
          ]
        },
        {
          "index_key": "0000000057",
          "schema_version": 1,
          "attributes": {
            "datatable_id": "0798b110-210a-4d58-a9ce-0679f9e476cb",
            "id": "0798b110-210a-4d58-a9ce-0679f9e476cb/0000000057",
            "key_value": "0000000057",
            "properties_json": "{\"Action_Num_App\":\"ACCUEIL\",\"Description_Num_App\":\"DSRC_CNP_ASSUVIE_SVI\",\"Entite\":\"DSRC\",\"Groupe_Urgence\":\"\",\"Libelle_Num\":\"\",\"Motif_Defaut_Num_App\":\"DSRC_CNP_ASSUVIE\",\"Nom_Action_Num_App\":\"DSRC_CNP_ASSUVIE_Acc\",\"Num_Appele\":\"0969364819 \"}"
          },
          "sensitive_attributes": [],
          "private": "eyJzY2hlbWFfdmVyc2lvbiI6IjEifQ==",
          "dependencies": [
            "data.genesyscloud_auth_division.Home",
            "genesyscloud_architect_datatable.TEL_ROUTAGE_NUMERO_APPELE"
          ]
        },
        {
          "index_key": "0000000058",
          "schema_version": 1,
          "attributes": {
            "datatable_id": "0798b110-210a-4d58-a9ce-0679f9e476cb",
            "id": "0798b110-210a-4d58-a9ce-0679f9e476cb/0000000058",
            "key_value": "0000000058",
            "properties_json": "{\"Action_Num_App\":\"ACCUEIL\",\"Description_Num_App\":\"DSRC_CNP_RDV_SVI\",\"Entite\":\"DSRC\",\"Groupe_Urgence\":\"\",\"Libelle_Num\":\"\",\"Motif_Defaut_Num_App\":\"DSRC_CNP_RDV\",\"Nom_Action_Num_App\":\"DSRC_CNP_RDV_Acc\",\"Num_Appele\":\" 0969371344\"}"
          },
          "sensitive_attributes": [],
          "private": "eyJzY2hlbWFfdmVyc2lvbiI6IjEifQ==",
          "dependencies": [
            "data.genesyscloud_auth_division.Home",
            "genesyscloud_architect_datatable.TEL_ROUTAGE_NUMERO_APPELE"
          ]
        },
        {
          "index_key": "0000000059",
          "schema_version": 1,
          "attributes": {
            "datatable_id": "0798b110-210a-4d58-a9ce-0679f9e476cb",
            "id": "0798b110-210a-4d58-a9ce-0679f9e476cb/0000000059",
            "key_value": "0000000059",
            "properties_json": "{\"Action_Num_App\":\"ACCUEIL\",\"Description_Num_App\":\"DSRC_CNP_EDITIQUE_SVI\",\"Entite\":\"DSRC\",\"Groupe_Urgence\":\"\",\"Libelle_Num\":\"\",\"Motif_Defaut_Num_App\":\"DSRC_CNP_EDITIQUE\",\"Nom_Action_Num_App\":\"DSRC_CNP_EDITIQUE_Acc\",\"Num_Appele\":\"0969325889\"}"
          },
          "sensitive_attributes": [],
          "private": "eyJzY2hlbWFfdmVyc2lvbiI6IjEifQ==",
          "dependencies": [
            "data.genesyscloud_auth_division.Home",
            "genesyscloud_architect_datatable.TEL_ROUTAGE_NUMERO_APPELE"
          ]
        },
        {
          "index_key": "0000000060",
          "schema_version": 1,
          "attributes": {
            "datatable_id": "0798b110-210a-4d58-a9ce-0679f9e476cb",
            "id": "0798b110-210a-4d58-a9ce-0679f9e476cb/0000000060",
            "key_value": "0000000060",
            "properties_json": "{\"Action_Num_App\":\"ACCUEIL\",\"Description_Num_App\":\"DSRC_APP_SELFARE_DIGIT\",\"Entite\":\"DSRC\",\"Groupe_Urgence\":\"\",\"Libelle_Num\":\"\",\"Motif_Defaut_Num_App\":\"DSRC_APP_SELFCARE\",\"Nom_Action_Num_App\":\"DSRC_APP_SELFCARE_Acc\",\"Num_Appele\":\"nr tech\"}"
          },
          "sensitive_attributes": [],
          "private": "eyJzY2hlbWFfdmVyc2lvbiI6IjEifQ==",
          "dependencies": [
            "data.genesyscloud_auth_division.Home",
            "genesyscloud_architect_datatable.TEL_ROUTAGE_NUMERO_APPELE"
          ]
        },
        {
          "index_key": "0000000061",
          "schema_version": 1,
          "attributes": {
            "datatable_id": "0798b110-210a-4d58-a9ce-0679f9e476cb",
            "id": "0798b110-210a-4d58-a9ce-0679f9e476cb/0000000061",
            "key_value": "0000000061",
            "properties_json": "{\"Action_Num_App\":\"ACCUEIL\",\"Description_Num_App\":\"DAC_AERAS_Sans_Menu\",\"Entite\":\"DAMO_DAC\",\"Groupe_Urgence\":\"\",\"Libelle_Num\":\"\",\"Motif_Defaut_Num_App\":\"DAC_AERAS\",\"Nom_Action_Num_App\":\"DAC_AERAS_Acc\",\"Num_Appele\":\"0969368186\"}"
          },
          "sensitive_attributes": [],
          "private": "eyJzY2hlbWFfdmVyc2lvbiI6IjEifQ==",
          "dependencies": [
            "data.genesyscloud_auth_division.Home",
            "genesyscloud_architect_datatable.TEL_ROUTAGE_NUMERO_APPELE"
          ]
        },
        {
          "index_key": "0000000062",
          "schema_version": 1,
          "attributes": {
            "datatable_id": "0798b110-210a-4d58-a9ce-0679f9e476cb",
            "id": "0798b110-210a-4d58-a9ce-0679f9e476cb/0000000062",
            "key_value": "0000000062",
            "properties_json": "{\"Action_Num_App\":\"ACCUEIL\",\"Description_Num_App\":\"DAC_SVP_Sans_Menu\",\"Entite\":\"DAMO_DAC\",\"Groupe_Urgence\":\"\",\"Libelle_Num\":\"\",\"Motif_Defaut_Num_App\":\"DAC_SVP\",\"Nom_Action_Num_App\":\"DAC_SVP_Acc\",\"Num_Appele\":\"0238647219\"}"
          },
          "sensitive_attributes": [],
          "private": "eyJzY2hlbWFfdmVyc2lvbiI6IjEifQ==",
          "dependencies": [
            "data.genesyscloud_auth_division.Home",
            "genesyscloud_architect_datatable.TEL_ROUTAGE_NUMERO_APPELE"
          ]
        },
        {
          "index_key": "0000000063",
          "schema_version": 1,
          "attributes": {
            "datatable_id": "0798b110-210a-4d58-a9ce-0679f9e476cb",
            "id": "0798b110-210a-4d58-a9ce-0679f9e476cb/0000000063",
            "key_value": "0000000063",
            "properties_json": "{\"Action_Num_App\":\"ACCUEIL\",\"Description_Num_App\":\"DAC_ADE_CLIENTS_Sans_Menu\",\"Entite\":\"DAMO_DAC\",\"Groupe_Urgence\":\"\",\"Libelle_Num\":\"\",\"Motif_Defaut_Num_App\":\"DAC_ADE_CLIENTS\",\"Nom_Action_Num_App\":\"DAC_ADE_CLIENTS_Acc\",\"Num_Appele\":\"0969324987\"}"
          },
          "sensitive_attributes": [],
          "private": "eyJzY2hlbWFfdmVyc2lvbiI6IjEifQ==",
          "dependencies": [
            "data.genesyscloud_auth_division.Home",
            "genesyscloud_architect_datatable.TEL_ROUTAGE_NUMERO_APPELE"
          ]
        },
        {
          "index_key": "0000000064",
          "schema_version": 1,
          "attributes": {
            "datatable_id": "0798b110-210a-4d58-a9ce-0679f9e476cb",
            "id": "0798b110-210a-4d58-a9ce-0679f9e476cb/0000000064",
            "key_value": "0000000064",
            "properties_json": "{\"Action_Num_App\":\"ACCUEIL\",\"Description_Num_App\":\"BEDL_MONA_Sans_Menu\",\"Entite\":\"BEDL\",\"Groupe_Urgence\":\"\",\"Libelle_Num\":\"\",\"Motif_Defaut_Num_App\":\"BEDL_MONA\",\"Nom_Action_Num_App\":\"BEDL_MONA_Acc\",\"Num_Appele\":\"0969320162\"}"
          },
          "sensitive_attributes": [],
          "private": "eyJzY2hlbWFfdmVyc2lvbiI6IjEifQ==",
          "dependencies": [
            "data.genesyscloud_auth_division.Home",
            "genesyscloud_architect_datatable.TEL_ROUTAGE_NUMERO_APPELE"
          ]
        },
        {
          "index_key": "0000000065",
          "schema_version": 1,
          "attributes": {
            "datatable_id": "0798b110-210a-4d58-a9ce-0679f9e476cb",
            "id": "0798b110-210a-4d58-a9ce-0679f9e476cb/0000000065",
            "key_value": "0000000065",
            "properties_json": "{\"Action_Num_App\":\"ACCUEIL\",\"Description_Num_App\":\"PMO_BEDL_DFL_Sans_Menu\",\"Entite\":\"BEDL\",\"Groupe_Urgence\":\"\",\"Libelle_Num\":\"\",\"Motif_Defaut_Num_App\":\"BEDL_DFL\",\"Nom_Action_Num_App\":\"BEDL_DFL_Acc\",\"Num_Appele\":\"0969368800\"}"
          },
          "sensitive_attributes": [],
          "private": "eyJzY2hlbWFfdmVyc2lvbiI6IjEifQ==",
          "dependencies": [
            "data.genesyscloud_auth_division.Home",
            "genesyscloud_architect_datatable.TEL_ROUTAGE_NUMERO_APPELE"
          ]
        },
        {
          "index_key": "0000000066",
          "schema_version": 1,
          "attributes": {
            "datatable_id": "0798b110-210a-4d58-a9ce-0679f9e476cb",
            "id": "0798b110-210a-4d58-a9ce-0679f9e476cb/0000000066",
            "key_value": "0000000066",
            "properties_json": "{\"Action_Num_App\":\"ACCUEIL\",\"Description_Num_App\":\"CREA_TEKEMEL_Sans_Menu\",\"Entite\":\"DATAE_CREA\",\"Groupe_Urgence\":\"\",\"Libelle_Num\":\"\",\"Motif_Defaut_Num_App\":\"CREA_TEKEMEL\",\"Nom_Action_Num_App\":\"CREA_TEKEMEL_Acc\",\"Num_Appele\":\"0549626928\"}"
          },
          "sensitive_attributes": [],
          "private": "eyJzY2hlbWFfdmVyc2lvbiI6IjEifQ==",
          "dependencies": [
            "data.genesyscloud_auth_division.Home",
            "genesyscloud_architect_datatable.TEL_ROUTAGE_NUMERO_APPELE"
          ]
        },
        {
          "index_key": "0000000067",
          "schema_version": 1,
          "attributes": {
            "datatable_id": "0798b110-210a-4d58-a9ce-0679f9e476cb",
            "id": "0798b110-210a-4d58-a9ce-0679f9e476cb/0000000067",
            "key_value": "0000000067",
            "properties_json": "{\"Action_Num_App\":\"ACCUEIL\",\"Description_Num_App\":\"CREA_SERALYS_SINISTRE_Sans_Menu\",\"Entite\":\"DATAE_CREA\",\"Groupe_Urgence\":\"\",\"Libelle_Num\":\"\",\"Motif_Defaut_Num_App\":\"CRA_SERALYS_SINISTRE\",\"Nom_Action_Num_App\":\"CRA_SERALYS_SINISTRE_Acc\",\"Num_Appele\":\"0549626933\"}"
          },
          "sensitive_attributes": [],
          "private": "eyJzY2hlbWFfdmVyc2lvbiI6IjEifQ==",
          "dependencies": [
            "data.genesyscloud_auth_division.Home",
            "genesyscloud_architect_datatable.TEL_ROUTAGE_NUMERO_APPELE"
          ]
        },
        {
          "index_key": "0000000068",
          "schema_version": 1,
          "attributes": {
            "datatable_id": "0798b110-210a-4d58-a9ce-0679f9e476cb",
            "id": "0798b110-210a-4d58-a9ce-0679f9e476cb/0000000068",
            "key_value": "0000000068",
            "properties_json": "{\"Action_Num_App\":\"ACCUEIL\",\"Description_Num_App\":\"CREA_RECLAMATION_Sans_Menu\",\"Entite\":\"DATAE_CREA\",\"Groupe_Urgence\":\"\",\"Libelle_Num\":\"\",\"Motif_Defaut_Num_App\":\"CREA_RECLAMATION\",\"Nom_Action_Num_App\":\"CREA_RECLAMATION_Acc\",\"Num_Appele\":\"0549629080\"}"
          },
          "sensitive_attributes": [],
          "private": "eyJzY2hlbWFfdmVyc2lvbiI6IjEifQ==",
          "dependencies": [
            "data.genesyscloud_auth_division.Home",
            "genesyscloud_architect_datatable.TEL_ROUTAGE_NUMERO_APPELE"
          ]
        },
        {
          "index_key": "0000000069",
          "schema_version": 1,
          "attributes": {
            "datatable_id": "0798b110-210a-4d58-a9ce-0679f9e476cb",
            "id": "0798b110-210a-4d58-a9ce-0679f9e476cb/0000000069",
            "key_value": "0000000069",
            "properties_json": "{\"Action_Num_App\":\"ACCUEIL\",\"Description_Num_App\":\"CREA_PARTAGES_Sans_Menu\",\"Entite\":\"DATAE_CREA\",\"Groupe_Urgence\":\"\",\"Libelle_Num\":\"\",\"Motif_Defaut_Num_App\":\"CREA_PARTAGES\",\"Nom_Action_Num_App\":\"CREA_PARTAGES_Acc\",\"Num_Appele\":\"0549629036\"}"
          },
          "sensitive_attributes": [],
          "private": "eyJzY2hlbWFfdmVyc2lvbiI6IjEifQ==",
          "dependencies": [
            "data.genesyscloud_auth_division.Home",
            "genesyscloud_architect_datatable.TEL_ROUTAGE_NUMERO_APPELE"
          ]
        },
        {
          "index_key": "0000000070",
          "schema_version": 1,
          "attributes": {
            "datatable_id": "0798b110-210a-4d58-a9ce-0679f9e476cb",
            "id": "0798b110-210a-4d58-a9ce-0679f9e476cb/0000000070",
            "key_value": "0000000070",
            "properties_json": "{\"Action_Num_App\":\"ACCUEIL\",\"Description_Num_App\":\"CREA_ADESIO_SINISTRE_Sans_Menu\",\"Entite\":\"DATAE_CREA\",\"Groupe_Urgence\":\"\",\"Libelle_Num\":\"\",\"Motif_Defaut_Num_App\":\"CREA_ADESIO_SINISTRE\",\"Nom_Action_Num_App\":\"CREA_ADESIO_SINISTRE_Acc\",\"Num_Appele\":\"0549626968\"}"
          },
          "sensitive_attributes": [],
          "private": "eyJzY2hlbWFfdmVyc2lvbiI6IjEifQ==",
          "dependencies": [
            "data.genesyscloud_auth_division.Home",
            "genesyscloud_architect_datatable.TEL_ROUTAGE_NUMERO_APPELE"
          ]
        },
        {
          "index_key": "0000000071",
          "schema_version": 1,
          "attributes": {
            "datatable_id": "0798b110-210a-4d58-a9ce-0679f9e476cb",
            "id": "0798b110-210a-4d58-a9ce-0679f9e476cb/0000000071",
            "key_value": "0000000071",
            "properties_json": "{\"Action_Num_App\":\"ACCUEIL\",\"Description_Num_App\":\"CREA_SVP_BPE_Sans_Menu\",\"Entite\":\"DATAE_CREA\",\"Groupe_Urgence\":\"\",\"Libelle_Num\":\"\",\"Motif_Defaut_Num_App\":\"CREA_SVP_BPE\",\"Nom_Action_Num_App\":\"CREA_SVP_BPE_Acc\",\"Num_Appele\":\"0969328402\"}"
          },
          "sensitive_attributes": [],
          "private": "eyJzY2hlbWFfdmVyc2lvbiI6IjEifQ==",
          "dependencies": [
            "data.genesyscloud_auth_division.Home",
            "genesyscloud_architect_datatable.TEL_ROUTAGE_NUMERO_APPELE"
          ]
        },
        {
          "index_key": "0000000072",
          "schema_version": 1,
          "attributes": {
            "datatable_id": "0798b110-210a-4d58-a9ce-0679f9e476cb",
            "id": "0798b110-210a-4d58-a9ce-0679f9e476cb/0000000072",
            "key_value": "0000000072",
            "properties_json": "{\"Action_Num_App\":\"ACCUEIL\",\"Description_Num_App\":\"DOP_LITIGES_DAB_GAB_Sans_Menu\",\"Entite\":\"DOP\",\"Groupe_Urgence\":\"\",\"Libelle_Num\":\"\",\"Motif_Defaut_Num_App\":\"DOP_LITIGES_DAB_GAB\",\"Nom_Action_Num_App\":\"DOP_LITIGES_DAB_GAB_Acc\",\"Num_Appele\":\"0555425017\"}"
          },
          "sensitive_attributes": [],
          "private": "eyJzY2hlbWFfdmVyc2lvbiI6IjEifQ==",
          "dependencies": [
            "data.genesyscloud_auth_division.Home",
            "genesyscloud_architect_datatable.TEL_ROUTAGE_NUMERO_APPELE"
          ]
        },
        {
          "index_key": "0000000073",
          "schema_version": 1,
          "attributes": {
            "datatable_id": "0798b110-210a-4d58-a9ce-0679f9e476cb",
            "id": "0798b110-210a-4d58-a9ce-0679f9e476cb/0000000073",
            "key_value": "0000000073",
            "properties_json": "{\"Action_Num_App\":\"ACCUEIL\",\"Description_Num_App\":\"DOP__LPR_DepannageCash_Sans_Menu\",\"Entite\":\"DOP\",\"Groupe_Urgence\":\"\",\"Libelle_Num\":\"\",\"Motif_Defaut_Num_App\":\"DOP__LPR_DepannageCash\",\"Nom_Action_Num_App\":\"DOP__LPR_DepannageCash_Acc\",\"Num_Appele\":\"0969369491\"}"
          },
          "sensitive_attributes": [],
          "private": "eyJzY2hlbWFfdmVyc2lvbiI6IjEifQ==",
          "dependencies": [
            "data.genesyscloud_auth_division.Home",
            "genesyscloud_architect_datatable.TEL_ROUTAGE_NUMERO_APPELE"
          ]
        },
        {
          "index_key": "0000000074",
          "schema_version": 1,
          "attributes": {
            "datatable_id": "0798b110-210a-4d58-a9ce-0679f9e476cb",
            "id": "0798b110-210a-4d58-a9ce-0679f9e476cb/0000000074",
            "key_value": "0000000074",
            "properties_json": "{\"Action_Num_App\":\"ACCUEIL\",\"Description_Num_App\":\"DOP_clients_Benefcheqbanque_Sans_Menu\",\"Entite\":\"DOP\",\"Groupe_Urgence\":\"\",\"Libelle_Num\":\"\",\"Motif_Defaut_Num_App\":\"DOP_clients_Benefcheqbanque\",\"Nom_Action_Num_App\":\"DOP_clients_Benefcheqbanque_Acc\",\"Num_Appele\":\"0555385555 \"}"
          },
          "sensitive_attributes": [],
          "private": "eyJzY2hlbWFfdmVyc2lvbiI6IjEifQ==",
          "dependencies": [
            "data.genesyscloud_auth_division.Home",
            "genesyscloud_architect_datatable.TEL_ROUTAGE_NUMERO_APPELE"
          ]
        },
        {
          "index_key": "0000000075",
          "schema_version": 1,
          "attributes": {
            "datatable_id": "0798b110-210a-4d58-a9ce-0679f9e476cb",
            "id": "0798b110-210a-4d58-a9ce-0679f9e476cb/0000000075",
            "key_value": "0000000075",
            "properties_json": "{\"Action_Num_App\":\"ACCUEIL\",\"Description_Num_App\":\"BEDL_MOP_SVI\",\"Entite\":\"BEDL\",\"Groupe_Urgence\":\"\",\"Libelle_Num\":\"\",\"Motif_Defaut_Num_App\":\"BEDL_MOP_SVI\",\"Nom_Action_Num_App\":\"MOP_SVI_Acc\",\"Num_Appele\":\"0825048047 \"}"
          },
          "sensitive_attributes": [],
          "private": "eyJzY2hlbWFfdmVyc2lvbiI6IjEifQ==",
          "dependencies": [
            "data.genesyscloud_auth_division.Home",
            "genesyscloud_architect_datatable.TEL_ROUTAGE_NUMERO_APPELE"
          ]
        },
        {
          "index_key": "0000000076",
          "schema_version": 1,
          "attributes": {
            "datatable_id": "0798b110-210a-4d58-a9ce-0679f9e476cb",
            "id": "0798b110-210a-4d58-a9ce-0679f9e476cb/0000000076",
            "key_value": "0000000076",
            "properties_json": "{\"Action_Num_App\":\"ACCUEIL\",\"Description_Num_App\":\"BEDL_MOP_VIP_FLUX_Sans_Menu\",\"Entite\":\"BEDL\",\"Groupe_Urgence\":\"\",\"Libelle_Num\":\"\",\"Motif_Defaut_Num_App\":\"BEDL_MOP_VIP_FLUX_Sans_Menu\",\"Nom_Action_Num_App\":\"BEDL_MOP_VIP_FLUX_Acc\",\"Num_Appele\":\"0555425258\"}"
          },
          "sensitive_attributes": [],
          "private": "eyJzY2hlbWFfdmVyc2lvbiI6IjEifQ==",
          "dependencies": [
            "data.genesyscloud_auth_division.Home",
            "genesyscloud_architect_datatable.TEL_ROUTAGE_NUMERO_APPELE"
          ]
        },
        {
          "index_key": "0000000077",
          "schema_version": 1,
          "attributes": {
            "datatable_id": "0798b110-210a-4d58-a9ce-0679f9e476cb",
            "id": "0798b110-210a-4d58-a9ce-0679f9e476cb/0000000077",
            "key_value": "0000000077",
            "properties_json": "{\"Action_Num_App\":\"ACCUEIL\",\"Description_Num_App\":\"BEDL_MOP_EZYNESS_Sans_Menu\",\"Entite\":\"BEDL\",\"Groupe_Urgence\":\"\",\"Libelle_Num\":\"\",\"Motif_Defaut_Num_App\":\"BEDL_MOP_EZYNESS_Sans_Menu\",\"Nom_Action_Num_App\":\"BEDL_MOP_EZYNESS_Acc\",\"Num_Appele\":\"0555425287\"}"
          },
          "sensitive_attributes": [],
          "private": "eyJzY2hlbWFfdmVyc2lvbiI6IjEifQ==",
          "dependencies": [
            "data.genesyscloud_auth_division.Home",
            "genesyscloud_architect_datatable.TEL_ROUTAGE_NUMERO_APPELE"
          ]
        },
        {
          "index_key": "0000000078",
          "schema_version": 1,
          "attributes": {
            "datatable_id": "0798b110-210a-4d58-a9ce-0679f9e476cb",
            "id": "0798b110-210a-4d58-a9ce-0679f9e476cb/0000000078",
            "key_value": "0000000078",
            "properties_json": "{\"Action_Num_App\":\"ACCUEIL\",\"Description_Num_App\":\"BEDL_MOP_SMF_SSE_Sans_Menu\",\"Entite\":\"BEDL\",\"Groupe_Urgence\":\"\",\"Libelle_Num\":\"\",\"Motif_Defaut_Num_App\":\"BEDL_MOP_SMF_SSE_Sans_Menu\",\"Nom_Action_Num_App\":\"BEDL_MOP_SMF_SSE_Acc\",\"Num_Appele\":\"0555425466\"}"
          },
          "sensitive_attributes": [],
          "private": "eyJzY2hlbWFfdmVyc2lvbiI6IjEifQ==",
          "dependencies": [
            "data.genesyscloud_auth_division.Home",
            "genesyscloud_architect_datatable.TEL_ROUTAGE_NUMERO_APPELE"
          ]
        },
        {
          "index_key": "0000000079",
          "schema_version": 1,
          "attributes": {
            "datatable_id": "0798b110-210a-4d58-a9ce-0679f9e476cb",
            "id": "0798b110-210a-4d58-a9ce-0679f9e476cb/0000000079",
            "key_value": "0000000079",
            "properties_json": "{\"Action_Num_App\":\"ACCUEIL\",\"Description_Num_App\":\"BEDL_MOP_COMMERCIAUX_SVI\",\"Entite\":\"BEDL\",\"Groupe_Urgence\":\"\",\"Libelle_Num\":\"\",\"Motif_Defaut_Num_App\":\"BEDL_MOP_COMMERCIAUX_SVI\",\"Nom_Action_Num_App\":\"BEDL_MOP_COMMERCIAUX_Acc\",\"Num_Appele\":\"0555425036\"}"
          },
          "sensitive_attributes": [],
          "private": "eyJzY2hlbWFfdmVyc2lvbiI6IjEifQ==",
          "dependencies": [
            "data.genesyscloud_auth_division.Home",
            "genesyscloud_architect_datatable.TEL_ROUTAGE_NUMERO_APPELE"
          ]
        }
      ]
    },
    {
      "mode": "managed",
      "type": "genesyscloud_auth_role",
      "name": "LBP_Agent",
      "provider": "provider[\"registry.terraform.io/mypurecloud/genesyscloud\"]",
      "instances": [
        {
          "schema_version": 1,
          "attributes": {
            "default_role_id": "",
            "description": "Role - analyse métier des rôles utilisateur",
            "id": "5a13eeec-b56a-4341-bd62-ff75c070dac5",
            "name": "LBP Agent",
            "permission_policies": [
              {
                "action_set": [
                  "accept",
                  "add"
                ],
                "conditions": [],
                "domain": "conversation",
                "entity_name": "call"
              },
              {
                "action_set": [
                  "accept",
                  "create",
                  "pull",
                  "view"
                ],
                "conditions": [],
                "domain": "conversation",
                "entity_name": "callback"
              },
              {
                "action_set": [
                  "accept",
                  "create",
                  "view"
                ],
                "conditions": [],
                "domain": "conversation",
                "entity_name": "message"
              },
              {
                "action_set": [
                  "accept",
                  "create",
                  "view"
                ],
                "conditions": [],
                "domain": "conversation",
                "entity_name": "webmessaging"
              },
              {
                "action_set": [
                  "accept",
                  "forward",
                  "park",
                  "pull"
                ],
                "conditions": [],
                "domain": "conversation",
                "entity_name": "email"
              },
              {
                "action_set": [
                  "add"
                ],
                "conditions": [],
                "domain": "conversation",
                "entity_name": "conference"
              },
              {
                "action_set": [
                  "consultTransfer",
                  "consultTransferAgent",
                  "consultTransferExternal",
                  "consultTransferQueue",
                  "target"
                ],
                "conditions": [],
                "domain": "conversation",
                "entity_name": "communication"
              },
              {
                "action_set": [
                  "delete",
                  "edit",
                  "view"
                ],
                "conditions": [],
                "domain": "analytics",
                "entity_name": "tabConfigurations"
              },
              {
                "action_set": [
                  "edit",
                  "view"
                ],
                "conditions": [],
                "domain": "analytics",
                "entity_name": "viewConfigurations"
              },
              {
                "action_set": [
                  "join",
                  "search",
                  "view"
                ],
                "conditions": [],
                "domain": "routing",
                "entity_name": "queue"
              },
              {
                "action_set": [
                  "onqueue"
                ],
                "conditions": [],
                "domain": "routing",
                "entity_name": "agent"
              },
              {
                "action_set": [
                  "view"
                ],
                "conditions": [],
                "domain": "analytics",
                "entity_name": "agentConversationDetail"
              },
              {
                "action_set": [
                  "view"
                ],
                "conditions": [],
                "domain": "analytics",
                "entity_name": "conversationAggregate"
              },
              {
                "action_set": [
                  "view"
                ],
                "conditions": [],
                "domain": "analytics",
                "entity_name": "conversationDetail"
              },
              {
                "action_set": [
                  "view"
                ],
                "conditions": [],
                "domain": "analytics",
                "entity_name": "queueObservation"
              },
              {
                "action_set": [
                  "view"
                ],
                "conditions": [],
                "domain": "analytics",
                "entity_name": "userAggregate"
              },
              {
                "action_set": [
                  "view"
                ],
                "conditions": [],
                "domain": "analytics",
                "entity_name": "userObservation"
              },
              {
                "action_set": [
                  "view"
                ],
                "conditions": [],
                "domain": "directory",
                "entity_name": "user"
              },
              {
                "action_set": [
                  "view"
                ],
                "conditions": [],
                "domain": "externalContacts",
                "entity_name": "contact"
              },
              {
                "action_set": [
                  "view"
                ],
                "conditions": [],
                "domain": "externalContacts",
                "entity_name": "customFields"
              },
              {
                "action_set": [
                  "view"
                ],
                "conditions": [],
                "domain": "externalContacts",
                "entity_name": "externalOrganization"
              },
              {
                "action_set": [
                  "view"
                ],
                "conditions": [],
                "domain": "presence",
                "entity_name": "presenceDefinition"
              },
              {
                "action_set": [
                  "view"
                ],
                "conditions": [],
                "domain": "recording",
                "entity_name": "recordingSegment"
              },
              {
                "action_set": [
                  "view"
                ],
                "conditions": [],
                "domain": "responses",
                "entity_name": "library"
              },
              {
                "action_set": [
                  "view"
                ],
                "conditions": [],
                "domain": "responses",
                "entity_name": "response"
              },
              {
                "action_set": [
                  "view"
                ],
                "conditions": [],
                "domain": "routing",
                "entity_name": "wrapupCode"
              },
              {
                "action_set": [
                  "view"
                ],
                "conditions": [],
                "domain": "scripter",
                "entity_name": "publishedScript"
              },
              {
                "action_set": [
                  "view"
                ],
                "conditions": [],
                "domain": "ui",
                "entity_name": "agentDashboardPerformance"
              },
              {
                "action_set": [
                  "view"
                ],
                "conditions": [],
                "domain": "ui",
                "entity_name": "agentDashboardStatus"
              },
              {
                "action_set": [
                  "view"
                ],
                "conditions": [],
                "domain": "ui",
                "entity_name": "agentQueueActivity"
              },
              {
                "action_set": [
                  "view"
                ],
                "conditions": [],
                "domain": "ui",
                "entity_name": "supervisorScheduledCallbacks"
              }
            ],
            "permissions": []
          },
          "sensitive_attributes": [],
          "private": "eyJzY2hlbWFfdmVyc2lvbiI6IjEifQ=="
        }
      ]
    },
    {
      "mode": "managed",
      "type": "genesyscloud_auth_role",
      "name": "LBP_Manager",
      "provider": "provider[\"registry.terraform.io/mypurecloud/genesyscloud\"]",
      "instances": [
        {
          "schema_version": 1,
          "attributes": {
            "default_role_id": "",
            "description": "Role for supervisory functions",
            "id": "c4a34eeb-f97d-4ea9-a9bb-3ef28db6aeab",
            "name": "LBP Manager",
            "permission_policies": [
              {
                "action_set": [
                  "*"
                ],
                "conditions": [],
                "domain": "analytics",
                "entity_name": "tabConfigurations"
              },
              {
                "action_set": [
                  "*"
                ],
                "conditions": [],
                "domain": "analytics",
                "entity_name": "viewConfigurations"
              },
              {
                "action_set": [
                  "*"
                ],
                "conditions": [],
                "domain": "routing",
                "entity_name": "wrapupCode"
              },
              {
                "action_set": [
                  "accept",
                  "add",
                  "assign",
                  "barge",
                  "coach",
                  "monitor"
                ],
                "conditions": [],
                "domain": "conversation",
                "entity_name": "call"
              },
              {
                "action_set": [
                  "accept",
                  "assign"
                ],
                "conditions": [],
                "domain": "conversation",
                "entity_name": "email"
              },
              {
                "action_set": [
                  "accept",
                  "monitor",
                  "view"
                ],
                "conditions": [],
                "domain": "conversation",
                "entity_name": "message"
              },
              {
                "action_set": [
                  "accept",
                  "view"
                ],
                "conditions": [],
                "domain": "conversation",
                "entity_name": "webmessaging"
              },
              {
                "action_set": [
                  "accept"
                ],
                "conditions": [],
                "domain": "conversation",
                "entity_name": "webchat"
              },
              {
                "action_set": [
                  "access",
                  "delete",
                  "download",
                  "editRetention",
                  "restore"
                ],
                "conditions": [],
                "domain": "recording",
                "entity_name": "recording"
              },
              {
                "action_set": [
                  "add",
                  "delete",
                  "edit",
                  "schedule",
                  "view"
                ],
                "conditions": [],
                "domain": "analytics",
                "entity_name": "dataExport"
              },
              {
                "action_set": [
                  "add",
                  "delete",
                  "edit",
                  "view"
                ],
                "conditions": [],
                "domain": "alerting",
                "entity_name": "alert"
              },
              {
                "action_set": [
                  "add",
                  "delete",
                  "edit",
                  "view"
                ],
                "conditions": [],
                "domain": "alerting",
                "entity_name": "rule"
              },
              {
                "action_set": [
                  "add",
                  "delete",
                  "edit",
                  "view"
                ],
                "conditions": [],
                "domain": "recording",
                "entity_name": "annotation"
              },
              {
                "action_set": [
                  "add"
                ],
                "conditions": [],
                "domain": "conversation",
                "entity_name": "conference"
              },
              {
                "action_set": [
                  "assign"
                ],
                "conditions": [
                  {
                    "conjunction": "AND",
                    "terms": [
                      {
                        "operands": [
                          {
                            "queue_id": "",
                            "type": "VARIABLE",
                            "user_id": "",
                            "value": "User.id"
                          }
                        ],
                        "operator": "EQ",
                        "variable_name": "Evaluation.assigneeId"
                      }
                    ]
                  }
                ],
                "domain": "quality",
                "entity_name": "evaluation"
              },
              {
                "action_set": [
                  "assign"
                ],
                "conditions": [],
                "domain": "routing",
                "entity_name": "skill"
              },
              {
                "action_set": [
                  "associate"
                ],
                "conditions": [],
                "domain": "externalContacts",
                "entity_name": "conversation"
              },
              {
                "action_set": [
                  "consultTransfer",
                  "transfer",
                  "view"
                ],
                "conditions": [],
                "domain": "conversation",
                "entity_name": "communication"
              },
              {
                "action_set": [
                  "decline"
                ],
                "conditions": [
                  {
                    "conjunction": "AND",
                    "terms": [
                      {
                        "operands": [
                          {
                            "queue_id": "",
                            "type": "VARIABLE",
                            "user_id": "",
                            "value": "User.id"
                          }
                        ],
                        "operator": "EQ",
                        "variable_name": "Evaluation.assigneeId"
                      }
                    ]
                  }
                ],
                "domain": "quality",
                "entity_name": "evaluation"
              },
              {
                "action_set": [
                  "delete",
                  "view"
                ],
                "conditions": [],
                "domain": "voicemail",
                "entity_name": "acdVoicemail"
              },
              {
                "action_set": [
                  "dispute"
                ],
                "conditions": [
                  {
                    "conjunction": "AND",
                    "terms": [
                      {
                        "operands": [
                          {
                            "queue_id": "",
                            "type": "VARIABLE",
                            "user_id": "",
                            "value": "User.id"
                          }
                        ],
                        "operator": "EQ",
                        "variable_name": "Evaluation.assigneeId"
                      }
                    ]
                  }
                ],
                "domain": "quality",
                "entity_name": "evaluation"
              },
              {
                "action_set": [
                  "edit",
                  "view"
                ],
                "conditions": [],
                "domain": "directory",
                "entity_name": "user"
              },
              {
                "action_set": [
                  "edit",
                  "view"
                ],
                "conditions": [],
                "domain": "recording",
                "entity_name": "encryptionKey"
              },
              {
                "action_set": [
                  "index"
                ],
                "conditions": [],
                "domain": "analytics",
                "entity_name": "conversationProperties"
              },
              {
                "action_set": [
                  "manage"
                ],
                "conditions": [],
                "domain": "routing",
                "entity_name": "email"
              },
              {
                "action_set": [
                  "manage"
                ],
                "conditions": [],
                "domain": "routing",
                "entity_name": "queueMember"
              },
              {
                "action_set": [
                  "readonly",
                  "search",
                  "view"
                ],
                "conditions": [],
                "domain": "routing",
                "entity_name": "queue"
              },
              {
                "action_set": [
                  "release"
                ],
                "conditions": [
                  {
                    "conjunction": "AND",
                    "terms": [
                      {
                        "operands": [
                          {
                            "queue_id": "",
                            "type": "VARIABLE",
                            "user_id": "",
                            "value": "User.id"
                          }
                        ],
                        "operator": "EQ",
                        "variable_name": "Evaluation.assigneeId"
                      }
                    ]
                  }
                ],
                "domain": "quality",
                "entity_name": "evaluation"
              },
              {
                "action_set": [
                  "view"
                ],
                "conditions": [
                  {
                    "conjunction": "AND",
                    "terms": [
                      {
                        "operands": [
                          {
                            "queue_id": "",
                            "type": "VARIABLE",
                            "user_id": "",
                            "value": "User.id"
                          }
                        ],
                        "operator": "EQ",
                        "variable_name": "Evaluation.assigneeId"
                      }
                    ]
                  }
                ],
                "domain": "quality",
                "entity_name": "evaluation"
              },
              {
                "action_set": [
                  "view"
                ],
                "conditions": [
                  {
                    "conjunction": "OR",
                    "terms": [
                      {
                        "operands": [
                          {
                            "queue_id": "",
                            "type": "SCALAR",
                            "user_id": "",
                            "value": "CHAT"
                          }
                        ],
                        "operator": "EQ",
                        "variable_name": "Conversation.mediaType"
                      },
                      {
                        "operands": [
                          {
                            "queue_id": "",
                            "type": "SCALAR",
                            "user_id": "",
                            "value": "EMAIL"
                          }
                        ],
                        "operator": "EQ",
                        "variable_name": "Conversation.mediaType"
                      },
                      {
                        "operands": [
                          {
                            "queue_id": "",
                            "type": "SCALAR",
                            "user_id": "",
                            "value": "MESSAGE"
                          }
                        ],
                        "operator": "EQ",
                        "variable_name": "Conversation.mediaType"
                      }
                    ]
                  }
                ],
                "domain": "recording",
                "entity_name": "recording"
              },
              {
                "action_set": [
                  "view"
                ],
                "conditions": [],
                "domain": "analytics",
                "entity_name": "agentConversationDetail"
              },
              {
                "action_set": [
                  "view"
                ],
                "conditions": [],
                "domain": "analytics",
                "entity_name": "conversationAggregate"
              },
              {
                "action_set": [
                  "view"
                ],
                "conditions": [],
                "domain": "analytics",
                "entity_name": "conversationDetail"
              },
              {
                "action_set": [
                  "view"
                ],
                "conditions": [],
                "domain": "analytics",
                "entity_name": "dataExportStaticLink"
              },
              {
                "action_set": [
                  "view"
                ],
                "conditions": [],
                "domain": "analytics",
                "entity_name": "dataRetention"
              },
              {
                "action_set": [
                  "view"
                ],
                "conditions": [],
                "domain": "analytics",
                "entity_name": "evaluationAggregate"
              },
              {
                "action_set": [
                  "view"
                ],
                "conditions": [],
                "domain": "analytics",
                "entity_name": "flowAggregate"
              },
              {
                "action_set": [
                  "view"
                ],
                "conditions": [],
                "domain": "analytics",
                "entity_name": "flowObservation"
              },
              {
                "action_set": [
                  "view"
                ],
                "conditions": [],
                "domain": "analytics",
                "entity_name": "insightConfigurations"
              },
              {
                "action_set": [
                  "view"
                ],
                "conditions": [],
                "domain": "analytics",
                "entity_name": "interactionEvaluationDetails"
              },
              {
                "action_set": [
                  "view"
                ],
                "conditions": [],
                "domain": "analytics",
                "entity_name": "interactionSurveyDetails"
              },
              {
                "action_set": [
                  "view"
                ],
                "conditions": [],
                "domain": "analytics",
                "entity_name": "queueObservation"
              },
              {
                "action_set": [
                  "view"
                ],
                "conditions": [],
                "domain": "analytics",
                "entity_name": "userAggregate"
              },
              {
                "action_set": [
                  "view"
                ],
                "conditions": [],
                "domain": "analytics",
                "entity_name": "userDetail"
              },
              {
                "action_set": [
                  "view"
                ],
                "conditions": [],
                "domain": "analytics",
                "entity_name": "userObservation"
              },
              {
                "action_set": [
                  "view"
                ],
                "conditions": [],
                "domain": "directory",
                "entity_name": "userProfile"
              },
              {
                "action_set": [
                  "view"
                ],
                "conditions": [],
                "domain": "externalContacts",
                "entity_name": "contact"
              },
              {
                "action_set": [
                  "view"
                ],
                "conditions": [],
                "domain": "mobile",
                "entity_name": "supervisor"
              },
              {
                "action_set": [
                  "view"
                ],
                "conditions": [],
                "domain": "recording",
                "entity_name": "recordingSegment"
              },
              {
                "action_set": [
                  "view"
                ],
                "conditions": [],
                "domain": "reporting",
                "entity_name": "acd"
              },
              {
                "action_set": [
                  "view"
                ],
                "conditions": [],
                "domain": "reporting",
                "entity_name": "interactions"
              },
              {
                "action_set": [
                  "view"
                ],
                "conditions": [],
                "domain": "reporting",
                "entity_name": "outbound"
              },
              {
                "action_set": [
                  "view"
                ],
                "conditions": [],
                "domain": "reporting",
                "entity_name": "quality"
              },
              {
                "action_set": [
                  "view"
                ],
                "conditions": [],
                "domain": "reporting",
                "entity_name": "status"
              },
              {
                "action_set": [
                  "view"
                ],
                "conditions": [],
                "domain": "responseAssets",
                "entity_name": "asset"
              },
              {
                "action_set": [
                  "view"
                ],
                "conditions": [],
                "domain": "responses",
                "entity_name": "library"
              },
              {
                "action_set": [
                  "view"
                ],
                "conditions": [],
                "domain": "responses",
                "entity_name": "response"
              },
              {
                "action_set": [
                  "view"
                ],
                "conditions": [],
                "domain": "routing",
                "entity_name": "keyPerformanceIndicator"
              },
              {
                "action_set": [
                  "view"
                ],
                "conditions": [],
                "domain": "speechAndTextAnalytics",
                "entity_name": "data"
              },
              {
                "action_set": [
                  "view"
                ],
                "conditions": [],
                "domain": "ui",
                "entity_name": "agentQueueActivity"
              },
              {
                "action_set": [
                  "view"
                ],
                "conditions": [],
                "domain": "ui",
                "entity_name": "supervisorAgentDetails"
              },
              {
                "action_set": [
                  "view"
                ],
                "conditions": [],
                "domain": "ui",
                "entity_name": "supervisorPerformance"
              },
              {
                "action_set": [
                  "view"
                ],
                "conditions": [],
                "domain": "ui",
                "entity_name": "supervisorQueueDetails"
              },
              {
                "action_set": [
                  "view"
                ],
                "conditions": [],
                "domain": "ui",
                "entity_name": "supervisorScheduledCallbacks"
              },
              {
                "action_set": [
                  "view"
                ],
                "conditions": [],
                "domain": "ui",
                "entity_name": "supervisorStatusControl"
              },
              {
                "action_set": [
                  "view"
                ],
                "conditions": [],
                "domain": "ui",
                "entity_name": "supervisorWrapUpPerformance"
              },
              {
                "action_set": [
                  "wrapup"
                ],
                "conditions": [],
                "domain": "conversation",
                "entity_name": "participant"
              }
            ],
            "permissions": [
              "employee"
            ]
          },
          "sensitive_attributes": [],
          "private": "eyJzY2hlbWFfdmVyc2lvbiI6IjEifQ=="
        }
      ]
    },
    {
      "mode": "managed",
      "type": "genesyscloud_flow_outcome",
      "name": "App_Mobile_Web",
      "provider": "provider[\"registry.terraform.io/mypurecloud/genesyscloud\"]",
      "instances": [
        {
          "schema_version": 1,
          "attributes": {
            "description": "",
            "division_id": "d375d871-b9c1-45c9-a2ec-64d3e8136846",
            "id": "1e2327a2-a886-4865-82d5-70f337412c0c",
            "name": "App Mobile \u0026 Web"
          },
          "sensitive_attributes": [],
          "private": "eyJzY2hlbWFfdmVyc2lvbiI6IjEifQ=="
        }
      ]
    },
    {
      "mode": "managed",
      "type": "genesyscloud_flow_outcome",
      "name": "Critical_Error",
      "provider": "provider[\"registry.terraform.io/mypurecloud/genesyscloud\"]",
      "instances": [
        {
          "schema_version": 1,
          "attributes": {
            "description": "",
            "division_id": "d375d871-b9c1-45c9-a2ec-64d3e8136846",
            "id": "73c1f80b-85b4-44e9-b5d6-d45176789aab",
            "name": "Critical Error"
          },
          "sensitive_attributes": [],
          "private": "eyJzY2hlbWFfdmVyc2lvbiI6IjEifQ=="
        }
      ]
    },
    {
      "mode": "managed",
      "type": "genesyscloud_flow_outcome",
      "name": "Error",
      "provider": "provider[\"registry.terraform.io/mypurecloud/genesyscloud\"]",
      "instances": [
        {
          "schema_version": 1,
          "attributes": {
            "description": "",
            "division_id": "d375d871-b9c1-45c9-a2ec-64d3e8136846",
            "id": "490f8dad-ed78-4c0c-9d29-0d988a92475f",
            "name": "Error"
          },
          "sensitive_attributes": [],
          "private": "eyJzY2hlbWFfdmVyc2lvbiI6IjEifQ=="
        }
      ]
    },
    {
      "mode": "managed",
      "type": "genesyscloud_flow_outcome",
      "name": "Mail_Erreur_Domaine",
      "provider": "provider[\"registry.terraform.io/mypurecloud/genesyscloud\"]",
      "instances": [
        {
          "schema_version": 1,
          "attributes": {
            "description": "",
            "division_id": "d375d871-b9c1-45c9-a2ec-64d3e8136846",
            "id": "47d315cb-9c59-4658-abef-c724ff0a3756",
            "name": "Mail Erreur Domaine"
          },
          "sensitive_attributes": [],
          "private": "eyJzY2hlbWFfdmVyc2lvbiI6IjEifQ=="
        }
      ]
    },
    {
      "mode": "managed",
      "type": "genesyscloud_flow_outcome",
      "name": "WebService_AD",
      "provider": "provider[\"registry.terraform.io/mypurecloud/genesyscloud\"]",
      "instances": [
        {
          "schema_version": 1,
          "attributes": {
            "description": "",
            "division_id": "d375d871-b9c1-45c9-a2ec-64d3e8136846",
            "id": "9ca4ba80-acaf-46ee-a0c6-93dc36727c9d",
            "name": "WebService AD"
          },
          "sensitive_attributes": [],
          "private": "eyJzY2hlbWFfdmVyc2lvbiI6IjEifQ=="
        }
      ]
    },
    {
      "mode": "managed",
      "type": "genesyscloud_flow_outcome",
      "name": "WebService_Authent",
      "provider": "provider[\"registry.terraform.io/mypurecloud/genesyscloud\"]",
      "instances": [
        {
          "schema_version": 1,
          "attributes": {
            "description": "",
            "division_id": "d375d871-b9c1-45c9-a2ec-64d3e8136846",
            "id": "badadbfd-2255-4331-838c-49e7a765596b",
            "name": "WebService Authent"
          },
          "sensitive_attributes": [],
          "private": "eyJzY2hlbWFfdmVyc2lvbiI6IjEifQ=="
        }
      ]
    },
    {
      "mode": "managed",
      "type": "genesyscloud_flow_outcome",
      "name": "WebService_AutoAssign",
      "provider": "provider[\"registry.terraform.io/mypurecloud/genesyscloud\"]",
      "instances": [
        {
          "schema_version": 1,
          "attributes": {
            "description": "",
            "division_id": "d375d871-b9c1-45c9-a2ec-64d3e8136846",
            "id": "ced5df0b-ad19-4491-88cc-ae55b09fe470",
            "name": "WebService AutoAssign"
          },
          "sensitive_attributes": [],
          "private": "eyJzY2hlbWFfdmVyc2lvbiI6IjEifQ=="
        }
      ]
    },
    {
      "mode": "managed",
      "type": "genesyscloud_flow_outcome",
      "name": "WebService_B1",
      "provider": "provider[\"registry.terraform.io/mypurecloud/genesyscloud\"]",
      "instances": [
        {
          "schema_version": 1,
          "attributes": {
            "description": "",
            "division_id": "d375d871-b9c1-45c9-a2ec-64d3e8136846",
            "id": "907ba4f7-6f71-4535-baae-763ae5255d9d",
            "name": "WebService B1"
          },
          "sensitive_attributes": [],
          "private": "eyJzY2hlbWFfdmVyc2lvbiI6IjEifQ=="
        }
      ]
    },
    {
      "mode": "managed",
      "type": "genesyscloud_flow_outcome",
      "name": "WebService_EncryptFunction",
      "provider": "provider[\"registry.terraform.io/mypurecloud/genesyscloud\"]",
      "instances": [
        {
          "schema_version": 1,
          "attributes": {
            "description": "",
            "division_id": "d375d871-b9c1-45c9-a2ec-64d3e8136846",
            "id": "a5e721a2-1c9f-4c83-866b-0adaf2f7fe7c",
            "name": "WebService EncryptFunction"
          },
          "sensitive_attributes": [],
          "private": "eyJzY2hlbWFfdmVyc2lvbiI6IjEifQ=="
        }
      ]
    },
    {
      "mode": "managed",
      "type": "genesyscloud_flow_outcome",
      "name": "WebService_GC",
      "provider": "provider[\"registry.terraform.io/mypurecloud/genesyscloud\"]",
      "instances": [
        {
          "schema_version": 1,
          "attributes": {
            "description": "",
            "division_id": "d375d871-b9c1-45c9-a2ec-64d3e8136846",
            "id": "79c3775d-a641-4627-aca8-10c9f2ab4350",
            "name": "WebService GC"
          },
          "sensitive_attributes": [],
          "private": "eyJzY2hlbWFfdmVyc2lvbiI6IjEifQ=="
        }
      ]
    },
    {
      "mode": "managed",
      "type": "genesyscloud_flow_outcome",
      "name": "WebService_GenOTP",
      "provider": "provider[\"registry.terraform.io/mypurecloud/genesyscloud\"]",
      "instances": [
        {
          "schema_version": 1,
          "attributes": {
            "description": "",
            "division_id": "d375d871-b9c1-45c9-a2ec-64d3e8136846",
            "id": "248534e7-9d56-4c8b-bc08-c110dda54b64",
            "name": "WebService GenOTP"
          },
          "sensitive_attributes": [],
          "private": "eyJzY2hlbWFfdmVyc2lvbiI6IjEifQ=="
        }
      ]
    },
    {
      "mode": "managed",
      "type": "genesyscloud_flow_outcome",
      "name": "WebService_LBP",
      "provider": "provider[\"registry.terraform.io/mypurecloud/genesyscloud\"]",
      "instances": [
        {
          "schema_version": 1,
          "attributes": {
            "description": "",
            "division_id": "d375d871-b9c1-45c9-a2ec-64d3e8136846",
            "id": "d2c4d3f9-4c07-4dc9-aef3-80a8a380a3f6",
            "name": "WebService LBP"
          },
          "sensitive_attributes": [],
          "private": "eyJzY2hlbWFfdmVyc2lvbiI6IjEifQ=="
        }
      ]
    },
    {
      "mode": "managed",
      "type": "genesyscloud_flow_outcome",
      "name": "WebService_ModifMDP",
      "provider": "provider[\"registry.terraform.io/mypurecloud/genesyscloud\"]",
      "instances": [
        {
          "schema_version": 1,
          "attributes": {
            "description": "",
            "division_id": "d375d871-b9c1-45c9-a2ec-64d3e8136846",
            "id": "0db59041-edce-4077-9ec4-c8f4eef93789",
            "name": "WebService ModifMDP"
          },
          "sensitive_attributes": [],
          "private": "eyJzY2hlbWFfdmVyc2lvbiI6IjEifQ=="
        }
      ]
    },
    {
      "mode": "managed",
      "type": "genesyscloud_flow_outcome",
      "name": "Zaion",
      "provider": "provider[\"registry.terraform.io/mypurecloud/genesyscloud\"]",
      "instances": [
        {
          "schema_version": 1,
          "attributes": {
            "description": "",
            "division_id": "d375d871-b9c1-45c9-a2ec-64d3e8136846",
            "id": "222d2a3a-3ced-4f0f-bb08-437a2605c233",
            "name": "Zaion"
          },
          "sensitive_attributes": [],
          "private": "eyJzY2hlbWFfdmVyc2lvbiI6IjEifQ=="
        }
      ]
    },
    {
      "mode": "managed",
      "type": "genesyscloud_integration_action",
      "name": "GC_-_Get_User_Info_from_userId",
      "provider": "provider[\"registry.terraform.io/mypurecloud/genesyscloud\"]",
      "instances": [
        {
          "schema_version": 1,
          "attributes": {
            "category": "Genesys Cloud Data Actions - Internal",
            "config_request": [
              {
                "headers": {
                  "content-type": "application/json"
                },
                "request_template": "${input.rawRequest}",
                "request_type": "GET",
                "request_url_template": "/api/v2/scim/users?${input.userId}"
              }
            ],
            "config_response": [
              {
                "success_template": "{\"userEmail\": ${successTemplateUtils.firstFromArray(${userEmail}, \"$esc.quote $esc.quote\")}\n,  \"title\": ${successTemplateUtils.firstFromArray(${title}, \"$esc.quote $esc.quote\")}\n, \"department\": ${successTemplateUtils.firstFromArray(${department}, \"$esc.quote $esc.quote\")}\n, \"employeeNumber\": ${successTemplateUtils.firstFromArray(${employeeNumber}, \"$esc.quote $esc.quote\")}\n, \"displayName\": ${successTemplateUtils.firstFromArray(${displayName}, \"$esc.quote $esc.quote\")}\n, \"division\": ${successTemplateUtils.firstFromArray(${division}, \"$esc.quote $esc.quote\")}\n, \"state\": ${successTemplateUtils.firstFromArray(${state}, \"false\")}\n}",
                "translation_map": {
                  "department": "$.Resources[?(@.totalResults != 0)]..department",
                  "displayName": "$.Resources[?(@.totalResults != 0)].displayName",
                  "division": "$.Resources[?(@.totalResults != 0)]..division",
                  "employeeNumber": "$.Resources[?(@.totalResults != 0)]..employeeNumber",
                  "state": "$.Resources[?(@.totalResults != 0)].active",
                  "title": "$.Resources[?(@.totalResults != 0)].title",
                  "userEmail": "$.Resources[?(@.totalResults != 0)].userName"
                },
                "translation_map_defaults": {
                  "state": "false"
                }
              }
            ],
            "config_timeout_seconds": 0,
            "contract_input": "{\"additionalProperties\":true,\"properties\":{\"userId\":{\"type\":\"string\"}},\"type\":\"object\"}",
            "contract_output": "{\"additionalProperties\":true,\"properties\":{\"department\":{\"type\":\"string\"},\"displayName\":{\"type\":\"string\"},\"division\":{\"type\":\"string\"},\"employeeNumber\":{\"type\":\"string\"},\"state\":{\"type\":\"boolean\"},\"title\":{\"type\":\"string\"},\"userEmail\":{\"type\":\"string\"}},\"type\":\"object\"}",
            "id": "custom_-_abf3520a-c5f7-4009-a6fa-a3bebedbd5e4",
            "integration_id": "3368931d-6ae1-4e08-8503-4b98a29e43ba",
            "name": "GC - Get User Info from userId",
            "secure": false
          },
          "sensitive_attributes": [],
          "private": "eyJzY2hlbWFfdmVyc2lvbiI6IjEifQ==",
          "dependencies": [
            "data.genesyscloud_integration.Genesys_Cloud_Data_Actions_-_Internal"
          ]
        }
      ]
    },
    {
      "mode": "managed",
      "type": "genesyscloud_location",
      "name": "DOM_AJACCIO",
      "provider": "provider[\"registry.terraform.io/mypurecloud/genesyscloud\"]",
      "instances": [
        {
          "schema_version": 1,
          "attributes": {
            "address": [
              {
                "city": "AJACCIO",
                "country": "FR",
                "state": "",
                "street1": "22 avenue Colonel  Colonna d Ornano",
                "street2": "",
                "zip_code": "20900"
              }
            ],
            "emergency_number": [
              {
                "number": "+33123456723",
                "type": "default"
              }
            ],
            "id": "729c79a6-5dfe-40f1-9d6d-e606aa65aea1",
            "name": " DOM_AJACCIO",
            "notes": "Site d'AJACCIO",
            "path": null
          },
          "sensitive_attributes": [],
          "private": "eyJzY2hlbWFfdmVyc2lvbiI6IjEifQ=="
        }
      ]
    },
    {
      "mode": "managed",
      "type": "genesyscloud_location",
      "name": "DOM_BASSE_TERRE",
      "provider": "provider[\"registry.terraform.io/mypurecloud/genesyscloud\"]",
      "instances": [
        {
          "schema_version": 1,
          "attributes": {
            "address": [
              {
                "city": "JARRY",
                "country": "FR",
                "state": "",
                "street1": "38 rue Henri Becquerel ",
                "street2": "",
                "zip_code": "97199"
              }
            ],
            "emergency_number": [
              {
                "number": "+33123456712",
                "type": "default"
              }
            ],
            "id": "48d2a3c9-304f-4a1c-8cf2-9e79589b2598",
            "name": " DOM_BASSE_TERRE",
            "notes": "Site de JARRY",
            "path": null
          },
          "sensitive_attributes": [],
          "private": "eyJzY2hlbWFfdmVyc2lvbiI6IjEifQ=="
        }
      ]
    },
    {
      "mode": "managed",
      "type": "genesyscloud_location",
      "name": "DOM_CAYENNE",
      "provider": "provider[\"registry.terraform.io/mypurecloud/genesyscloud\"]",
      "instances": [
        {
          "schema_version": 1,
          "attributes": {
            "address": [
              {
                "city": "CAYENNE",
                "country": "FR",
                "state": "",
                "street1": "11 rue des Lucioles",
                "street2": "",
                "zip_code": "97399"
              }
            ],
            "emergency_number": [
              {
                "number": "+33123456713",
                "type": "default"
              }
            ],
            "id": "50cfe0fd-6a18-49e1-8d0b-efd0ce75ee5d",
            "name": " DOM_CAYENNE",
            "notes": "Site de CAYENNE",
            "path": null
          },
          "sensitive_attributes": [],
          "private": "eyJzY2hlbWFfdmVyc2lvbiI6IjEifQ=="
        }
      ]
    },
    {
      "mode": "managed",
      "type": "genesyscloud_location",
      "name": "DOM_FORT_DE_FRANCE",
      "provider": "provider[\"registry.terraform.io/mypurecloud/genesyscloud\"]",
      "instances": [
        {
          "schema_version": 1,
          "attributes": {
            "address": [
              {
                "city": "Quartier Kerlys",
                "country": "FR",
                "state": "",
                "street1": "5 rue St Christophe",
                "street2": "",
                "zip_code": "97200"
              }
            ],
            "emergency_number": [
              {
                "number": "+33123456714",
                "type": "default"
              }
            ],
            "id": "cdbbd991-0a70-43dc-b97e-d8dc10c3a575",
            "name": " DOM_FORT_DE_FRANCE",
            "notes": "Site de FORT DE FRANCE",
            "path": null
          },
          "sensitive_attributes": [],
          "private": "eyJzY2hlbWFfdmVyc2lvbiI6IjEifQ=="
        }
      ]
    },
    {
      "mode": "managed",
      "type": "genesyscloud_location",
      "name": "DOM_SAINT_DENIS",
      "provider": "provider[\"registry.terraform.io/mypurecloud/genesyscloud\"]",
      "instances": [
        {
          "schema_version": 1,
          "attributes": {
            "address": [
              {
                "city": "SAINT DENIS DE LA REUNION",
                "country": "FR",
                "state": "",
                "street1": "1 rue Tadar",
                "street2": "",
                "zip_code": "97400"
              }
            ],
            "emergency_number": [
              {
                "number": "+33123456715",
                "type": "default"
              }
            ],
            "id": "f4fd0172-91f1-4810-b408-d8d864d4d3fa",
            "name": " DOM_SAINT_DENIS",
            "notes": "Site de SAINT DENIS DE LA REUNION",
            "path": null
          },
          "sensitive_attributes": [],
          "private": "eyJzY2hlbWFfdmVyc2lvbiI6IjEifQ=="
        }
      ]
    },
    {
      "mode": "managed",
      "type": "genesyscloud_location",
      "name": "METR_BORDEAUX",
      "provider": "provider[\"registry.terraform.io/mypurecloud/genesyscloud\"]",
      "instances": [
        {
          "schema_version": 1,
          "attributes": {
            "address": [
              {
                "city": "BORDEAUX",
                "country": "FR",
                "state": "",
                "street1": "52 rue Georges Bonnac",
                "street2": "",
                "zip_code": "33900"
              }
            ],
            "emergency_number": [
              {
                "number": "+33123456710",
                "type": "default"
              }
            ],
            "id": "6a467b06-7ffd-4c53-a868-4c08906e5e1e",
            "name": " METR_BORDEAUX",
            "notes": "Site de BORDEAUX",
            "path": null
          },
          "sensitive_attributes": [],
          "private": "eyJzY2hlbWFfdmVyc2lvbiI6IjEifQ=="
        }
      ]
    },
    {
      "mode": "managed",
      "type": "genesyscloud_location",
      "name": "METR_CHALONS",
      "provider": "provider[\"registry.terraform.io/mypurecloud/genesyscloud\"]",
      "instances": [
        {
          "schema_version": 1,
          "attributes": {
            "address": [
              {
                "city": "CHALONS EN CHAMPAGNE",
                "country": "FR",
                "state": "",
                "street1": "5 rue Cosme Clause",
                "street2": "",
                "zip_code": "51040"
              }
            ],
            "emergency_number": [
              {
                "number": "+33123456716",
                "type": "default"
              }
            ],
            "id": "bfcf55d7-6eae-44af-9b67-f495ef1d60ba",
            "name": " METR_CHALONS",
            "notes": "Site de CHALONS EN CHAMPAGNE",
            "path": null
          },
          "sensitive_attributes": [],
          "private": "eyJzY2hlbWFfdmVyc2lvbiI6IjEifQ=="
        }
      ]
    },
    {
      "mode": "managed",
      "type": "genesyscloud_location",
      "name": "METR_CLERMONT",
      "provider": "provider[\"registry.terraform.io/mypurecloud/genesyscloud\"]",
      "instances": [
        {
          "schema_version": 1,
          "attributes": {
            "address": [
              {
                "city": "CLERMONT FERRAND",
                "country": "FR",
                "state": "",
                "street1": "17 rue du Maréchal de Lattre de Tassigny",
                "street2": "",
                "zip_code": "63044"
              }
            ],
            "emergency_number": [
              {
                "number": "+33123456717",
                "type": "default"
              }
            ],
            "id": "277b3823-f5a1-46ff-968b-14b8cc9f0077",
            "name": " METR_CLERMONT",
            "notes": "Site de CLERMONT FERRAND",
            "path": null
          },
          "sensitive_attributes": [],
          "private": "eyJzY2hlbWFfdmVyc2lvbiI6IjEifQ=="
        }
      ]
    },
    {
      "mode": "managed",
      "type": "genesyscloud_location",
      "name": "METR_DIJON",
      "provider": "provider[\"registry.terraform.io/mypurecloud/genesyscloud\"]",
      "instances": [
        {
          "schema_version": 1,
          "attributes": {
            "address": [
              {
                "city": "DIJON",
                "country": "FR",
                "state": "",
                "street1": "Place du 1er Mai  ",
                "street2": "",
                "zip_code": "21084"
              }
            ],
            "emergency_number": [
              {
                "number": "+33123456706",
                "type": "default"
              }
            ],
            "id": "15f58732-992d-481e-aa74-6e61494d7c28",
            "name": "METR_DIJON",
            "notes": "Site de DIJON",
            "path": null
          },
          "sensitive_attributes": [],
          "private": "eyJzY2hlbWFfdmVyc2lvbiI6IjEifQ=="
        }
      ]
    },
    {
      "mode": "managed",
      "type": "genesyscloud_location",
      "name": "METR_GRENOBLE",
      "provider": "provider[\"registry.terraform.io/mypurecloud/genesyscloud\"]",
      "instances": [
        {
          "schema_version": 1,
          "attributes": {
            "address": [
              {
                "city": "GRENOBLE",
                "country": "FR",
                "state": "",
                "street1": "28 rue Gustave Eiffe",
                "street2": "",
                "zip_code": "38032"
              }
            ],
            "emergency_number": [
              {
                "number": "+33123456721",
                "type": "default"
              }
            ],
            "id": "18d07449-3ed5-43f4-b2f4-dba2101657dd",
            "name": " METR_GRENOBLE",
            "notes": "Site de GRENOBLE",
            "path": null
          },
          "sensitive_attributes": [],
          "private": "eyJzY2hlbWFfdmVyc2lvbiI6IjEifQ=="
        }
      ]
    },
    {
      "mode": "managed",
      "type": "genesyscloud_location",
      "name": "METR_LILLE",
      "provider": "provider[\"registry.terraform.io/mypurecloud/genesyscloud\"]",
      "instances": [
        {
          "schema_version": 1,
          "attributes": {
            "address": [
              {
                "city": "Lille",
                "country": "FR",
                "state": "",
                "street1": "5 rue Paul Duez",
                "street2": "",
                "zip_code": "59891"
              }
            ],
            "emergency_number": [
              {
                "number": "+33123456700",
                "type": "default"
              }
            ],
            "id": "86968e7e-8c89-412e-9c35-5edf5a47d394",
            "name": "METR_LILLE",
            "notes": "Site de Lille",
            "path": []
          },
          "sensitive_attributes": [],
          "private": "eyJzY2hlbWFfdmVyc2lvbiI6IjEifQ=="
        }
      ]
    },
    {
      "mode": "managed",
      "type": "genesyscloud_location",
      "name": "METR_LIMOGES",
      "provider": "provider[\"registry.terraform.io/mypurecloud/genesyscloud\"]",
      "instances": [
        {
          "schema_version": 1,
          "attributes": {
            "address": [
              {
                "city": "LIMOGES",
                "country": "FR",
                "state": "",
                "street1": "5 rue de la Céramique",
                "street2": "",
                "zip_code": "87900"
              }
            ],
            "emergency_number": [
              {
                "number": "+33123456719",
                "type": "default"
              }
            ],
            "id": "f695a8d0-f640-4c3d-8fa5-22cb1da96ae9",
            "name": " METR_LIMOGES",
            "notes": "Site de LIMOGES",
            "path": null
          },
          "sensitive_attributes": [],
          "private": "eyJzY2hlbWFfdmVyc2lvbiI6IjEifQ=="
        }
      ]
    },
    {
      "mode": "managed",
      "type": "genesyscloud_location",
      "name": "METR_LYON",
      "provider": "provider[\"registry.terraform.io/mypurecloud/genesyscloud\"]",
      "instances": [
        {
          "schema_version": 1,
          "attributes": {
            "address": [
              {
                "city": "LYON",
                "country": "FR",
                "state": "",
                "street1": "166 avenue Jean Jaurès",
                "street2": "",
                "zip_code": "69000"
              }
            ],
            "emergency_number": [
              {
                "number": "+33123456707",
                "type": "default"
              }
            ],
            "id": "8b483a1f-5dfd-4c08-9005-bd10d6cb3fd8",
            "name": " METR_LYON",
            "notes": "Site de LYON",
            "path": null
          },
          "sensitive_attributes": [],
          "private": "eyJzY2hlbWFfdmVyc2lvbiI6IjEifQ=="
        }
      ]
    },
    {
      "mode": "managed",
      "type": "genesyscloud_location",
      "name": "METR_MARSEILLE",
      "provider": "provider[\"registry.terraform.io/mypurecloud/genesyscloud\"]",
      "instances": [
        {
          "schema_version": 1,
          "attributes": {
            "address": [
              {
                "city": "MARSEILLE",
                "country": "FR",
                "state": "",
                "street1": "5 rue Mathieu Stilatti",
                "street2": "",
                "zip_code": "13900"
              }
            ],
            "emergency_number": [
              {
                "number": "+33123456708",
                "type": "default"
              }
            ],
            "id": "b7f41284-c5e9-41b2-8981-276c934d69b0",
            "name": " METR_MARSEILLE",
            "notes": "Site de MARSEILLE",
            "path": null
          },
          "sensitive_attributes": [],
          "private": "eyJzY2hlbWFfdmVyc2lvbiI6IjEifQ=="
        }
      ]
    },
    {
      "mode": "managed",
      "type": "genesyscloud_location",
      "name": "METR_MONTPELLIER",
      "provider": "provider[\"registry.terraform.io/mypurecloud/genesyscloud\"]",
      "instances": [
        {
          "schema_version": 1,
          "attributes": {
            "address": [
              {
                "city": "MONTPELLIER",
                "country": "FR",
                "state": "",
                "street1": "1 rue Catalan",
                "street2": "",
                "zip_code": "34965"
              }
            ],
            "emergency_number": [
              {
                "number": "+33123456709",
                "type": "default"
              }
            ],
            "id": "e514b92d-c007-4bf5-b4b9-e0729357a8d0",
            "name": " METR_MONTPELLIER",
            "notes": "Site de MONTPELLIER",
            "path": null
          },
          "sensitive_attributes": [],
          "private": "eyJzY2hlbWFfdmVyc2lvbiI6IjEifQ=="
        }
      ]
    },
    {
      "mode": "managed",
      "type": "genesyscloud_location",
      "name": "METR_NANCY",
      "provider": "provider[\"registry.terraform.io/mypurecloud/genesyscloud\"]",
      "instances": [
        {
          "schema_version": 1,
          "attributes": {
            "address": [
              {
                "city": "NANCY",
                "country": "FR",
                "state": "",
                "street1": "53 rue des Jardiniers",
                "street2": "",
                "zip_code": "54039"
              }
            ],
            "emergency_number": [
              {
                "number": "+33123456705",
                "type": "default"
              }
            ],
            "id": "c12a57b1-b526-4a74-9e56-4a23f159c84a",
            "name": "METR_NANCY",
            "notes": "Site de NANCY",
            "path": null
          },
          "sensitive_attributes": [],
          "private": "eyJzY2hlbWFfdmVyc2lvbiI6IjEifQ=="
        }
      ]
    },
    {
      "mode": "managed",
      "type": "genesyscloud_location",
      "name": "METR_NANTES",
      "provider": "provider[\"registry.terraform.io/mypurecloud/genesyscloud\"]",
      "instances": [
        {
          "schema_version": 1,
          "attributes": {
            "address": [
              {
                "city": "NANTES",
                "country": "FR",
                "state": "",
                "street1": "4 rue du président Herriot",
                "street2": "",
                "zip_code": "44900"
              }
            ],
            "emergency_number": [
              {
                "number": "+33123456703",
                "type": "default"
              }
            ],
            "id": "76747bd1-7597-4c0f-b225-5f105bdb6430",
            "name": "METR_NANTES",
            "notes": "Site de Nantes",
            "path": null
          },
          "sensitive_attributes": [],
          "private": "eyJzY2hlbWFfdmVyc2lvbiI6IjEifQ=="
        }
      ]
    },
    {
      "mode": "managed",
      "type": "genesyscloud_location",
      "name": "METR_ORLEANS",
      "provider": "provider[\"registry.terraform.io/mypurecloud/genesyscloud\"]",
      "instances": [
        {
          "schema_version": 1,
          "attributes": {
            "address": [
              {
                "city": "OLIVET",
                "country": "FR",
                "state": "",
                "street1": "634 Boulevard Duhamel",
                "street2": "",
                "zip_code": "45160"
              }
            ],
            "emergency_number": [
              {
                "number": "+33123456702",
                "type": "default"
              }
            ],
            "id": "3ae04c3e-856e-47b8-a13b-ea7590c71324",
            "name": "METR_ORLEANS",
            "notes": "Site d'Orleans",
            "path": null
          },
          "sensitive_attributes": [],
          "private": "eyJzY2hlbWFfdmVyc2lvbiI6IjEifQ=="
        }
      ]
    },
    {
      "mode": "managed",
      "type": "genesyscloud_location",
      "name": "METR_PARIS",
      "provider": "provider[\"registry.terraform.io/mypurecloud/genesyscloud\"]",
      "instances": [
        {
          "schema_version": 1,
          "attributes": {
            "address": [
              {
                "city": "Paris",
                "country": "FR",
                "state": "",
                "street1": "11 rue Bourseul",
                "street2": "",
                "zip_code": "75900"
              }
            ],
            "emergency_number": [
              {
                "number": "+33123456701",
                "type": "default"
              }
            ],
            "id": "61dea150-5aa8-442a-9df7-ef51d83a44f4",
            "name": "METR_PARIS",
            "notes": "Site de Paris",
            "path": []
          },
          "sensitive_attributes": [],
          "private": "eyJzY2hlbWFfdmVyc2lvbiI6IjEifQ=="
        }
      ]
    },
    {
      "mode": "managed",
      "type": "genesyscloud_location",
      "name": "METR_PARIS_BIOME",
      "provider": "provider[\"registry.terraform.io/mypurecloud/genesyscloud\"]",
      "instances": [
        {
          "schema_version": 1,
          "attributes": {
            "address": [
              {
                "city": "Paris",
                "country": "FR",
                "state": "",
                "street1": "112-114 avenue Emile Zola",
                "street2": "",
                "zip_code": "75015"
              }
            ],
            "emergency_number": [
              {
                "number": "+33189378550",
                "type": "default"
              }
            ],
            "id": "5d14641f-5917-4dfa-b20c-9a3ece274899",
            "name": "METR_PARIS_BIOME",
            "notes": "Site de Paris Biome",
            "path": []
          },
          "sensitive_attributes": [],
          "private": "eyJzY2hlbWFfdmVyc2lvbiI6IjEifQ=="
        }
      ]
    },
    {
      "mode": "managed",
      "type": "genesyscloud_location",
      "name": "METR_POITIERS",
      "provider": "provider[\"registry.terraform.io/mypurecloud/genesyscloud\"]",
      "instances": [
        {
          "schema_version": 1,
          "attributes": {
            "address": [
              {
                "city": "Poitiers",
                "country": "FR",
                "state": "",
                "street1": "7/9 rue Maillochon",
                "street2": "",
                "zip_code": "86610"
              }
            ],
            "emergency_number": [
              {
                "number": "+33123456722",
                "type": "default"
              }
            ],
            "id": "40d0a398-db29-4fc5-a4cc-0099778d8b41",
            "name": " METR_POITIERS",
            "notes": "Site de Poitiers",
            "path": null
          },
          "sensitive_attributes": [],
          "private": "eyJzY2hlbWFfdmVyc2lvbiI6IjEifQ=="
        }
      ]
    },
    {
      "mode": "managed",
      "type": "genesyscloud_location",
      "name": "METR_RENNES",
      "provider": "provider[\"registry.terraform.io/mypurecloud/genesyscloud\"]",
      "instances": [
        {
          "schema_version": 1,
          "attributes": {
            "address": [
              {
                "city": "RENNES",
                "country": "FR",
                "state": "",
                "street1": "11 rue Vaneau",
                "street2": "",
                "zip_code": "35054"
              }
            ],
            "emergency_number": [
              {
                "number": "+33123456704",
                "type": "default"
              }
            ],
            "id": "94648228-04aa-4bed-aac5-3782a2fdf192",
            "name": "METR_RENNES",
            "notes": "Site de RENNES",
            "path": null
          },
          "sensitive_attributes": [],
          "private": "eyJzY2hlbWFfdmVyc2lvbiI6IjEifQ=="
        }
      ]
    },
    {
      "mode": "managed",
      "type": "genesyscloud_location",
      "name": "METR_ROUEN",
      "provider": "provider[\"registry.terraform.io/mypurecloud/genesyscloud\"]",
      "instances": [
        {
          "schema_version": 1,
          "attributes": {
            "address": [
              {
                "city": "ROUEN",
                "country": "FR",
                "state": "",
                "street1": "1 rue Albert Glatigny",
                "street2": "",
                "zip_code": "76929"
              }
            ],
            "emergency_number": [
              {
                "number": "+33123456724",
                "type": "default"
              }
            ],
            "id": "fd60f9e6-d1ba-4e03-a99e-5a58fa44ffce",
            "name": " METR_ROUEN",
            "notes": "Site de ROUEN",
            "path": null
          },
          "sensitive_attributes": [],
          "private": "eyJzY2hlbWFfdmVyc2lvbiI6IjEifQ=="
        }
      ]
    },
    {
      "mode": "managed",
      "type": "genesyscloud_location",
      "name": "METR_SAINT_DENIS",
      "provider": "provider[\"registry.terraform.io/mypurecloud/genesyscloud\"]",
      "instances": [
        {
          "schema_version": 1,
          "attributes": {
            "address": [
              {
                "city": "SAINT DENIS",
                "country": "FR",
                "state": "",
                "street1": "Pleyad 7- 1 place de la Berline",
                "street2": "",
                "zip_code": "93200"
              }
            ],
            "emergency_number": [
              {
                "number": "+33123456718",
                "type": "default"
              }
            ],
            "id": "33ec8418-efb6-4d6c-a6a4-f136f018d43e",
            "name": " METR_SAINT_DENIS",
            "notes": "Site de SAINT DENIS",
            "path": null
          },
          "sensitive_attributes": [],
          "private": "eyJzY2hlbWFfdmVyc2lvbiI6IjEifQ=="
        }
      ]
    },
    {
      "mode": "managed",
      "type": "genesyscloud_location",
      "name": "METR_STRASBOURG",
      "provider": "provider[\"registry.terraform.io/mypurecloud/genesyscloud\"]",
      "instances": [
        {
          "schema_version": 1,
          "attributes": {
            "address": [
              {
                "city": "STRASBOURG",
                "country": "FR",
                "state": "",
                "street1": "7 rue de la Fonderie ",
                "street2": "",
                "zip_code": "67083"
              }
            ],
            "emergency_number": [
              {
                "number": "+33123456720",
                "type": "default"
              }
            ],
            "id": "e056f3e6-f3fb-448c-bce9-c75435cb8d41",
            "name": " METR_STRASBOURG",
            "notes": "Site de STRASBOURG",
            "path": null
          },
          "sensitive_attributes": [],
          "private": "eyJzY2hlbWFfdmVyc2lvbiI6IjEifQ=="
        }
      ]
    },
    {
      "mode": "managed",
      "type": "genesyscloud_location",
      "name": "METR_TOULOUSE",
      "provider": "provider[\"registry.terraform.io/mypurecloud/genesyscloud\"]",
      "instances": [
        {
          "schema_version": 1,
          "attributes": {
            "address": [
              {
                "city": "TOULOUSE",
                "country": "FR",
                "state": "",
                "street1": "7 rue Palaprat",
                "street2": "",
                "zip_code": "31067"
              }
            ],
            "emergency_number": [
              {
                "number": "+33123456711",
                "type": "default"
              }
            ],
            "id": "a5e1eb6c-6b9b-4fff-9fe7-017b6323b4cb",
            "name": " METR_TOULOUSE",
            "notes": "Site de TOULOUSE",
            "path": null
          },
          "sensitive_attributes": [],
          "private": "eyJzY2hlbWFfdmVyc2lvbiI6IjEifQ=="
        }
      ]
    },
    {
      "mode": "managed",
      "type": "genesyscloud_routing_queue",
      "name": "MEL_SQO_DSRC",
      "provider": "provider[\"registry.terraform.io/mypurecloud/genesyscloud\"]",
      "instances": [
        {
          "schema_version": 1,
          "attributes": {
            "acw_timeout_ms": 0,
            "acw_wrapup_prompt": "OPTIONAL",
            "agent_owned_routing": [],
            "auto_answer_only": false,
            "bullseye_rings": [],
            "calling_party_name": "",
            "calling_party_number": "",
            "conditional_group_routing_rules": [],
            "default_script_ids": {},
            "description": "",
            "direct_routing": [],
            "division_id": "d375d871-b9c1-45c9-a2ec-64d3e8136846",
            "email_in_queue_flow_id": "",
            "enable_audio_monitoring": false,
            "enable_manual_assignment": false,
            "enable_transcription": false,
            "groups": [],
            "id": "964d8a41-cf71-426e-9fa6-b45025b788bb",
            "media_settings_call": [
              {
                "alerting_timeout_sec": 20,
                "auto_dial_delay_seconds": 0,
                "auto_end_delay_seconds": 0,
                "enable_auto_answer": false,
                "enable_auto_dial_and_end": false,
                "service_level_duration_ms": 20000,
                "service_level_percentage": 0.8
              }
            ],
            "media_settings_callback": [
              {
                "alerting_timeout_sec": 30,
                "auto_dial_delay_seconds": 300,
                "auto_end_delay_seconds": 300,
                "enable_auto_answer": false,
                "enable_auto_dial_and_end": false,
                "service_level_duration_ms": 20000,
                "service_level_percentage": 0.8
              }
            ],
            "media_settings_chat": [
              {
                "alerting_timeout_sec": 30,
                "auto_dial_delay_seconds": 0,
                "auto_end_delay_seconds": 0,
                "enable_auto_answer": false,
                "enable_auto_dial_and_end": false,
                "service_level_duration_ms": 20000,
                "service_level_percentage": 0.8
              }
            ],
            "media_settings_email": [
              {
                "alerting_timeout_sec": 300,
                "auto_dial_delay_seconds": 0,
                "auto_end_delay_seconds": 0,
                "enable_auto_answer": false,
                "enable_auto_dial_and_end": false,
                "service_level_duration_ms": 86400000,
                "service_level_percentage": 0.8
              }
            ],
            "media_settings_message": [
              {
                "alerting_timeout_sec": 30,
                "auto_dial_delay_seconds": 0,
                "auto_end_delay_seconds": 0,
                "enable_auto_answer": false,
                "enable_auto_dial_and_end": false,
                "service_level_duration_ms": 20000,
                "service_level_percentage": 0.8
              }
            ],
            "members": [
              {
                "ring_num": 1,
                "user_id": "6c7bc1a3-1227-4a29-8b04-ba4874b0eb3f"
              }
            ],
            "message_in_queue_flow_id": "",
            "name": "MEL_SQO_DSRC",
            "on_hold_prompt_id": "",
            "outbound_email_address": [],
            "outbound_messaging_open_messaging_recipient_id": "",
            "outbound_messaging_sms_address_id": "",
            "outbound_messaging_whatsapp_recipient_id": "",
            "peer_id": "",
            "queue_flow_id": "",
            "routing_rules": [],
            "scoring_method": "TimestampAndPriority",
            "skill_evaluation_method": "ALL",
            "skill_groups": [],
            "source_queue_id": null,
            "suppress_in_queue_call_recording": true,
            "teams": [],
            "whisper_prompt_id": "",
            "wrapup_codes": []
          },
          "sensitive_attributes": [],
          "private": "eyJzY2hlbWFfdmVyc2lvbiI6IjEifQ==",
          "dependencies": [
            "data.genesyscloud_auth_division.Home"
          ]
        }
      ]
    },
    {
      "mode": "managed",
      "type": "genesyscloud_routing_queue",
      "name": "SQO",
      "provider": "provider[\"registry.terraform.io/mypurecloud/genesyscloud\"]",
      "instances": [
        {
          "schema_version": 1,
          "attributes": {
            "acw_timeout_ms": 0,
            "acw_wrapup_prompt": "OPTIONAL",
            "agent_owned_routing": [],
            "auto_answer_only": false,
            "bullseye_rings": [],
            "calling_party_name": "",
            "calling_party_number": "",
            "conditional_group_routing_rules": [],
            "default_script_ids": {},
            "description": "",
            "direct_routing": [],
            "division_id": "d375d871-b9c1-45c9-a2ec-64d3e8136846",
            "email_in_queue_flow_id": "",
            "enable_audio_monitoring": false,
            "enable_manual_assignment": false,
            "enable_transcription": false,
            "groups": [],
            "id": "4d6feb0f-efe8-4dae-9c3e-3736a1f609c9",
            "media_settings_call": [
              {
                "alerting_timeout_sec": 20,
                "auto_dial_delay_seconds": 0,
                "auto_end_delay_seconds": 0,
                "enable_auto_answer": false,
                "enable_auto_dial_and_end": false,
                "service_level_duration_ms": 20000,
                "service_level_percentage": 0.8
              }
            ],
            "media_settings_callback": [
              {
                "alerting_timeout_sec": 30,
                "auto_dial_delay_seconds": 300,
                "auto_end_delay_seconds": 300,
                "enable_auto_answer": false,
                "enable_auto_dial_and_end": false,
                "service_level_duration_ms": 20000,
                "service_level_percentage": 0.8
              }
            ],
            "media_settings_chat": [
              {
                "alerting_timeout_sec": 30,
                "auto_dial_delay_seconds": 0,
                "auto_end_delay_seconds": 0,
                "enable_auto_answer": false,
                "enable_auto_dial_and_end": false,
                "service_level_duration_ms": 20000,
                "service_level_percentage": 0.8
              }
            ],
            "media_settings_email": [
              {
                "alerting_timeout_sec": 300,
                "auto_dial_delay_seconds": 0,
                "auto_end_delay_seconds": 0,
                "enable_auto_answer": false,
                "enable_auto_dial_and_end": false,
                "service_level_duration_ms": 86400000,
                "service_level_percentage": 0.8
              }
            ],
            "media_settings_message": [
              {
                "alerting_timeout_sec": 30,
                "auto_dial_delay_seconds": 0,
                "auto_end_delay_seconds": 0,
                "enable_auto_answer": false,
                "enable_auto_dial_and_end": false,
                "service_level_duration_ms": 20000,
                "service_level_percentage": 0.8
              }
            ],
            "members": [],
            "message_in_queue_flow_id": "",
            "name": "SQO",
            "on_hold_prompt_id": "",
            "outbound_email_address": [],
            "outbound_messaging_open_messaging_recipient_id": "",
            "outbound_messaging_sms_address_id": "",
            "outbound_messaging_whatsapp_recipient_id": "",
            "peer_id": "",
            "queue_flow_id": "",
            "routing_rules": [],
            "scoring_method": "TimestampAndPriority",
            "skill_evaluation_method": "ALL",
            "skill_groups": [],
            "source_queue_id": null,
            "suppress_in_queue_call_recording": true,
            "teams": [],
            "whisper_prompt_id": "",
            "wrapup_codes": []
          },
          "sensitive_attributes": [],
          "private": "eyJzY2hlbWFfdmVyc2lvbiI6IjEifQ==",
          "dependencies": [
            "data.genesyscloud_auth_division.Home"
          ]
        }
      ]
    },
    {
      "mode": "managed",
      "type": "genesyscloud_routing_queue",
      "name": "TEL_PREMIUM_DSRC",
      "provider": "provider[\"registry.terraform.io/mypurecloud/genesyscloud\"]",
      "instances": [
        {
          "schema_version": 1,
          "attributes": {
            "acw_timeout_ms": 0,
            "acw_wrapup_prompt": "OPTIONAL",
            "agent_owned_routing": [],
            "auto_answer_only": false,
            "bullseye_rings": [],
            "calling_party_name": "",
            "calling_party_number": "",
            "conditional_group_routing_rules": [],
            "default_script_ids": {},
            "description": "",
            "direct_routing": [],
            "division_id": "d375d871-b9c1-45c9-a2ec-64d3e8136846",
            "email_in_queue_flow_id": "",
            "enable_audio_monitoring": false,
            "enable_manual_assignment": false,
            "enable_transcription": false,
            "groups": [],
            "id": "e1d73841-4d5e-442f-a951-ef7f52e3b215",
            "media_settings_call": [
              {
                "alerting_timeout_sec": 20,
                "auto_dial_delay_seconds": 0,
                "auto_end_delay_seconds": 0,
                "enable_auto_answer": false,
                "enable_auto_dial_and_end": false,
                "service_level_duration_ms": 20000,
                "service_level_percentage": 0.8
              }
            ],
            "media_settings_callback": [
              {
                "alerting_timeout_sec": 30,
                "auto_dial_delay_seconds": 300,
                "auto_end_delay_seconds": 300,
                "enable_auto_answer": false,
                "enable_auto_dial_and_end": false,
                "service_level_duration_ms": 20000,
                "service_level_percentage": 0.8
              }
            ],
            "media_settings_chat": [
              {
                "alerting_timeout_sec": 30,
                "auto_dial_delay_seconds": 0,
                "auto_end_delay_seconds": 0,
                "enable_auto_answer": false,
                "enable_auto_dial_and_end": false,
                "service_level_duration_ms": 20000,
                "service_level_percentage": 0.8
              }
            ],
            "media_settings_email": [
              {
                "alerting_timeout_sec": 300,
                "auto_dial_delay_seconds": 0,
                "auto_end_delay_seconds": 0,
                "enable_auto_answer": false,
                "enable_auto_dial_and_end": false,
                "service_level_duration_ms": 86400000,
                "service_level_percentage": 0.8
              }
            ],
            "media_settings_message": [
              {
                "alerting_timeout_sec": 30,
                "auto_dial_delay_seconds": 0,
                "auto_end_delay_seconds": 0,
                "enable_auto_answer": false,
                "enable_auto_dial_and_end": false,
                "service_level_duration_ms": 20000,
                "service_level_percentage": 0.8
              }
            ],
            "members": [
              {
                "ring_num": 1,
                "user_id": "142168ff-c343-4740-8794-442e4b2d8e4a"
              },
              {
                "ring_num": 1,
                "user_id": "6c7bc1a3-1227-4a29-8b04-ba4874b0eb3f"
              }
            ],
            "message_in_queue_flow_id": "",
            "name": "TEL_PREMIUM_DSRC",
            "on_hold_prompt_id": "",
            "outbound_email_address": [],
            "outbound_messaging_open_messaging_recipient_id": "",
            "outbound_messaging_sms_address_id": "",
            "outbound_messaging_whatsapp_recipient_id": "",
            "peer_id": "",
            "queue_flow_id": "",
            "routing_rules": [],
            "scoring_method": "TimestampAndPriority",
            "skill_evaluation_method": "ALL",
            "skill_groups": [],
            "source_queue_id": null,
            "suppress_in_queue_call_recording": true,
            "teams": [],
            "whisper_prompt_id": "",
            "wrapup_codes": []
          },
          "sensitive_attributes": [],
          "private": "eyJzY2hlbWFfdmVyc2lvbiI6IjEifQ==",
          "dependencies": [
            "data.genesyscloud_auth_division.Home"
          ]
        }
      ]
    },
    {
      "mode": "managed",
      "type": "genesyscloud_routing_skill",
      "name": "DSRC_SQO",
      "provider": "provider[\"registry.terraform.io/mypurecloud/genesyscloud\"]",
      "instances": [
        {
          "schema_version": 1,
          "attributes": {
            "id": "53af788d-3dac-4c45-8618-5b29ba3a9751",
            "name": "DSRC_SQO"
          },
          "sensitive_attributes": [],
          "private": "eyJzY2hlbWFfdmVyc2lvbiI6IjEifQ=="
        }
      ]
    },
    {
      "mode": "managed",
      "type": "genesyscloud_routing_wrapupcode",
      "name": "Abandon_Projet_Par_Le_Client",
      "provider": "provider[\"registry.terraform.io/mypurecloud/genesyscloud\"]",
      "instances": [
        {
          "schema_version": 1,
          "attributes": {
            "division_id": "d375d871-b9c1-45c9-a2ec-64d3e8136846",
            "id": "56c8f8a2-72ea-4025-be61-1a9be140f4e9",
            "name": "Abandon_Projet_Par_Le_Client"
          },
          "sensitive_attributes": [],
          "private": "eyJzY2hlbWFfdmVyc2lvbiI6IjEifQ==",
          "dependencies": [
            "data.genesyscloud_auth_division.Home"
          ]
        }
      ]
    },
    {
      "mode": "managed",
      "type": "genesyscloud_routing_wrapupcode",
      "name": "Client_déjà_contacté_dans_la_journée",
      "provider": "provider[\"registry.terraform.io/mypurecloud/genesyscloud\"]",
      "instances": [
        {
          "schema_version": 1,
          "attributes": {
            "division_id": "d375d871-b9c1-45c9-a2ec-64d3e8136846",
            "id": "3850706b-71b8-4b53-b5b3-6f151fddbaed",
            "name": "Client_déjà_contacté_dans_la_journée"
          },
          "sensitive_attributes": [],
          "private": "eyJzY2hlbWFfdmVyc2lvbiI6IjEifQ==",
          "dependencies": [
            "data.genesyscloud_auth_division.Home"
          ]
        }
      ]
    },
    {
      "mode": "managed",
      "type": "genesyscloud_routing_wrapupcode",
      "name": "Dossier_auto-régularisé",
      "provider": "provider[\"registry.terraform.io/mypurecloud/genesyscloud\"]",
      "instances": [
        {
          "schema_version": 1,
          "attributes": {
            "division_id": "d375d871-b9c1-45c9-a2ec-64d3e8136846",
            "id": "8b9d8764-bf32-4b5f-84f2-7c17949cb53a",
            "name": "Dossier_auto-régularisé"
          },
          "sensitive_attributes": [],
          "private": "eyJzY2hlbWFfdmVyc2lvbiI6IjEifQ==",
          "dependencies": [
            "data.genesyscloud_auth_division.Home"
          ]
        }
      ]
    },
    {
      "mode": "managed",
      "type": "genesyscloud_routing_wrapupcode",
      "name": "Déjà_en_relation_avec_BP",
      "provider": "provider[\"registry.terraform.io/mypurecloud/genesyscloud\"]",
      "instances": [
        {
          "schema_version": 1,
          "attributes": {
            "division_id": "d375d871-b9c1-45c9-a2ec-64d3e8136846",
            "id": "786ddc18-51fd-4ab7-a216-9beda7200a82",
            "name": "Déjà_en_relation_avec_BP"
          },
          "sensitive_attributes": [],
          "private": "eyJzY2hlbWFfdmVyc2lvbiI6IjEifQ==",
          "dependencies": [
            "data.genesyscloud_auth_division.Home"
          ]
        }
      ]
    },
    {
      "mode": "managed",
      "type": "genesyscloud_routing_wrapupcode",
      "name": "Faux_numéro",
      "provider": "provider[\"registry.terraform.io/mypurecloud/genesyscloud\"]",
      "instances": [
        {
          "schema_version": 1,
          "attributes": {
            "division_id": "d375d871-b9c1-45c9-a2ec-64d3e8136846",
            "id": "18bae34e-b202-4ce4-98bc-1f87ae2e5962",
            "name": "Faux_numéro"
          },
          "sensitive_attributes": [],
          "private": "eyJzY2hlbWFfdmVyc2lvbiI6IjEifQ==",
          "dependencies": [
            "data.genesyscloud_auth_division.Home"
          ]
        }
      ]
    },
    {
      "mode": "managed",
      "type": "genesyscloud_routing_wrapupcode",
      "name": "Hors_Cible",
      "provider": "provider[\"registry.terraform.io/mypurecloud/genesyscloud\"]",
      "instances": [
        {
          "schema_version": 1,
          "attributes": {
            "division_id": "d375d871-b9c1-45c9-a2ec-64d3e8136846",
            "id": "ac8ff1a9-9d6e-4f7a-b6ae-6fae7becff60",
            "name": "Hors_Cible"
          },
          "sensitive_attributes": [],
          "private": "eyJzY2hlbWFfdmVyc2lvbiI6IjEifQ==",
          "dependencies": [
            "data.genesyscloud_auth_division.Home"
          ]
        }
      ]
    },
    {
      "mode": "managed",
      "type": "genesyscloud_routing_wrapupcode",
      "name": "Hors_Conditions_D_Octroi",
      "provider": "provider[\"registry.terraform.io/mypurecloud/genesyscloud\"]",
      "instances": [
        {
          "schema_version": 1,
          "attributes": {
            "division_id": "d375d871-b9c1-45c9-a2ec-64d3e8136846",
            "id": "6d0b658e-f202-4efe-9dc0-8fe8df0949d4",
            "name": "Hors_Conditions_D_Octroi"
          },
          "sensitive_attributes": [],
          "private": "eyJzY2hlbWFfdmVyc2lvbiI6IjEifQ==",
          "dependencies": [
            "data.genesyscloud_auth_division.Home"
          ]
        }
      ]
    },
    {
      "mode": "managed",
      "type": "genesyscloud_routing_wrapupcode",
      "name": "Meilleure_offre_concurrente",
      "provider": "provider[\"registry.terraform.io/mypurecloud/genesyscloud\"]",
      "instances": [
        {
          "schema_version": 1,
          "attributes": {
            "division_id": "d375d871-b9c1-45c9-a2ec-64d3e8136846",
            "id": "0b63d2f5-b4d3-4199-ab0f-a367dd0aba7d",
            "name": "Meilleure_offre_concurrente"
          },
          "sensitive_attributes": [],
          "private": "eyJzY2hlbWFfdmVyc2lvbiI6IjEifQ==",
          "dependencies": [
            "data.genesyscloud_auth_division.Home"
          ]
        }
      ]
    },
    {
      "mode": "managed",
      "type": "genesyscloud_routing_wrapupcode",
      "name": "Négociation_KO",
      "provider": "provider[\"registry.terraform.io/mypurecloud/genesyscloud\"]",
      "instances": [
        {
          "schema_version": 1,
          "attributes": {
            "division_id": "d375d871-b9c1-45c9-a2ec-64d3e8136846",
            "id": "b426b51e-cdec-4eba-ae24-b4550918f06e",
            "name": "Négociation_KO"
          },
          "sensitive_attributes": [],
          "private": "eyJzY2hlbWFfdmVyc2lvbiI6IjEifQ==",
          "dependencies": [
            "data.genesyscloud_auth_division.Home"
          ]
        }
      ]
    },
    {
      "mode": "managed",
      "type": "genesyscloud_routing_wrapupcode",
      "name": "Promesse_ou_plan_promesse",
      "provider": "provider[\"registry.terraform.io/mypurecloud/genesyscloud\"]",
      "instances": [
        {
          "schema_version": 1,
          "attributes": {
            "division_id": "d375d871-b9c1-45c9-a2ec-64d3e8136846",
            "id": "00c70929-d3b9-419f-9305-61985713971e",
            "name": "Promesse_ou_plan_promesse"
          },
          "sensitive_attributes": [],
          "private": "eyJzY2hlbWFfdmVyc2lvbiI6IjEifQ==",
          "dependencies": [
            "data.genesyscloud_auth_division.Home"
          ]
        }
      ]
    },
    {
      "mode": "managed",
      "type": "genesyscloud_routing_wrapupcode",
      "name": "RDV_Conseiller_CSID",
      "provider": "provider[\"registry.terraform.io/mypurecloud/genesyscloud\"]",
      "instances": [
        {
          "schema_version": 1,
          "attributes": {
            "division_id": "d375d871-b9c1-45c9-a2ec-64d3e8136846",
            "id": "35447b6a-35ab-4771-8b22-71a5eb499cc5",
            "name": "RDV_Conseiller_CSID"
          },
          "sensitive_attributes": [],
          "private": "eyJzY2hlbWFfdmVyc2lvbiI6IjEifQ==",
          "dependencies": [
            "data.genesyscloud_auth_division.Home"
          ]
        }
      ]
    },
    {
      "mode": "managed",
      "type": "genesyscloud_routing_wrapupcode",
      "name": "RDV_Conseiller_MH",
      "provider": "provider[\"registry.terraform.io/mypurecloud/genesyscloud\"]",
      "instances": [
        {
          "schema_version": 1,
          "attributes": {
            "division_id": "d375d871-b9c1-45c9-a2ec-64d3e8136846",
            "id": "e0d70f77-3b57-4037-9d59-111a204331b1",
            "name": "RDV_Conseiller_MH"
          },
          "sensitive_attributes": [],
          "private": "eyJzY2hlbWFfdmVyc2lvbiI6IjEifQ==",
          "dependencies": [
            "data.genesyscloud_auth_division.Home"
          ]
        }
      ]
    },
    {
      "mode": "managed",
      "type": "genesyscloud_routing_wrapupcode",
      "name": "RDV_Conseiller_SRCI_confirmé",
      "provider": "provider[\"registry.terraform.io/mypurecloud/genesyscloud\"]",
      "instances": [
        {
          "schema_version": 1,
          "attributes": {
            "division_id": "d375d871-b9c1-45c9-a2ec-64d3e8136846",
            "id": "6f3fa7f9-dc32-458c-934c-a170758d6c6e",
            "name": "RDV_Conseiller_SRCI_confirmé"
          },
          "sensitive_attributes": [],
          "private": "eyJzY2hlbWFfdmVyc2lvbiI6IjEifQ==",
          "dependencies": [
            "data.genesyscloud_auth_division.Home"
          ]
        }
      ]
    },
    {
      "mode": "managed",
      "type": "genesyscloud_routing_wrapupcode",
      "name": "RDV_Conseiller_Secteur",
      "provider": "provider[\"registry.terraform.io/mypurecloud/genesyscloud\"]",
      "instances": [
        {
          "schema_version": 1,
          "attributes": {
            "division_id": "d375d871-b9c1-45c9-a2ec-64d3e8136846",
            "id": "ca4c095a-71b0-4d13-bc54-8ddcd69e1f8e",
            "name": "RDV_Conseiller_Secteur"
          },
          "sensitive_attributes": [],
          "private": "eyJzY2hlbWFfdmVyc2lvbiI6IjEifQ==",
          "dependencies": [
            "data.genesyscloud_auth_division.Home"
          ]
        }
      ]
    },
    {
      "mode": "managed",
      "type": "genesyscloud_routing_wrapupcode",
      "name": "Rappel_programmé",
      "provider": "provider[\"registry.terraform.io/mypurecloud/genesyscloud\"]",
      "instances": [
        {
          "schema_version": 1,
          "attributes": {
            "division_id": "d375d871-b9c1-45c9-a2ec-64d3e8136846",
            "id": "fc8ca2ca-efb1-4298-9f03-e120daf610ea",
            "name": "Rappel_programmé"
          },
          "sensitive_attributes": [],
          "private": "eyJzY2hlbWFfdmVyc2lvbiI6IjEifQ==",
          "dependencies": [
            "data.genesyscloud_auth_division.Home"
          ]
        }
      ]
    },
    {
      "mode": "managed",
      "type": "genesyscloud_routing_wrapupcode",
      "name": "Régularisation_Totale",
      "provider": "provider[\"registry.terraform.io/mypurecloud/genesyscloud\"]",
      "instances": [
        {
          "schema_version": 1,
          "attributes": {
            "division_id": "d375d871-b9c1-45c9-a2ec-64d3e8136846",
            "id": "87d17698-e1d3-4df2-9e85-8dc4eae1892c",
            "name": "Régularisation_Totale"
          },
          "sensitive_attributes": [],
          "private": "eyJzY2hlbWFfdmVyc2lvbiI6IjEifQ==",
          "dependencies": [
            "data.genesyscloud_auth_division.Home"
          ]
        }
      ]
    },
    {
      "mode": "managed",
      "type": "genesyscloud_routing_wrapupcode",
      "name": "Régularisation_partielle",
      "provider": "provider[\"registry.terraform.io/mypurecloud/genesyscloud\"]",
      "instances": [
        {
          "schema_version": 1,
          "attributes": {
            "division_id": "d375d871-b9c1-45c9-a2ec-64d3e8136846",
            "id": "4cf16877-83b5-477f-8ddb-a0acdd3f9e26",
            "name": "Régularisation_partielle"
          },
          "sensitive_attributes": [],
          "private": "eyJzY2hlbWFfdmVyc2lvbiI6IjEifQ==",
          "dependencies": [
            "data.genesyscloud_auth_division.Home"
          ]
        }
      ]
    },
    {
      "mode": "managed",
      "type": "genesyscloud_routing_wrapupcode",
      "name": "Répondeur_Avec_message",
      "provider": "provider[\"registry.terraform.io/mypurecloud/genesyscloud\"]",
      "instances": [
        {
          "schema_version": 1,
          "attributes": {
            "division_id": "d375d871-b9c1-45c9-a2ec-64d3e8136846",
            "id": "ff90ff3d-25af-455d-b4d3-e90f41a379ab",
            "name": "Répondeur_/_Avec_message"
          },
          "sensitive_attributes": [],
          "private": "eyJzY2hlbWFfdmVyc2lvbiI6IjEifQ==",
          "dependencies": [
            "data.genesyscloud_auth_division.Home"
          ]
        }
      ]
    },
    {
      "mode": "managed",
      "type": "genesyscloud_routing_wrapupcode",
      "name": "Répondeur_Non_réponse",
      "provider": "provider[\"registry.terraform.io/mypurecloud/genesyscloud\"]",
      "instances": [
        {
          "schema_version": 1,
          "attributes": {
            "division_id": "d375d871-b9c1-45c9-a2ec-64d3e8136846",
            "id": "5b7a65ae-bc43-4e86-8435-025f08357092",
            "name": "Répondeur_/_Non_réponse"
          },
          "sensitive_attributes": [],
          "private": "eyJzY2hlbWFfdmVyc2lvbiI6IjEifQ==",
          "dependencies": [
            "data.genesyscloud_auth_division.Home"
          ]
        }
      ]
    },
    {
      "mode": "managed",
      "type": "genesyscloud_routing_wrapupcode",
      "name": "Répondeur_Sans_message",
      "provider": "provider[\"registry.terraform.io/mypurecloud/genesyscloud\"]",
      "instances": [
        {
          "schema_version": 1,
          "attributes": {
            "division_id": "d375d871-b9c1-45c9-a2ec-64d3e8136846",
            "id": "30e7e5c5-a193-4cca-940e-2cc0951e46aa",
            "name": "Répondeur_/_Sans_message"
          },
          "sensitive_attributes": [],
          "private": "eyJzY2hlbWFfdmVyc2lvbiI6IjEifQ==",
          "dependencies": [
            "data.genesyscloud_auth_division.Home"
          ]
        }
      ]
    },
    {
      "mode": "managed",
      "type": "genesyscloud_routing_wrapupcode",
      "name": "STOP_TEL",
      "provider": "provider[\"registry.terraform.io/mypurecloud/genesyscloud\"]",
      "instances": [
        {
          "schema_version": 1,
          "attributes": {
            "division_id": "d375d871-b9c1-45c9-a2ec-64d3e8136846",
            "id": "0b6ac790-9b22-43fa-bd27-f3b1befd4690",
            "name": "STOP_TEL"
          },
          "sensitive_attributes": [],
          "private": "eyJzY2hlbWFfdmVyc2lvbiI6IjEifQ==",
          "dependencies": [
            "data.genesyscloud_auth_division.Home"
          ]
        }
      ]
    },
    {
      "mode": "managed",
      "type": "genesyscloud_routing_wrapupcode",
      "name": "TEC_SUPPRIMER_ENREGISTREMENT",
      "provider": "provider[\"registry.terraform.io/mypurecloud/genesyscloud\"]",
      "instances": [
        {
          "schema_version": 1,
          "attributes": {
            "division_id": "d375d871-b9c1-45c9-a2ec-64d3e8136846",
            "id": "19164fd1-d02a-41c6-9281-f46c412cdf4f",
            "name": "TEC_SUPPRIMER_ENREGISTREMENT"
          },
          "sensitive_attributes": [],
          "private": "eyJzY2hlbWFfdmVyc2lvbiI6IjEifQ==",
          "dependencies": [
            "data.genesyscloud_auth_division.Home"
          ]
        }
      ]
    },
    {
      "mode": "managed",
      "type": "genesyscloud_telephony_providers_edges_site",
      "name": "METR_PARIS_BIOME",
      "provider": "provider[\"registry.terraform.io/mypurecloud/genesyscloud\"]",
      "instances": [
        {
          "schema_version": 1,
          "attributes": {
            "caller_id": "",
            "caller_name": "",
            "description": "",
            "edge_auto_update_config": [
              {
                "end": "2024-11-25T05:00:00.000000",
                "rrule": "FREQ=DAILY",
                "start": "2024-11-25T02:00:00.000000",
                "time_zone": "Europe/Paris"
              }
            ],
            "id": "18549015-7428-418d-ad1c-936fb3187f02",
            "location_id": "5d14641f-5917-4dfa-b20c-9a3ece274899",
            "media_model": "Cloud",
            "media_regions": [
              "eu-west-1"
            ],
            "media_regions_use_latency_based": true,
            "name": "METR_PARIS_BIOME",
            "number_plans": [
              {
                "classification": "Emergency",
                "digit_length": [],
                "match_format": "",
                "match_type": "numberList",
                "name": "Emergency",
                "normalized_format": "",
                "numbers": [
                  {
                    "end": "",
                    "start": "112"
                  }
                ]
              },
              {
                "classification": "Extension",
                "digit_length": [
                  {
                    "end": "6",
                    "start": "4"
                  }
                ],
                "match_format": "",
                "match_type": "digitLength",
                "name": "Extension",
                "normalized_format": "",
                "numbers": []
              },
              {
                "classification": "National",
                "digit_length": [],
                "match_format": "",
                "match_type": "intraCountryCode",
                "name": "National",
                "normalized_format": "",
                "numbers": []
              },
              {
                "classification": "International",
                "digit_length": [],
                "match_format": "",
                "match_type": "interCountryCode",
                "name": "International",
                "normalized_format": "",
                "numbers": []
              },
              {
                "classification": "Network",
                "digit_length": [],
                "match_format": "^([^@\\:]+@)([^@ ]+)?$",
                "match_type": "regex",
                "name": "Network",
                "normalized_format": "sip:$1$2",
                "numbers": []
              }
            ],
            "outbound_routes": [
              {
                "classification_types": [
                  "Emergency",
                  "National",
                  "Network",
                  "International"
                ],
                "description": "",
                "distribution": "SEQUENTIAL",
                "enabled": true,
                "external_trunk_base_ids": [
                  "9e3dc6a1-46ce-4d03-a287-de15f73ee518"
                ],
                "name": "Default Outbound Route"
              }
            ],
            "primary_sites": [
              "39190f4e-acca-4ef8-9824-d5f83cb201c4"
            ],
            "secondary_sites": [
              "39190f4e-acca-4ef8-9824-d5f83cb201c4"
            ],
            "set_as_default_site": true
          },
          "sensitive_attributes": [],
          "private": "eyJzY2hlbWFfdmVyc2lvbiI6IjEifQ==",
          "dependencies": [
            "data.genesyscloud_telephony_providers_edges_site.PureCloud_Voice_-_AWS",
            "genesyscloud_location.METR_PARIS_BIOME"
          ]
        }
      ]
    },
    {
      "mode": "managed",
      "type": "genesyscloud_tf_export",
      "name": "full_export",
      "provider": "provider[\"registry.terraform.io/mypurecloud/genesyscloud\"]",
      "instances": [
        {
          "schema_version": 0,
          "attributes": {
            "compress": false,
            "directory": "./data-export",
            "enable_dependency_resolution": true,
            "exclude_attributes": null,
            "exclude_filter_resources": null,
            "export_as_hcl": true,
            "export_computed": true,
            "id": "./data-export",
            "ignore_cyclic_deps": true,
            "include_filter_resources": [
              "genesyscloud_user",
              "genesyscloud_auth_division",
              "genesyscloud_routing_queue",
              "genesyscloud_location",
              "genesyscloud_telephony_providers_edges_site",
              "genesyscloud_telephony_providers_edges_trunkbasesettings",
              "genesyscloud_integration",
              "genesyscloud_integration_action",
              "genesyscloud_routing_wrapupcode",
              "genesyscloud_architect_datatable",
              "genesyscloud_architect_datatable_row",
              "genesyscloud_integration_credential",
              "genesyscloud_routing_skill"
            ],
            "include_state_file": true,
            "log_permission_errors": true,
            "replace_with_datasource": null,
            "resource_types": null,
            "split_files_by_resource": true
          },
          "sensitive_attributes": [],
          "private": "bnVsbA=="
        }
      ]
    }
  ],
  "check_results": null
}
