{
  "version": 4,
  "terraform_version": "1.10.0",
  "serial": 387,
  "lineage": "5956ab1c-4d6f-6f3a-1f8c-9a5b6e0f2276",
  "outputs": {},
  "resources": [
    {
      "mode": "data",
      "type": "genesyscloud_auth_division",
      "name": "Home",
      "provider": "provider[\"registry.terraform.io/mypurecloud/genesyscloud\"]",
      "instances": [
        {
          "schema_version": 0,
          "attributes": {
            "id": "d375d871-b9c1-45c9-a2ec-64d3e8136846",
            "name": "Home"
          },
          "sensitive_attributes": []
        }
      ]
    },
    {
      "mode": "data",
      "type": "genesyscloud_telephony_providers_edges_site",
      "name": "PureCloud_Voice_-_AWS",
      "provider": "provider[\"registry.terraform.io/mypurecloud/genesyscloud\"]",
      "instances": [
        {
          "schema_version": 0,
          "attributes": {
            "id": "39190f4e-acca-4ef8-9824-d5f83cb201c4",
            "name": "PureCloud Voice - AWS"
          },
          "sensitive_attributes": []
        }
      ]
    },
    {
      "mode": "managed",
      "type": "genesyscloud_architect_datatable",
      "name": "TEL_ROUTAGE_NUMERO_APPELE",
      "provider": "provider[\"registry.terraform.io/mypurecloud/genesyscloud\"]",
      "instances": [
        {
          "schema_version": 1,
          "attributes": {
            "description": "",
            "division_id": "d375d871-b9c1-45c9-a2ec-64d3e8136846",
            "id": "0798b110-210a-4d58-a9ce-0679f9e476cb",
            "name": "TEL_ROUTAGE_NUMERO_APPELE",
            "properties": [
              {
                "default": "",
                "name": "key",
                "title": "Num_Tech",
                "type": "string"
              },
              {
                "default": "",
                "name": "Num_Appele",
                "title": "Num_Appele",
                "type": "string"
              },
              {
                "default": "",
                "name": "Libelle_Num",
                "title": "Libelle_Num",
                "type": "string"
              },
              {
                "default": "",
                "name": "Description_Num_App",
                "title": "Description_Num_App",
                "type": "string"
              },
              {
                "default": "",
                "name": "Entite",
                "title": "Entite",
                "type": "string"
              },
              {
                "default": "",
                "name": "Motif_Defaut_Num_App",
                "title": "Motif_Defaut_Num_App",
                "type": "string"
              },
              {
                "default": "",
                "name": "Groupe_Urgence",
                "title": "Groupe_Urgence",
                "type": "string"
              },
              {
                "default": "",
                "name": "Action_Num_App",
                "title": "Action_Num_App",
                "type": "string"
              },
              {
                "default": "",
                "name": "Nom_Action_Num_App",
                "title": "Nom_Action_Num_App",
                "type": "string"
              }
            ]
          },
          "sensitive_attributes": [],
          "private": "eyJzY2hlbWFfdmVyc2lvbiI6IjEifQ==",
          "dependencies": [
            "data.genesyscloud_auth_division.Home"
          ]
        }
      ]
    },
    {
      "mode": "managed",
      "type": "genesyscloud_architect_datatable_row",
      "name": "TEL_ROUTAGE_NUMERO_APPELE_rows",
      "provider": "provider[\"registry.terraform.io/mypurecloud/genesyscloud\"]",
      "instances": [
        {
          "index_key": "+33189378550",
          "schema_version": 1,
          "attributes": {
            "datatable_id": "0798b110-210a-4d58-a9ce-0679f9e476cb",
            "id": "0798b110-210a-4d58-a9ce-0679f9e476cb/+33189378550",
            "key_value": "+33189378550",
            "properties_json": "{\"Action_Num_App\":\"ACCUEIL\",\"Description_Num_App\":\"Test Core Model Middle\",\"Entite\":\"\",\"Groupe_Urgence\":\"\",\"Libelle_Num\":\"Genesys Cloud Voice 1\",\"Motif_Defaut_Num_App\":\"DRSC_CNP_ASSUVIE\",\"Nom_Action_Num_App\":\"DSRC_CNP_ASSUVIE_Acc\",\"Num_Appele\":\"0189378550\"}"
          },
          "sensitive_attributes": [],
          "private": "eyJzY2hlbWFfdmVyc2lvbiI6IjEifQ==",
          "dependencies": [
            "data.genesyscloud_auth_division.Home",
            "genesyscloud_architect_datatable.TEL_ROUTAGE_NUMERO_APPELE"
          ]
        },
        {
          "index_key": "0000000001",
          "schema_version": 1,
          "attributes": {
            "datatable_id": "0798b110-210a-4d58-a9ce-0679f9e476cb",
            "id": "0798b110-210a-4d58-a9ce-0679f9e476cb/0000000001",
            "key_value": "0000000001",
            "properties_json": "{\"Action_Num_App\":\"ACCUEIL\",\"Description_Num_App\":\"ORC_RAP_Sans_Menu\",\"Entite\":\"DAMO_ORC\",\"Groupe_Urgence\":\"\",\"Libelle_Num\":\"\",\"Motif_Defaut_Num_App\":\"ORC_RAP\",\"Nom_Action_Num_App\":\"ORC_RAP_Acc\",\"Num_Appele\":\"0320583895\"}"
          },
          "sensitive_attributes": [],
          "private": "eyJzY2hlbWFfdmVyc2lvbiI6IjEifQ==",
          "dependencies": [
            "data.genesyscloud_auth_division.Home",
            "genesyscloud_architect_datatable.TEL_ROUTAGE_NUMERO_APPELE"
          ]
        },
        {
          "index_key": "0000000002",
          "schema_version": 1,
          "attributes": {
            "datatable_id": "0798b110-210a-4d58-a9ce-0679f9e476cb",
            "id": "0798b110-210a-4d58-a9ce-0679f9e476cb/0000000002",
            "key_value": "0000000002",
            "properties_json": "{\"Action_Num_App\":\"ACCUEIL\",\"Description_Num_App\":\"ORC_RAM_Sans_Menu\",\"Entite\":\"DAMO_ORC\",\"Groupe_Urgence\":\"\",\"Libelle_Num\":\"\",\"Motif_Defaut_Num_App\":\"ORC_RAM\",\"Nom_Action_Num_App\":\"ORC_RAM_Acc\",\"Num_Appele\":\"0969327660\"}"
          },
          "sensitive_attributes": [],
          "private": "eyJzY2hlbWFfdmVyc2lvbiI6IjEifQ==",
          "dependencies": [
            "data.genesyscloud_auth_division.Home",
            "genesyscloud_architect_datatable.TEL_ROUTAGE_NUMERO_APPELE"
          ]
        },
        {
          "index_key": "0000000003",
          "schema_version": 1,
          "attributes": {
            "datatable_id": "0798b110-210a-4d58-a9ce-0679f9e476cb",
            "id": "0798b110-210a-4d58-a9ce-0679f9e476cb/0000000003",
            "key_value": "0000000003",
            "properties_json": "{\"Action_Num_App\":\"ACCUEIL\",\"Description_Num_App\":\"ORC_PRE_CTX_CREDIT_Sans_Menu\",\"Entite\":\"DAMO_ORC\",\"Groupe_Urgence\":\"\",\"Libelle_Num\":\"\",\"Motif_Defaut_Num_App\":\"ORC_PRE_CTX_CREDIT\",\"Nom_Action_Num_App\":\"ORC_PRE_CTX_CREDIT_Acc\",\"Num_Appele\":\"0969376310\"}"
          },
          "sensitive_attributes": [],
          "private": "eyJzY2hlbWFfdmVyc2lvbiI6IjEifQ==",
          "dependencies": [
            "data.genesyscloud_auth_division.Home",
            "genesyscloud_architect_datatable.TEL_ROUTAGE_NUMERO_APPELE"
          ]
        },
        {
          "index_key": "0000000004",
          "schema_version": 1,
          "attributes": {
            "datatable_id": "0798b110-210a-4d58-a9ce-0679f9e476cb",
            "id": "0798b110-210a-4d58-a9ce-0679f9e476cb/0000000004",
            "key_value": "0000000004",
            "properties_json": "{\"Action_Num_App\":\"ACCUEIL\",\"Description_Num_App\":\"ORC_CCI_PRE_CTX_Sans_Menu\",\"Entite\":\"DAMO_ORC\",\"Groupe_Urgence\":\"\",\"Libelle_Num\":\"\",\"Motif_Defaut_Num_App\":\"ORC_CCI_PRE_CTX\",\"Nom_Action_Num_App\":\"ORC_CCI_PRE_CTX_Acc\",\"Num_Appele\":\"0969376325\"}"
          },
          "sensitive_attributes": [],
          "private": "eyJzY2hlbWFfdmVyc2lvbiI6IjEifQ==",
          "dependencies": [
            "data.genesyscloud_auth_division.Home",
            "genesyscloud_architect_datatable.TEL_ROUTAGE_NUMERO_APPELE"
          ]
        },
        {
          "index_key": "0000000005",
          "schema_version": 1,
          "attributes": {
            "datatable_id": "0798b110-210a-4d58-a9ce-0679f9e476cb",
            "id": "0798b110-210a-4d58-a9ce-0679f9e476cb/0000000005",
            "key_value": "0000000005",
            "properties_json": "{\"Action_Num_App\":\"ACCUEIL\",\"Description_Num_App\":\"ORC_CTX_CREDIT_Sans_Menu\",\"Entite\":\"DAMO_ORC\",\"Groupe_Urgence\":\"\",\"Libelle_Num\":\"\",\"Motif_Defaut_Num_App\":\"ORC_CTX_CREDIT\",\"Nom_Action_Num_App\":\"ORC_CTX_CREDIT_Acc\",\"Num_Appele\":\"0969376315\"}"
          },
          "sensitive_attributes": [],
          "private": "eyJzY2hlbWFfdmVyc2lvbiI6IjEifQ==",
          "dependencies": [
            "data.genesyscloud_auth_division.Home",
            "genesyscloud_architect_datatable.TEL_ROUTAGE_NUMERO_APPELE"
          ]
        },
        {
          "index_key": "0000000006",
          "schema_version": 1,
          "attributes": {
            "datatable_id": "0798b110-210a-4d58-a9ce-0679f9e476cb",
            "id": "0798b110-210a-4d58-a9ce-0679f9e476cb/0000000006",
            "key_value": "0000000006",
            "properties_json": "{\"Action_Num_App\":\"ACCUEIL\",\"Description_Num_App\":\"LBPCS_PPH_SVI\",\"Entite\":\"DSRC_DEX_BAD\",\"Groupe_Urgence\":\"\",\"Libelle_Num\":\"\",\"Motif_Defaut_Num_App\":\"LBPCS_PPH_SVI\",\"Nom_Action_Num_App\":\"LBPCS_PPH_Acc\",\"Num_Appele\":\"0969364567\"}"
          },
          "sensitive_attributes": [],
          "private": "eyJzY2hlbWFfdmVyc2lvbiI6IjEifQ==",
          "dependencies": [
            "data.genesyscloud_auth_division.Home",
            "genesyscloud_architect_datatable.TEL_ROUTAGE_NUMERO_APPELE"
          ]
        },
        {
          "index_key": "0000000007",
          "schema_version": 1,
          "attributes": {
            "datatable_id": "0798b110-210a-4d58-a9ce-0679f9e476cb",
            "id": "0798b110-210a-4d58-a9ce-0679f9e476cb/0000000007",
            "key_value": "0000000007",
            "properties_json": "{\"Action_Num_App\":\"ACCUEIL\",\"Description_Num_App\":\"LBPCS_POSTIER_SVI\",\"Entite\":\"DSRC_DEX_BAD\",\"Groupe_Urgence\":\"\",\"Libelle_Num\":\"\",\"Motif_Defaut_Num_App\":\"LBPCS_POSTIER_SVI\",\"Nom_Action_Num_App\":\"LBPCS_POSTIER_Acc\",\"Num_Appele\":\"0969391005\"}"
          },
          "sensitive_attributes": [],
          "private": "eyJzY2hlbWFfdmVyc2lvbiI6IjEifQ==",
          "dependencies": [
            "data.genesyscloud_auth_division.Home",
            "genesyscloud_architect_datatable.TEL_ROUTAGE_NUMERO_APPELE"
          ]
        },
        {
          "index_key": "0000000008",
          "schema_version": 1,
          "attributes": {
            "datatable_id": "0798b110-210a-4d58-a9ce-0679f9e476cb",
            "id": "0798b110-210a-4d58-a9ce-0679f9e476cb/0000000008",
            "key_value": "0000000008",
            "properties_json": "{\"Action_Num_App\":\"ACCUEIL\",\"Description_Num_App\":\"LBPCS_PTF_VACANTS_Sans_Menu\",\"Entite\":\"DSRC_DEX_BAD\",\"Groupe_Urgence\":\"\",\"Libelle_Num\":\"\",\"Motif_Defaut_Num_App\":\"LBPCS_PTF_VACANTS\",\"Nom_Action_Num_App\":\"LBPCS_PTF_VACANTS_Acc\",\"Num_Appele\":\"0969790172\"}"
          },
          "sensitive_attributes": [],
          "private": "eyJzY2hlbWFfdmVyc2lvbiI6IjEifQ==",
          "dependencies": [
            "data.genesyscloud_auth_division.Home",
            "genesyscloud_architect_datatable.TEL_ROUTAGE_NUMERO_APPELE"
          ]
        },
        {
          "index_key": "0000000009",
          "schema_version": 1,
          "attributes": {
            "datatable_id": "0798b110-210a-4d58-a9ce-0679f9e476cb",
            "id": "0798b110-210a-4d58-a9ce-0679f9e476cb/0000000009",
            "key_value": "0000000009",
            "properties_json": "{\"Action_Num_App\":\"ACCUEIL\",\"Description_Num_App\":\"LBPCS_SOUTIENPAT_Sans_Menu\",\"Entite\":\"DSRC_DEX_BAD\",\"Groupe_Urgence\":\"\",\"Libelle_Num\":\"\",\"Motif_Defaut_Num_App\":\"LBPCS_SOUTIENPAT\",\"Nom_Action_Num_App\":\"LBPCS_SOUTIENPAT_Acc\",\"Num_Appele\":\"0969363989\"}"
          },
          "sensitive_attributes": [],
          "private": "eyJzY2hlbWFfdmVyc2lvbiI6IjEifQ==",
          "dependencies": [
            "data.genesyscloud_auth_division.Home",
            "genesyscloud_architect_datatable.TEL_ROUTAGE_NUMERO_APPELE"
          ]
        },
        {
          "index_key": "0000000010",
          "schema_version": 1,
          "attributes": {
            "datatable_id": "0798b110-210a-4d58-a9ce-0679f9e476cb",
            "id": "0798b110-210a-4d58-a9ce-0679f9e476cb/0000000010",
            "key_value": "0000000010",
            "properties_json": "{\"Action_Num_App\":\"ACCUEIL\",\"Description_Num_App\":\"SBA_SVI\",\"Entite\":\"DECQ\",\"Groupe_Urgence\":\"\",\"Libelle_Num\":\"\",\"Motif_Defaut_Num_App\":\"SBA_SVI\",\"Nom_Action_Num_App\":\"SBA_Acc\",\"Num_Appele\":\"0969393600\"}"
          },
          "sensitive_attributes": [],
          "private": "eyJzY2hlbWFfdmVyc2lvbiI6IjEifQ==",
          "dependencies": [
            "data.genesyscloud_auth_division.Home",
            "genesyscloud_architect_datatable.TEL_ROUTAGE_NUMERO_APPELE"
          ]
        },
        {
          "index_key": "0000000011",
          "schema_version": 1,
          "attributes": {
            "datatable_id": "0798b110-210a-4d58-a9ce-0679f9e476cb",
            "id": "0798b110-210a-4d58-a9ce-0679f9e476cb/0000000011",
            "key_value": "0000000011",
            "properties_json": "{\"Action_Num_App\":\"ACCUEIL\",\"Description_Num_App\":\"KYC_Sans_Menu\",\"Entite\":\"DATAE_KYC\",\"Groupe_Urgence\":\"\",\"Libelle_Num\":\"\",\"Motif_Defaut_Num_App\":\"KYC\",\"Nom_Action_Num_App\":\"KYC_Acc\",\"Num_Appele\":\"0969367551\"}"
          },
          "sensitive_attributes": [],
          "private": "eyJzY2hlbWFfdmVyc2lvbiI6IjEifQ==",
          "dependencies": [
            "data.genesyscloud_auth_division.Home",
            "genesyscloud_architect_datatable.TEL_ROUTAGE_NUMERO_APPELE"
          ]
        },
        {
          "index_key": "0000000012",
          "schema_version": 1,
          "attributes": {
            "datatable_id": "0798b110-210a-4d58-a9ce-0679f9e476cb",
            "id": "0798b110-210a-4d58-a9ce-0679f9e476cb/0000000012",
            "key_value": "0000000012",
            "properties_json": "{\"Action_Num_App\":\"ACCUEIL\",\"Description_Num_App\":\"APPUI_CLIENTS_Sans_Menu\",\"Entite\":\"DAMO_FRAGILES\",\"Groupe_Urgence\":\"\",\"Libelle_Num\":\"\",\"Motif_Defaut_Num_App\":\"FRAGILES_APPUI_CLI\",\"Nom_Action_Num_App\":\"FRAGILES_APPUI_CLI_Acc\",\"Num_Appele\":\"0969363920\"}"
          },
          "sensitive_attributes": [],
          "private": "eyJzY2hlbWFfdmVyc2lvbiI6IjEifQ==",
          "dependencies": [
            "data.genesyscloud_auth_division.Home",
            "genesyscloud_architect_datatable.TEL_ROUTAGE_NUMERO_APPELE"
          ]
        },
        {
          "index_key": "0000000013",
          "schema_version": 1,
          "attributes": {
            "datatable_id": "0798b110-210a-4d58-a9ce-0679f9e476cb",
            "id": "0798b110-210a-4d58-a9ce-0679f9e476cb/0000000013",
            "key_value": "0000000013",
            "properties_json": "{\"Action_Num_App\":\"ACCUEIL\",\"Description_Num_App\":\"APPUI_PARTENAIRES_Sans_Menu\",\"Entite\":\"DAMO_FRAGILES\",\"Groupe_Urgence\":\"\",\"Libelle_Num\":\"\",\"Motif_Defaut_Num_App\":\"FRAGILES_APPUI_PAR\",\"Nom_Action_Num_App\":\"FRAGILES_APPUI_PAR_Acc\",\"Num_Appele\":\"0969363925\"}"
          },
          "sensitive_attributes": [],
          "private": "eyJzY2hlbWFfdmVyc2lvbiI6IjEifQ==",
          "dependencies": [
            "data.genesyscloud_auth_division.Home",
            "genesyscloud_architect_datatable.TEL_ROUTAGE_NUMERO_APPELE"
          ]
        },
        {
          "index_key": "0000000014",
          "schema_version": 1,
          "attributes": {
            "datatable_id": "0798b110-210a-4d58-a9ce-0679f9e476cb",
            "id": "0798b110-210a-4d58-a9ce-0679f9e476cb/0000000014",
            "key_value": "0000000014",
            "properties_json": "{\"Action_Num_App\":\"ACCUEIL\",\"Description_Num_App\":\"FRAGILES_SVI\",\"Entite\":\"DAMO_FRAGILES\",\"Groupe_Urgence\":\"\",\"Libelle_Num\":\"\",\"Motif_Defaut_Num_App\":\"FRAGILES_SVI\",\"Nom_Action_Num_App\":\"FRAGILES_Acc\",\"Num_Appele\":\"0969320321\"}"
          },
          "sensitive_attributes": [],
          "private": "eyJzY2hlbWFfdmVyc2lvbiI6IjEifQ==",
          "dependencies": [
            "data.genesyscloud_auth_division.Home",
            "genesyscloud_architect_datatable.TEL_ROUTAGE_NUMERO_APPELE"
          ]
        },
        {
          "index_key": "0000000015",
          "schema_version": 1,
          "attributes": {
            "datatable_id": "0798b110-210a-4d58-a9ce-0679f9e476cb",
            "id": "0798b110-210a-4d58-a9ce-0679f9e476cb/0000000015",
            "key_value": "0000000015",
            "properties_json": "{\"Action_Num_App\":\"ACCUEIL\",\"Description_Num_App\":\"SUC_SERVICE_ROU_Sans_Menu\",\"Entite\":\"DAMO_SUCCESSIONS\",\"Groupe_Urgence\":\"\",\"Libelle_Num\":\"\",\"Motif_Defaut_Num_App\":\"SUC_SERVICE_ROU\",\"Nom_Action_Num_App\":\"SUC_SERVICE_ROU_Acc\",\"Num_Appele\":\"0969814455\"}"
          },
          "sensitive_attributes": [],
          "private": "eyJzY2hlbWFfdmVyc2lvbiI6IjEifQ==",
          "dependencies": [
            "data.genesyscloud_auth_division.Home",
            "genesyscloud_architect_datatable.TEL_ROUTAGE_NUMERO_APPELE"
          ]
        },
        {
          "index_key": "0000000016",
          "schema_version": 1,
          "attributes": {
            "datatable_id": "0798b110-210a-4d58-a9ce-0679f9e476cb",
            "id": "0798b110-210a-4d58-a9ce-0679f9e476cb/0000000016",
            "key_value": "0000000016",
            "properties_json": "{\"Action_Num_App\":\"ACCUEIL\",\"Description_Num_App\":\"SUC_SERVICE_CLE_Sans_Menu\",\"Entite\":\"DAMO_SUCCESSIONS\",\"Groupe_Urgence\":\"\",\"Libelle_Num\":\"\",\"Motif_Defaut_Num_App\":\"SUC_SERVICE_CLE\",\"Nom_Action_Num_App\":\"SUC_SERVICE_CLE_Acc\",\"Num_Appele\":\"0969814457\"}"
          },
          "sensitive_attributes": [],
          "private": "eyJzY2hlbWFfdmVyc2lvbiI6IjEifQ==",
          "dependencies": [
            "data.genesyscloud_auth_division.Home",
            "genesyscloud_architect_datatable.TEL_ROUTAGE_NUMERO_APPELE"
          ]
        },
        {
          "index_key": "0000000017",
          "schema_version": 1,
          "attributes": {
            "datatable_id": "0798b110-210a-4d58-a9ce-0679f9e476cb",
            "id": "0798b110-210a-4d58-a9ce-0679f9e476cb/0000000017",
            "key_value": "0000000017",
            "properties_json": "{\"Action_Num_App\":\"ACCUEIL\",\"Description_Num_App\":\"SUC_SERVICE_MAR_Sans_Menu\",\"Entite\":\"DAMO_SUCCESSIONS\",\"Groupe_Urgence\":\"\",\"Libelle_Num\":\"\",\"Motif_Defaut_Num_App\":\"SUC_SERVICE_MAR\",\"Nom_Action_Num_App\":\"SUC_SERVICE_MAR_Acc\",\"Num_Appele\":\"0969814456\"}"
          },
          "sensitive_attributes": [],
          "private": "eyJzY2hlbWFfdmVyc2lvbiI6IjEifQ==",
          "dependencies": [
            "data.genesyscloud_auth_division.Home",
            "genesyscloud_architect_datatable.TEL_ROUTAGE_NUMERO_APPELE"
          ]
        },
        {
          "index_key": "0000000018",
          "schema_version": 1,
          "attributes": {
            "datatable_id": "0798b110-210a-4d58-a9ce-0679f9e476cb",
            "id": "0798b110-210a-4d58-a9ce-0679f9e476cb/0000000018",
            "key_value": "0000000018",
            "properties_json": "{\"Action_Num_App\":\"ACCUEIL\",\"Description_Num_App\":\"SUC_AGENCE_MAR_Sans_Menu\",\"Entite\":\"DAMO_SUCCESSIONS\",\"Groupe_Urgence\":\"\",\"Libelle_Num\":\"\",\"Motif_Defaut_Num_App\":\"SUC_AGENCE_MAR\",\"Nom_Action_Num_App\":\"SUC_AGENCE_MAR_Acc\",\"Num_Appele\":\"0969791773\"}"
          },
          "sensitive_attributes": [],
          "private": "eyJzY2hlbWFfdmVyc2lvbiI6IjEifQ==",
          "dependencies": [
            "data.genesyscloud_auth_division.Home",
            "genesyscloud_architect_datatable.TEL_ROUTAGE_NUMERO_APPELE"
          ]
        },
        {
          "index_key": "0000000019",
          "schema_version": 1,
          "attributes": {
            "datatable_id": "0798b110-210a-4d58-a9ce-0679f9e476cb",
            "id": "0798b110-210a-4d58-a9ce-0679f9e476cb/0000000019",
            "key_value": "0000000019",
            "properties_json": "{\"Action_Num_App\":\"ACCUEIL\",\"Description_Num_App\":\"SUC_AGENCE_ROU_Sans_Menu\",\"Entite\":\"DAMO_SUCCESSIONS\",\"Groupe_Urgence\":\"\",\"Libelle_Num\":\"\",\"Motif_Defaut_Num_App\":\"SUC_AGENCE_ROU\",\"Nom_Action_Num_App\":\"SUC_AGENCE_ROU_Acc\",\"Num_Appele\":\"0969791774\"}"
          },
          "sensitive_attributes": [],
          "private": "eyJzY2hlbWFfdmVyc2lvbiI6IjEifQ==",
          "dependencies": [
            "data.genesyscloud_auth_division.Home",
            "genesyscloud_architect_datatable.TEL_ROUTAGE_NUMERO_APPELE"
          ]
        },
        {
          "index_key": "0000000020",
          "schema_version": 1,
          "attributes": {
            "datatable_id": "0798b110-210a-4d58-a9ce-0679f9e476cb",
            "id": "0798b110-210a-4d58-a9ce-0679f9e476cb/0000000020",
            "key_value": "0000000020",
            "properties_json": "{\"Action_Num_App\":\"ACCUEIL\",\"Description_Num_App\":\"SUC_AGENCE_CLE_Sans_Menu\",\"Entite\":\"DAMO_SUCCESSIONS\",\"Groupe_Urgence\":\"\",\"Libelle_Num\":\"\",\"Motif_Defaut_Num_App\":\"SUC_AGENCE_CLE\",\"Nom_Action_Num_App\":\"SUC_AGENCE_CLE_Acc\",\"Num_Appele\":\"0969791772\"}"
          },
          "sensitive_attributes": [],
          "private": "eyJzY2hlbWFfdmVyc2lvbiI6IjEifQ==",
          "dependencies": [
            "data.genesyscloud_auth_division.Home",
            "genesyscloud_architect_datatable.TEL_ROUTAGE_NUMERO_APPELE"
          ]
        },
        {
          "index_key": "0000000021",
          "schema_version": 1,
          "attributes": {
            "datatable_id": "0798b110-210a-4d58-a9ce-0679f9e476cb",
            "id": "0798b110-210a-4d58-a9ce-0679f9e476cb/0000000021",
            "key_value": "0000000021",
            "properties_json": "{\"Action_Num_App\":\"ACCUEIL\",\"Description_Num_App\":\"SUC_ACTIVITE_CLE_Sans_Menu\",\"Entite\":\"DAMO_SUCCESSIONS\",\"Groupe_Urgence\":\"\",\"Libelle_Num\":\"\",\"Motif_Defaut_Num_App\":\"SUC_ACTIVITE_ROU\",\"Nom_Action_Num_App\":\"SUC_ACTIVITE_ROU_Acc\",\"Num_Appele\":\"0969790001\"}"
          },
          "sensitive_attributes": [],
          "private": "eyJzY2hlbWFfdmVyc2lvbiI6IjEifQ==",
          "dependencies": [
            "data.genesyscloud_auth_division.Home",
            "genesyscloud_architect_datatable.TEL_ROUTAGE_NUMERO_APPELE"
          ]
        },
        {
          "index_key": "0000000022",
          "schema_version": 1,
          "attributes": {
            "datatable_id": "0798b110-210a-4d58-a9ce-0679f9e476cb",
            "id": "0798b110-210a-4d58-a9ce-0679f9e476cb/0000000022",
            "key_value": "0000000022",
            "properties_json": "{\"Action_Num_App\":\"ACCUEIL\",\"Description_Num_App\":\"SUC_ACTIVITE_MAR_Sans_Menu\",\"Entite\":\"DAMO_SUCCESSIONS\",\"Groupe_Urgence\":\"\",\"Libelle_Num\":\"\",\"Motif_Defaut_Num_App\":\"SUC_ACTIVITE_CLE\",\"Nom_Action_Num_App\":\"SUC_ACTIVITE_CLE_Acc\",\"Num_Appele\":\"0969790002\"}"
          },
          "sensitive_attributes": [],
          "private": "eyJzY2hlbWFfdmVyc2lvbiI6IjEifQ==",
          "dependencies": [
            "data.genesyscloud_auth_division.Home",
            "genesyscloud_architect_datatable.TEL_ROUTAGE_NUMERO_APPELE"
          ]
        },
        {
          "index_key": "0000000023",
          "schema_version": 1,
          "attributes": {
            "datatable_id": "0798b110-210a-4d58-a9ce-0679f9e476cb",
            "id": "0798b110-210a-4d58-a9ce-0679f9e476cb/0000000023",
            "key_value": "0000000023",
            "properties_json": "{\"Action_Num_App\":\"ACCUEIL\",\"Description_Num_App\":\"SUC_ACTIVITE_ROU_Sans_Menu\",\"Entite\":\"DAMO_SUCCESSIONS\",\"Groupe_Urgence\":\"\",\"Libelle_Num\":\"\",\"Motif_Defaut_Num_App\":\"SUC_ACTIVITE_MAR\",\"Nom_Action_Num_App\":\"SUC_ACTIVITE_MAR_Acc\",\"Num_Appele\":\"0969790003\"}"
          },
          "sensitive_attributes": [],
          "private": "eyJzY2hlbWFfdmVyc2lvbiI6IjEifQ==",
          "dependencies": [
            "data.genesyscloud_auth_division.Home",
            "genesyscloud_architect_datatable.TEL_ROUTAGE_NUMERO_APPELE"
          ]
        },
        {
          "index_key": "0000000024",
          "schema_version": 1,
          "attributes": {
            "datatable_id": "0798b110-210a-4d58-a9ce-0679f9e476cb",
            "id": "0798b110-210a-4d58-a9ce-0679f9e476cb/0000000024",
            "key_value": "0000000024",
            "properties_json": "{\"Action_Num_App\":\"ACCUEIL\",\"Description_Num_App\":\"MAJPRO_SVI\",\"Entite\":\"DAMO_MAJPRO\",\"Groupe_Urgence\":\"\",\"Libelle_Num\":\"\",\"Motif_Defaut_Num_App\":\"MAJPRO_SVI\",\"Nom_Action_Num_App\":\"MAJPRO_Acc\",\"Num_Appele\":\"0969329671\"}"
          },
          "sensitive_attributes": [],
          "private": "eyJzY2hlbWFfdmVyc2lvbiI6IjEifQ==",
          "dependencies": [
            "data.genesyscloud_auth_division.Home",
            "genesyscloud_architect_datatable.TEL_ROUTAGE_NUMERO_APPELE"
          ]
        },
        {
          "index_key": "0000000025",
          "schema_version": 1,
          "attributes": {
            "datatable_id": "0798b110-210a-4d58-a9ce-0679f9e476cb",
            "id": "0798b110-210a-4d58-a9ce-0679f9e476cb/0000000025",
            "key_value": "0000000025",
            "properties_json": "{\"Action_Num_App\":\"ACCUEIL\",\"Description_Num_App\":\"MOPRO_SRC_SVI\",\"Entite\":\"DAD\",\"Groupe_Urgence\":\"\",\"Libelle_Num\":\"\",\"Motif_Defaut_Num_App\":\"MOPRO_SRC_SVI\",\"Nom_Action_Num_App\":\"MOPRO_SRC_Acc\",\"Num_Appele\":\"0969326079\"}"
          },
          "sensitive_attributes": [],
          "private": "eyJzY2hlbWFfdmVyc2lvbiI6IjEifQ==",
          "dependencies": [
            "data.genesyscloud_auth_division.Home",
            "genesyscloud_architect_datatable.TEL_ROUTAGE_NUMERO_APPELE"
          ]
        },
        {
          "index_key": "0000000026",
          "schema_version": 1,
          "attributes": {
            "datatable_id": "0798b110-210a-4d58-a9ce-0679f9e476cb",
            "id": "0798b110-210a-4d58-a9ce-0679f9e476cb/0000000026",
            "key_value": "0000000026",
            "properties_json": "{\"Action_Num_App\":\"ACCUEIL\",\"Description_Num_App\":\"MOPRO_SEP_SVI\",\"Entite\":\"DAD\",\"Groupe_Urgence\":\"\",\"Libelle_Num\":\"\",\"Motif_Defaut_Num_App\":\"MOPRO_SEP_SVI\",\"Nom_Action_Num_App\":\"MOPRO_SEP_Acc\",\"Num_Appele\":\"0969328249\"}"
          },
          "sensitive_attributes": [],
          "private": "eyJzY2hlbWFfdmVyc2lvbiI6IjEifQ==",
          "dependencies": [
            "data.genesyscloud_auth_division.Home",
            "genesyscloud_architect_datatable.TEL_ROUTAGE_NUMERO_APPELE"
          ]
        },
        {
          "index_key": "0000000027",
          "schema_version": 1,
          "attributes": {
            "datatable_id": "0798b110-210a-4d58-a9ce-0679f9e476cb",
            "id": "0798b110-210a-4d58-a9ce-0679f9e476cb/0000000027",
            "key_value": "0000000027",
            "properties_json": "{\"Action_Num_App\":\"ACCUEIL\",\"Description_Num_App\":\"MOPRO_SRC_DOM_SVI\",\"Entite\":\"DAD\",\"Groupe_Urgence\":\"\",\"Libelle_Num\":\"\",\"Motif_Defaut_Num_App\":\"MOPRO_SRC_DOM_SVI\",\"Nom_Action_Num_App\":\"MOPRO_SRC_DOM_Acc\",\"Num_Appele\":\"0969363908\"}"
          },
          "sensitive_attributes": [],
          "private": "eyJzY2hlbWFfdmVyc2lvbiI6IjEifQ==",
          "dependencies": [
            "data.genesyscloud_auth_division.Home",
            "genesyscloud_architect_datatable.TEL_ROUTAGE_NUMERO_APPELE"
          ]
        },
        {
          "index_key": "0000000028",
          "schema_version": 1,
          "attributes": {
            "datatable_id": "0798b110-210a-4d58-a9ce-0679f9e476cb",
            "id": "0798b110-210a-4d58-a9ce-0679f9e476cb/0000000028",
            "key_value": "0000000028",
            "properties_json": "{\"Action_Num_App\":\"ACCUEIL\",\"Description_Num_App\":\"MOPRO_FRONT_DOM_SVI\",\"Entite\":\"DAD\",\"Groupe_Urgence\":\"\",\"Libelle_Num\":\"\",\"Motif_Defaut_Num_App\":\"MOPRO_FRONT_DOM_SVI\",\"Nom_Action_Num_App\":\"MOPRO_FRONT_DOM_Acc\",\"Num_Appele\":\"0969363911\"}"
          },
          "sensitive_attributes": [],
          "private": "eyJzY2hlbWFfdmVyc2lvbiI6IjEifQ==",
          "dependencies": [
            "data.genesyscloud_auth_division.Home",
            "genesyscloud_architect_datatable.TEL_ROUTAGE_NUMERO_APPELE"
          ]
        },
        {
          "index_key": "0000000029",
          "schema_version": 1,
          "attributes": {
            "datatable_id": "0798b110-210a-4d58-a9ce-0679f9e476cb",
            "id": "0798b110-210a-4d58-a9ce-0679f9e476cb/0000000029",
            "key_value": "0000000029",
            "properties_json": "{\"Action_Num_App\":\"ACCUEIL\",\"Description_Num_App\":\"MOPRO_ASS_BEL_SVI\",\"Entite\":\"DAD\",\"Groupe_Urgence\":\"\",\"Libelle_Num\":\"\",\"Motif_Defaut_Num_App\":\"MOPRO_ASS_BEL_SVI\",\"Nom_Action_Num_App\":\"MOPRO_ASS_BEL_Acc\",\"Num_Appele\":\"0810757677\"}"
          },
          "sensitive_attributes": [],
          "private": "eyJzY2hlbWFfdmVyc2lvbiI6IjEifQ==",
          "dependencies": [
            "data.genesyscloud_auth_division.Home",
            "genesyscloud_architect_datatable.TEL_ROUTAGE_NUMERO_APPELE"
          ]
        },
        {
          "index_key": "0000000030",
          "schema_version": 1,
          "attributes": {
            "datatable_id": "0798b110-210a-4d58-a9ce-0679f9e476cb",
            "id": "0798b110-210a-4d58-a9ce-0679f9e476cb/0000000030",
            "key_value": "0000000030",
            "properties_json": "{\"Action_Num_App\":\"ACCUEIL\",\"Description_Num_App\":\"SBA_SVI\",\"Entite\":\"DECQ\",\"Groupe_Urgence\":\"\",\"Libelle_Num\":\"\",\"Motif_Defaut_Num_App\":\"SBA_SVI\",\"Nom_Action_Num_App\":\"SBA_Acc\",\"Num_Appele\":\"0969393600\"}"
          },
          "sensitive_attributes": [],
          "private": "eyJzY2hlbWFfdmVyc2lvbiI6IjEifQ==",
          "dependencies": [
            "data.genesyscloud_auth_division.Home",
            "genesyscloud_architect_datatable.TEL_ROUTAGE_NUMERO_APPELE"
          ]
        },
        {
          "index_key": "0000000031",
          "schema_version": 1,
          "attributes": {
            "datatable_id": "0798b110-210a-4d58-a9ce-0679f9e476cb",
            "id": "0798b110-210a-4d58-a9ce-0679f9e476cb/0000000031",
            "key_value": "0000000031",
            "properties_json": "{\"Action_Num_App\":\"ACCUEIL\",\"Description_Num_App\":\"DOP_SEC_SVI\",\"Entite\":\"DOP\",\"Groupe_Urgence\":\"\",\"Libelle_Num\":\"\",\"Motif_Defaut_Num_App\":\"DOP_SEC_SVI\",\"Nom_Action_Num_App\":\"DOP_SEC_Acc\",\"Num_Appele\":\"0153683515\"}"
          },
          "sensitive_attributes": [],
          "private": "eyJzY2hlbWFfdmVyc2lvbiI6IjEifQ==",
          "dependencies": [
            "data.genesyscloud_auth_division.Home",
            "genesyscloud_architect_datatable.TEL_ROUTAGE_NUMERO_APPELE"
          ]
        },
        {
          "index_key": "0000000033",
          "schema_version": 1,
          "attributes": {
            "datatable_id": "0798b110-210a-4d58-a9ce-0679f9e476cb",
            "id": "0798b110-210a-4d58-a9ce-0679f9e476cb/0000000033",
            "key_value": "0000000033",
            "properties_json": "{\"Action_Num_App\":\"ACCUEIL\",\"Description_Num_App\":\"DOP_CARTES_PREPAYEES_Sans_Menu\",\"Entite\":\"DOP\",\"Groupe_Urgence\":\"\",\"Libelle_Num\":\"\",\"Motif_Defaut_Num_App\":\"DOP_CARTES_PREPAYEES\",\"Nom_Action_Num_App\":\"DOP_CARTES_PREPAYEES_Acc\",\"Num_Appele\":\"0969367020\"}"
          },
          "sensitive_attributes": [],
          "private": "eyJzY2hlbWFfdmVyc2lvbiI6IjEifQ==",
          "dependencies": [
            "data.genesyscloud_auth_division.Home",
            "genesyscloud_architect_datatable.TEL_ROUTAGE_NUMERO_APPELE"
          ]
        },
        {
          "index_key": "0000000034",
          "schema_version": 1,
          "attributes": {
            "datatable_id": "0798b110-210a-4d58-a9ce-0679f9e476cb",
            "id": "0798b110-210a-4d58-a9ce-0679f9e476cb/0000000034",
            "key_value": "0000000034",
            "properties_json": "{\"Action_Num_App\":\"ACCUEIL\",\"Description_Num_App\":\"DOP_ACCUEIL_SVI\",\"Entite\":\"DOP\",\"Groupe_Urgence\":\"\",\"Libelle_Num\":\"\",\"Motif_Defaut_Num_App\":\"DOP_ACCUEIL\",\"Nom_Action_Num_App\":\"DOP_ACCUEIL_Acc\",\"Num_Appele\":\"0825048047\"}"
          },
          "sensitive_attributes": [],
          "private": "eyJzY2hlbWFfdmVyc2lvbiI6IjEifQ==",
          "dependencies": [
            "data.genesyscloud_auth_division.Home",
            "genesyscloud_architect_datatable.TEL_ROUTAGE_NUMERO_APPELE"
          ]
        },
        {
          "index_key": "0000000035",
          "schema_version": 1,
          "attributes": {
            "datatable_id": "0798b110-210a-4d58-a9ce-0679f9e476cb",
            "id": "0798b110-210a-4d58-a9ce-0679f9e476cb/0000000035",
            "key_value": "0000000035",
            "properties_json": "{\"Action_Num_App\":\"ACCUEIL\",\"Description_Num_App\":\"PPTF_INTERNE_Sans_Menu\",\"Entite\":\"DCONF\",\"Groupe_Urgence\":\"\",\"Libelle_Num\":\"\",\"Motif_Defaut_Num_App\":\"PPTF_INTERNE\",\"Nom_Action_Num_App\":\"PPTF_INTERNE_Acc\",\"Num_Appele\":\"0555444931\"}"
          },
          "sensitive_attributes": [],
          "private": "eyJzY2hlbWFfdmVyc2lvbiI6IjEifQ==",
          "dependencies": [
            "data.genesyscloud_auth_division.Home",
            "genesyscloud_architect_datatable.TEL_ROUTAGE_NUMERO_APPELE"
          ]
        },
        {
          "index_key": "0000000036",
          "schema_version": 1,
          "attributes": {
            "datatable_id": "0798b110-210a-4d58-a9ce-0679f9e476cb",
            "id": "0798b110-210a-4d58-a9ce-0679f9e476cb/0000000036",
            "key_value": "0000000036",
            "properties_json": "{\"Action_Num_App\":\"ACCUEIL\",\"Description_Num_App\":\"PPTF_EXTERNE_Sans_Menu\",\"Entite\":\"DCONF\",\"Groupe_Urgence\":\"\",\"Libelle_Num\":\"\",\"Motif_Defaut_Num_App\":\"PPTF_EXTERNE\",\"Nom_Action_Num_App\":\"PPTF_EXTERNE_Acc\",\"Num_Appele\":\"0555444195\"}"
          },
          "sensitive_attributes": [],
          "private": "eyJzY2hlbWFfdmVyc2lvbiI6IjEifQ==",
          "dependencies": [
            "data.genesyscloud_auth_division.Home",
            "genesyscloud_architect_datatable.TEL_ROUTAGE_NUMERO_APPELE"
          ]
        },
        {
          "index_key": "0000000037",
          "schema_version": 1,
          "attributes": {
            "datatable_id": "0798b110-210a-4d58-a9ce-0679f9e476cb",
            "id": "0798b110-210a-4d58-a9ce-0679f9e476cb/0000000037",
            "key_value": "0000000037",
            "properties_json": "{\"Action_Num_App\":\"ACCUEIL\",\"Description_Num_App\":\"PPTF_BP_Sans_Menu\",\"Entite\":\"DCONF\",\"Groupe_Urgence\":\"\",\"Libelle_Num\":\"\",\"Motif_Defaut_Num_App\":\"PPTF_BP\",\"Nom_Action_Num_App\":\"PPTF_BP_Acc\",\"Num_Appele\":\"0555444928\"}"
          },
          "sensitive_attributes": [],
          "private": "eyJzY2hlbWFfdmVyc2lvbiI6IjEifQ==",
          "dependencies": [
            "data.genesyscloud_auth_division.Home",
            "genesyscloud_architect_datatable.TEL_ROUTAGE_NUMERO_APPELE"
          ]
        },
        {
          "index_key": "0000000038",
          "schema_version": 1,
          "attributes": {
            "datatable_id": "0798b110-210a-4d58-a9ce-0679f9e476cb",
            "id": "0798b110-210a-4d58-a9ce-0679f9e476cb/0000000038",
            "key_value": "0000000038",
            "properties_json": "{\"Action_Num_App\":\"ACCUEIL\",\"Description_Num_App\":\"OJ_DROIT_DE_COM_Sans_Menu\",\"Entite\":\"DATAE_OJ\",\"Groupe_Urgence\":\"\",\"Libelle_Num\":\"\",\"Motif_Defaut_Num_App\":\"OJ_DROIT_DE_COM\",\"Nom_Action_Num_App\":\"OJ_DROIT_DE_COM_Acc\",\"Num_Appele\":\"0238645116\"}"
          },
          "sensitive_attributes": [],
          "private": "eyJzY2hlbWFfdmVyc2lvbiI6IjEifQ==",
          "dependencies": [
            "data.genesyscloud_auth_division.Home",
            "genesyscloud_architect_datatable.TEL_ROUTAGE_NUMERO_APPELE"
          ]
        },
        {
          "index_key": "0000000039",
          "schema_version": 1,
          "attributes": {
            "datatable_id": "0798b110-210a-4d58-a9ce-0679f9e476cb",
            "id": "0798b110-210a-4d58-a9ce-0679f9e476cb/0000000039",
            "key_value": "0000000039",
            "properties_json": "{\"Action_Num_App\":\"ACCUEIL\",\"Description_Num_App\":\"OJ_REQUISITIONS_Sans_Menu\",\"Entite\":\"DATAE_OJ\",\"Groupe_Urgence\":\"\",\"Libelle_Num\":\"\",\"Motif_Defaut_Num_App\":\"OJ_REQUISITIONS\",\"Nom_Action_Num_App\":\"OJ_REQUISITIONS_Acc\",\"Num_Appele\":\"0969361799\"}"
          },
          "sensitive_attributes": [],
          "private": "eyJzY2hlbWFfdmVyc2lvbiI6IjEifQ==",
          "dependencies": [
            "data.genesyscloud_auth_division.Home",
            "genesyscloud_architect_datatable.TEL_ROUTAGE_NUMERO_APPELE"
          ]
        },
        {
          "index_key": "0000000040",
          "schema_version": 1,
          "attributes": {
            "datatable_id": "0798b110-210a-4d58-a9ce-0679f9e476cb",
            "id": "0798b110-210a-4d58-a9ce-0679f9e476cb/0000000040",
            "key_value": "0000000040",
            "properties_json": "{\"Action_Num_App\":\"ACCUEIL\",\"Description_Num_App\":\"OJ_SAISIES_HUISSIERS_Sans_Menu\",\"Entite\":\"DATAE_OJ\",\"Groupe_Urgence\":\"\",\"Libelle_Num\":\"\",\"Motif_Defaut_Num_App\":\"OJ_SAISIES_HUISSIERS\",\"Nom_Action_Num_App\":\"OJ_SAISIES_HUISSIERS_Acc\",\"Num_Appele\":\"0969321916\"}"
          },
          "sensitive_attributes": [],
          "private": "eyJzY2hlbWFfdmVyc2lvbiI6IjEifQ==",
          "dependencies": [
            "data.genesyscloud_auth_division.Home",
            "genesyscloud_architect_datatable.TEL_ROUTAGE_NUMERO_APPELE"
          ]
        },
        {
          "index_key": "0000000041",
          "schema_version": 1,
          "attributes": {
            "datatable_id": "0798b110-210a-4d58-a9ce-0679f9e476cb",
            "id": "0798b110-210a-4d58-a9ce-0679f9e476cb/0000000041",
            "key_value": "0000000041",
            "properties_json": "{\"Action_Num_App\":\"ACCUEIL\",\"Description_Num_App\":\"OJ_PENSIONS_ALIMENTAIRES_Sans_Menu\",\"Entite\":\"DATAE_OJ\",\"Groupe_Urgence\":\"\",\"Libelle_Num\":\"\",\"Motif_Defaut_Num_App\":\"OJ_PENSIONS_ALIMENTAIRES\",\"Nom_Action_Num_App\":\"OJ_PENSIONS_ALIMENTAIRES_Acc\",\"Num_Appele\":\"0000000000\"}"
          },
          "sensitive_attributes": [],
          "private": "eyJzY2hlbWFfdmVyc2lvbiI6IjEifQ==",
          "dependencies": [
            "data.genesyscloud_auth_division.Home",
            "genesyscloud_architect_datatable.TEL_ROUTAGE_NUMERO_APPELE"
          ]
        },
        {
          "index_key": "0000000042",
          "schema_version": 1,
          "attributes": {
            "datatable_id": "0798b110-210a-4d58-a9ce-0679f9e476cb",
            "id": "0798b110-210a-4d58-a9ce-0679f9e476cb/0000000042",
            "key_value": "0000000042",
            "properties_json": "{\"Action_Num_App\":\"ACCUEIL\",\"Description_Num_App\":\"VM_SRPVM_TCC_Sans_Menu\",\"Entite\":\"DATAE_VALMOB\",\"Groupe_Urgence\":\"\",\"Libelle_Num\":\"\",\"Motif_Defaut_Num_App\":\"VM_SRPVM_TCC\",\"Nom_Action_Num_App\":\"VM_SRPVM_TCC_Acc\",\"Num_Appele\":\"0555425580\"}"
          },
          "sensitive_attributes": [],
          "private": "eyJzY2hlbWFfdmVyc2lvbiI6IjEifQ==",
          "dependencies": [
            "data.genesyscloud_auth_division.Home",
            "genesyscloud_architect_datatable.TEL_ROUTAGE_NUMERO_APPELE"
          ]
        },
        {
          "index_key": "0000000043",
          "schema_version": 1,
          "attributes": {
            "datatable_id": "0798b110-210a-4d58-a9ce-0679f9e476cb",
            "id": "0798b110-210a-4d58-a9ce-0679f9e476cb/0000000043",
            "key_value": "0000000043",
            "properties_json": "{\"Action_Num_App\":\"ACCUEIL\",\"Description_Num_App\":\"VM_ SRPVM_RTOR_Sans_Menu\",\"Entite\":\"DATAE_VALMOB\",\"Groupe_Urgence\":\"\",\"Libelle_Num\":\"\",\"Motif_Defaut_Num_App\":\"VM_ SRPVM_RTOR\",\"Nom_Action_Num_App\":\"VM_ SRPVM_RTOR_Acc\",\"Num_Appele\":\"0555425592\"}"
          },
          "sensitive_attributes": [],
          "private": "eyJzY2hlbWFfdmVyc2lvbiI6IjEifQ==",
          "dependencies": [
            "data.genesyscloud_auth_division.Home",
            "genesyscloud_architect_datatable.TEL_ROUTAGE_NUMERO_APPELE"
          ]
        },
        {
          "index_key": "0000000044",
          "schema_version": 1,
          "attributes": {
            "datatable_id": "0798b110-210a-4d58-a9ce-0679f9e476cb",
            "id": "0798b110-210a-4d58-a9ce-0679f9e476cb/0000000044",
            "key_value": "0000000044",
            "properties_json": "{\"Action_Num_App\":\"ACCUEIL\",\"Description_Num_App\":\"VM_SC_BOURSE_Sans_Menu\",\"Entite\":\"DATAE_VALMOB\",\"Groupe_Urgence\":\"\",\"Libelle_Num\":\"\",\"Motif_Defaut_Num_App\":\"VM_SC_BOURSE\",\"Nom_Action_Num_App\":\"VM_SC_BOURSE_Acc\",\"Num_Appele\":\"0969320022\"}"
          },
          "sensitive_attributes": [],
          "private": "eyJzY2hlbWFfdmVyc2lvbiI6IjEifQ==",
          "dependencies": [
            "data.genesyscloud_auth_division.Home",
            "genesyscloud_architect_datatable.TEL_ROUTAGE_NUMERO_APPELE"
          ]
        },
        {
          "index_key": "0000000045",
          "schema_version": 1,
          "attributes": {
            "datatable_id": "0798b110-210a-4d58-a9ce-0679f9e476cb",
            "id": "0798b110-210a-4d58-a9ce-0679f9e476cb/0000000045",
            "key_value": "0000000045",
            "properties_json": "{\"Action_Num_App\":\"ACCUEIL\",\"Description_Num_App\":\"VM_RAPPEL_CLIENT_Sans_Menu\",\"Entite\":\"DATAE_VALMOB\",\"Groupe_Urgence\":\"\",\"Libelle_Num\":\"\",\"Motif_Defaut_Num_App\":\"VM_RAPPEL_CLIENT\",\"Nom_Action_Num_App\":\"VM_RAPPEL_CLIENT_Acc\",\"Num_Appele\":\"0969369246\"}"
          },
          "sensitive_attributes": [],
          "private": "eyJzY2hlbWFfdmVyc2lvbiI6IjEifQ==",
          "dependencies": [
            "data.genesyscloud_auth_division.Home",
            "genesyscloud_architect_datatable.TEL_ROUTAGE_NUMERO_APPELE"
          ]
        },
        {
          "index_key": "0000000046",
          "schema_version": 1,
          "attributes": {
            "datatable_id": "0798b110-210a-4d58-a9ce-0679f9e476cb",
            "id": "0798b110-210a-4d58-a9ce-0679f9e476cb/0000000046",
            "key_value": "0000000046",
            "properties_json": "{\"Action_Num_App\":\"ACCUEIL\",\"Description_Num_App\":\"VM_CELLULE_FISCALE_Sans_Menu\",\"Entite\":\"DATAE_VALMOB\",\"Groupe_Urgence\":\"\",\"Libelle_Num\":\"\",\"Motif_Defaut_Num_App\":\"VM_CELLULE_FISCALE\",\"Nom_Action_Num_App\":\"VM_CELLULE_FISCALE_Acc\",\"Num_Appele\":\"a valider avec le metier\"}"
          },
          "sensitive_attributes": [],
          "private": "eyJzY2hlbWFfdmVyc2lvbiI6IjEifQ==",
          "dependencies": [
            "data.genesyscloud_auth_division.Home",
            "genesyscloud_architect_datatable.TEL_ROUTAGE_NUMERO_APPELE"
          ]
        },
        {
          "index_key": "0000000047",
          "schema_version": 1,
          "attributes": {
            "datatable_id": "0798b110-210a-4d58-a9ce-0679f9e476cb",
            "id": "0798b110-210a-4d58-a9ce-0679f9e476cb/0000000047",
            "key_value": "0000000047",
            "properties_json": "{\"Action_Num_App\":\"ACCUEIL\",\"Description_Num_App\":\"DSRC_TEC_3639_INT_Sans_Menu\",\"Entite\":\"DSRC\",\"Groupe_Urgence\":\"\",\"Libelle_Num\":\"\",\"Motif_Defaut_Num_App\":\"DSRC_3639_INT\",\"Nom_Action_Num_App\":\"DSRC_3639_INT_Acc\",\"Num_Appele\":\"0145453639\"}"
          },
          "sensitive_attributes": [],
          "private": "eyJzY2hlbWFfdmVyc2lvbiI6IjEifQ==",
          "dependencies": [
            "data.genesyscloud_auth_division.Home",
            "genesyscloud_architect_datatable.TEL_ROUTAGE_NUMERO_APPELE"
          ]
        },
        {
          "index_key": "0000000048",
          "schema_version": 1,
          "attributes": {
            "datatable_id": "0798b110-210a-4d58-a9ce-0679f9e476cb",
            "id": "0798b110-210a-4d58-a9ce-0679f9e476cb/0000000048",
            "key_value": "0000000048",
            "properties_json": "{\"Action_Num_App\":\"ACCUEIL\",\"Description_Num_App\":\"DSRC_LOI_ECKERT_Sans_Menu\",\"Entite\":\"DSRC\",\"Groupe_Urgence\":\"\",\"Libelle_Num\":\"\",\"Motif_Defaut_Num_App\":\"DSRC_LOI_ECKERT\",\"Nom_Action_Num_App\":\"DSRC_LOI_ECKERT_Acc\",\"Num_Appele\":\"0969399970\"}"
          },
          "sensitive_attributes": [],
          "private": "eyJzY2hlbWFfdmVyc2lvbiI6IjEifQ==",
          "dependencies": [
            "data.genesyscloud_auth_division.Home",
            "genesyscloud_architect_datatable.TEL_ROUTAGE_NUMERO_APPELE"
          ]
        },
        {
          "index_key": "0000000049",
          "schema_version": 1,
          "attributes": {
            "datatable_id": "0798b110-210a-4d58-a9ce-0679f9e476cb",
            "id": "0798b110-210a-4d58-a9ce-0679f9e476cb/0000000049",
            "key_value": "0000000049",
            "properties_json": "{\"Action_Num_App\":\"ACCUEIL\",\"Description_Num_App\":\"DSRC_LOUVRE_BP_Sans_Menu\",\"Entite\":\"DSRC\",\"Groupe_Urgence\":\"\",\"Libelle_Num\":\"\",\"Motif_Defaut_Num_App\":\"DSRC_LOUVRE_BP\",\"Nom_Action_Num_App\":\"DSRC_LOUVRE_BP_Acc\",\"Num_Appele\":\"0969320033\"}"
          },
          "sensitive_attributes": [],
          "private": "eyJzY2hlbWFfdmVyc2lvbiI6IjEifQ==",
          "dependencies": [
            "data.genesyscloud_auth_division.Home",
            "genesyscloud_architect_datatable.TEL_ROUTAGE_NUMERO_APPELE"
          ]
        },
        {
          "index_key": "0000000050",
          "schema_version": 1,
          "attributes": {
            "datatable_id": "0798b110-210a-4d58-a9ce-0679f9e476cb",
            "id": "0798b110-210a-4d58-a9ce-0679f9e476cb/0000000050",
            "key_value": "0000000050",
            "properties_json": "{\"Action_Num_App\":\"ACCUEIL\",\"Description_Num_App\":\"DSRC_EER_Sans_Menu\",\"Entite\":\"DSRC\",\"Groupe_Urgence\":\"\",\"Libelle_Num\":\"\",\"Motif_Defaut_Num_App\":\"DSRC_EER\",\"Nom_Action_Num_App\":\"DSRC_EER_Acc\",\"Num_Appele\":\"0969369492\"}"
          },
          "sensitive_attributes": [],
          "private": "eyJzY2hlbWFfdmVyc2lvbiI6IjEifQ==",
          "dependencies": [
            "data.genesyscloud_auth_division.Home",
            "genesyscloud_architect_datatable.TEL_ROUTAGE_NUMERO_APPELE"
          ]
        },
        {
          "index_key": "0000000051",
          "schema_version": 1,
          "attributes": {
            "datatable_id": "0798b110-210a-4d58-a9ce-0679f9e476cb",
            "id": "0798b110-210a-4d58-a9ce-0679f9e476cb/0000000051",
            "key_value": "0000000051",
            "properties_json": "{\"Action_Num_App\":\"ACCUEIL\",\"Description_Num_App\":\"DSRC_SAV_LBP_SVI\",\"Entite\":\"DSRC\",\"Groupe_Urgence\":\"\",\"Libelle_Num\":\"\",\"Motif_Defaut_Num_App\":\"DSRC_SAV_LBP_SVI\",\"Nom_Action_Num_App\":\"DSRC_SAV_LBP_Acc\",\"Num_Appele\":\"0969399998\"}"
          },
          "sensitive_attributes": [],
          "private": "eyJzY2hlbWFfdmVyc2lvbiI6IjEifQ==",
          "dependencies": [
            "data.genesyscloud_auth_division.Home",
            "genesyscloud_architect_datatable.TEL_ROUTAGE_NUMERO_APPELE"
          ]
        },
        {
          "index_key": "0000000052",
          "schema_version": 1,
          "attributes": {
            "datatable_id": "0798b110-210a-4d58-a9ce-0679f9e476cb",
            "id": "0798b110-210a-4d58-a9ce-0679f9e476cb/0000000052",
            "key_value": "0000000052",
            "properties_json": "{\"Action_Num_App\":\"ACCUEIL\",\"Description_Num_App\":\"DSRC_ENTRAIDE_RESEAU_PAT\",\"Entite\":\"DSRC\",\"Groupe_Urgence\":\"\",\"Libelle_Num\":\"\",\"Motif_Defaut_Num_App\":\"DSRC_ENTRAIDE_RESEAU_PAT\",\"Nom_Action_Num_App\":\"DSRC_ENTRAIDE_RESEAU_PAT_Acc\",\"Num_Appele\":\"nr tech\"}"
          },
          "sensitive_attributes": [],
          "private": "eyJzY2hlbWFfdmVyc2lvbiI6IjEifQ==",
          "dependencies": [
            "data.genesyscloud_auth_division.Home",
            "genesyscloud_architect_datatable.TEL_ROUTAGE_NUMERO_APPELE"
          ]
        },
        {
          "index_key": "0000000053",
          "schema_version": 1,
          "attributes": {
            "datatable_id": "0798b110-210a-4d58-a9ce-0679f9e476cb",
            "id": "0798b110-210a-4d58-a9ce-0679f9e476cb/0000000053",
            "key_value": "0000000053",
            "properties_json": "{\"Action_Num_App\":\"ACCUEIL\",\"Description_Num_App\":\"DSRC_SANTE_VENTE_3_Sans_Menu\",\"Entite\":\"DSRC\",\"Groupe_Urgence\":\"\",\"Libelle_Num\":\"\",\"Motif_Defaut_Num_App\":\"DSRC_SANTE_VENTE_3\",\"Nom_Action_Num_App\":\"DSRC_SANTE_VENTE_3_Acc\",\"Num_Appele\":\"0969371466\"}"
          },
          "sensitive_attributes": [],
          "private": "eyJzY2hlbWFfdmVyc2lvbiI6IjEifQ==",
          "dependencies": [
            "data.genesyscloud_auth_division.Home",
            "genesyscloud_architect_datatable.TEL_ROUTAGE_NUMERO_APPELE"
          ]
        },
        {
          "index_key": "0000000054",
          "schema_version": 1,
          "attributes": {
            "datatable_id": "0798b110-210a-4d58-a9ce-0679f9e476cb",
            "id": "0798b110-210a-4d58-a9ce-0679f9e476cb/0000000054",
            "key_value": "0000000054",
            "properties_json": "{\"Action_Num_App\":\"ACCUEIL\",\"Description_Num_App\":\"DSRC_CAMP_OPPO_Sans_Menu\",\"Entite\":\"DSRC\",\"Groupe_Urgence\":\"\",\"Libelle_Num\":\"\",\"Motif_Defaut_Num_App\":\"DSRC_CAMP_OPPO\",\"Nom_Action_Num_App\":\"DSRC_CAMP_OPPO_Acc\",\"Num_Appele\":\"0948190010\"}"
          },
          "sensitive_attributes": [],
          "private": "eyJzY2hlbWFfdmVyc2lvbiI6IjEifQ==",
          "dependencies": [
            "data.genesyscloud_auth_division.Home",
            "genesyscloud_architect_datatable.TEL_ROUTAGE_NUMERO_APPELE"
          ]
        },
        {
          "index_key": "0000000055",
          "schema_version": 1,
          "attributes": {
            "datatable_id": "0798b110-210a-4d58-a9ce-0679f9e476cb",
            "id": "0798b110-210a-4d58-a9ce-0679f9e476cb/0000000055",
            "key_value": "0000000055",
            "properties_json": "{\"Action_Num_App\":\"ACCUEIL\",\"Description_Num_App\":\"DSRC_EER_Sans_Menu\",\"Entite\":\"DSRC\",\"Groupe_Urgence\":\"\",\"Libelle_Num\":\"\",\"Motif_Defaut_Num_App\":\"DSRC_EER\",\"Nom_Action_Num_App\":\"DSRC_EER_Acc\",\"Num_Appele\":\"0969369492\"}"
          },
          "sensitive_attributes": [],
          "private": "eyJzY2hlbWFfdmVyc2lvbiI6IjEifQ==",
          "dependencies": [
            "data.genesyscloud_auth_division.Home",
            "genesyscloud_architect_datatable.TEL_ROUTAGE_NUMERO_APPELE"
          ]
        },
        {
          "index_key": "0000000056",
          "schema_version": 1,
          "attributes": {
            "datatable_id": "0798b110-210a-4d58-a9ce-0679f9e476cb",
            "id": "0798b110-210a-4d58-a9ce-0679f9e476cb/0000000056",
            "key_value": "0000000056",
            "properties_json": "{\"Action_Num_App\":\"ACCUEIL\",\"Description_Num_App\":\"DSRC_CNP_ASSUVIE50_SVI\",\"Entite\":\"DSRC\",\"Groupe_Urgence\":\"\",\"Libelle_Num\":\"\",\"Motif_Defaut_Num_App\":\"DSRC_CNP_ASSUVIE50\",\"Nom_Action_Num_App\":\"DSRC_CNP_ASSUVIE50_Acc\",\"Num_Appele\":\"0969323202\"}"
          },
          "sensitive_attributes": [],
          "private": "eyJzY2hlbWFfdmVyc2lvbiI6IjEifQ==",
          "dependencies": [
            "data.genesyscloud_auth_division.Home",
            "genesyscloud_architect_datatable.TEL_ROUTAGE_NUMERO_APPELE"
          ]
        },
        {
          "index_key": "0000000057",
          "schema_version": 1,
          "attributes": {
            "datatable_id": "0798b110-210a-4d58-a9ce-0679f9e476cb",
            "id": "0798b110-210a-4d58-a9ce-0679f9e476cb/0000000057",
            "key_value": "0000000057",
            "properties_json": "{\"Action_Num_App\":\"ACCUEIL\",\"Description_Num_App\":\"DSRC_CNP_ASSUVIE_SVI\",\"Entite\":\"DSRC\",\"Groupe_Urgence\":\"\",\"Libelle_Num\":\"\",\"Motif_Defaut_Num_App\":\"DSRC_CNP_ASSUVIE\",\"Nom_Action_Num_App\":\"DSRC_CNP_ASSUVIE_Acc\",\"Num_Appele\":\"0969364819 \"}"
          },
          "sensitive_attributes": [],
          "private": "eyJzY2hlbWFfdmVyc2lvbiI6IjEifQ==",
          "dependencies": [
            "data.genesyscloud_auth_division.Home",
            "genesyscloud_architect_datatable.TEL_ROUTAGE_NUMERO_APPELE"
          ]
        },
        {
          "index_key": "0000000058",
          "schema_version": 1,
          "attributes": {
            "datatable_id": "0798b110-210a-4d58-a9ce-0679f9e476cb",
            "id": "0798b110-210a-4d58-a9ce-0679f9e476cb/0000000058",
            "key_value": "0000000058",
            "properties_json": "{\"Action_Num_App\":\"ACCUEIL\",\"Description_Num_App\":\"DSRC_CNP_RDV_SVI\",\"Entite\":\"DSRC\",\"Groupe_Urgence\":\"\",\"Libelle_Num\":\"\",\"Motif_Defaut_Num_App\":\"DSRC_CNP_RDV\",\"Nom_Action_Num_App\":\"DSRC_CNP_RDV_Acc\",\"Num_Appele\":\" 0969371344\"}"
          },
          "sensitive_attributes": [],
          "private": "eyJzY2hlbWFfdmVyc2lvbiI6IjEifQ==",
          "dependencies": [
            "data.genesyscloud_auth_division.Home",
            "genesyscloud_architect_datatable.TEL_ROUTAGE_NUMERO_APPELE"
          ]
        },
        {
          "index_key": "0000000059",
          "schema_version": 1,
          "attributes": {
            "datatable_id": "0798b110-210a-4d58-a9ce-0679f9e476cb",
            "id": "0798b110-210a-4d58-a9ce-0679f9e476cb/0000000059",
            "key_value": "0000000059",
            "properties_json": "{\"Action_Num_App\":\"ACCUEIL\",\"Description_Num_App\":\"DSRC_CNP_EDITIQUE_SVI\",\"Entite\":\"DSRC\",\"Groupe_Urgence\":\"\",\"Libelle_Num\":\"\",\"Motif_Defaut_Num_App\":\"DSRC_CNP_EDITIQUE\",\"Nom_Action_Num_App\":\"DSRC_CNP_EDITIQUE_Acc\",\"Num_Appele\":\"0969325889\"}"
          },
          "sensitive_attributes": [],
          "private": "eyJzY2hlbWFfdmVyc2lvbiI6IjEifQ==",
          "dependencies": [
            "data.genesyscloud_auth_division.Home",
            "genesyscloud_architect_datatable.TEL_ROUTAGE_NUMERO_APPELE"
          ]
        },
        {
          "index_key": "0000000060",
          "schema_version": 1,
          "attributes": {
            "datatable_id": "0798b110-210a-4d58-a9ce-0679f9e476cb",
            "id": "0798b110-210a-4d58-a9ce-0679f9e476cb/0000000060",
            "key_value": "0000000060",
            "properties_json": "{\"Action_Num_App\":\"ACCUEIL\",\"Description_Num_App\":\"DSRC_APP_SELFARE_DIGIT\",\"Entite\":\"DSRC\",\"Groupe_Urgence\":\"\",\"Libelle_Num\":\"\",\"Motif_Defaut_Num_App\":\"DSRC_APP_SELFCARE\",\"Nom_Action_Num_App\":\"DSRC_APP_SELFCARE_Acc\",\"Num_Appele\":\"nr tech\"}"
          },
          "sensitive_attributes": [],
          "private": "eyJzY2hlbWFfdmVyc2lvbiI6IjEifQ==",
          "dependencies": [
            "data.genesyscloud_auth_division.Home",
            "genesyscloud_architect_datatable.TEL_ROUTAGE_NUMERO_APPELE"
          ]
        },
        {
          "index_key": "0000000061",
          "schema_version": 1,
          "attributes": {
            "datatable_id": "0798b110-210a-4d58-a9ce-0679f9e476cb",
            "id": "0798b110-210a-4d58-a9ce-0679f9e476cb/0000000061",
            "key_value": "0000000061",
            "properties_json": "{\"Action_Num_App\":\"ACCUEIL\",\"Description_Num_App\":\"DAC_AERAS_Sans_Menu\",\"Entite\":\"DAMO_DAC\",\"Groupe_Urgence\":\"\",\"Libelle_Num\":\"\",\"Motif_Defaut_Num_App\":\"DAC_AERAS\",\"Nom_Action_Num_App\":\"DAC_AERAS_Acc\",\"Num_Appele\":\"0969368186\"}"
          },
          "sensitive_attributes": [],
          "private": "eyJzY2hlbWFfdmVyc2lvbiI6IjEifQ==",
          "dependencies": [
            "data.genesyscloud_auth_division.Home",
            "genesyscloud_architect_datatable.TEL_ROUTAGE_NUMERO_APPELE"
          ]
        },
        {
          "index_key": "0000000062",
          "schema_version": 1,
          "attributes": {
            "datatable_id": "0798b110-210a-4d58-a9ce-0679f9e476cb",
            "id": "0798b110-210a-4d58-a9ce-0679f9e476cb/0000000062",
            "key_value": "0000000062",
            "properties_json": "{\"Action_Num_App\":\"ACCUEIL\",\"Description_Num_App\":\"DAC_SVP_Sans_Menu\",\"Entite\":\"DAMO_DAC\",\"Groupe_Urgence\":\"\",\"Libelle_Num\":\"\",\"Motif_Defaut_Num_App\":\"DAC_SVP\",\"Nom_Action_Num_App\":\"DAC_SVP_Acc\",\"Num_Appele\":\"0238647219\"}"
          },
          "sensitive_attributes": [],
          "private": "eyJzY2hlbWFfdmVyc2lvbiI6IjEifQ==",
          "dependencies": [
            "data.genesyscloud_auth_division.Home",
            "genesyscloud_architect_datatable.TEL_ROUTAGE_NUMERO_APPELE"
          ]
        },
        {
          "index_key": "0000000063",
          "schema_version": 1,
          "attributes": {
            "datatable_id": "0798b110-210a-4d58-a9ce-0679f9e476cb",
            "id": "0798b110-210a-4d58-a9ce-0679f9e476cb/0000000063",
            "key_value": "0000000063",
            "properties_json": "{\"Action_Num_App\":\"ACCUEIL\",\"Description_Num_App\":\"DAC_ADE_CLIENTS_Sans_Menu\",\"Entite\":\"DAMO_DAC\",\"Groupe_Urgence\":\"\",\"Libelle_Num\":\"\",\"Motif_Defaut_Num_App\":\"DAC_ADE_CLIENTS\",\"Nom_Action_Num_App\":\"DAC_ADE_CLIENTS_Acc\",\"Num_Appele\":\"0969324987\"}"
          },
          "sensitive_attributes": [],
          "private": "eyJzY2hlbWFfdmVyc2lvbiI6IjEifQ==",
          "dependencies": [
            "data.genesyscloud_auth_division.Home",
            "genesyscloud_architect_datatable.TEL_ROUTAGE_NUMERO_APPELE"
          ]
        },
        {
          "index_key": "0000000064",
          "schema_version": 1,
          "attributes": {
            "datatable_id": "0798b110-210a-4d58-a9ce-0679f9e476cb",
            "id": "0798b110-210a-4d58-a9ce-0679f9e476cb/0000000064",
            "key_value": "0000000064",
            "properties_json": "{\"Action_Num_App\":\"ACCUEIL\",\"Description_Num_App\":\"BEDL_MONA_Sans_Menu\",\"Entite\":\"BEDL\",\"Groupe_Urgence\":\"\",\"Libelle_Num\":\"\",\"Motif_Defaut_Num_App\":\"BEDL_MONA\",\"Nom_Action_Num_App\":\"BEDL_MONA_Acc\",\"Num_Appele\":\"0969320162\"}"
          },
          "sensitive_attributes": [],
          "private": "eyJzY2hlbWFfdmVyc2lvbiI6IjEifQ==",
          "dependencies": [
            "data.genesyscloud_auth_division.Home",
            "genesyscloud_architect_datatable.TEL_ROUTAGE_NUMERO_APPELE"
          ]
        },
        {
          "index_key": "0000000065",
          "schema_version": 1,
          "attributes": {
            "datatable_id": "0798b110-210a-4d58-a9ce-0679f9e476cb",
            "id": "0798b110-210a-4d58-a9ce-0679f9e476cb/0000000065",
            "key_value": "0000000065",
            "properties_json": "{\"Action_Num_App\":\"ACCUEIL\",\"Description_Num_App\":\"PMO_BEDL_DFL_Sans_Menu\",\"Entite\":\"BEDL\",\"Groupe_Urgence\":\"\",\"Libelle_Num\":\"\",\"Motif_Defaut_Num_App\":\"BEDL_DFL\",\"Nom_Action_Num_App\":\"BEDL_DFL_Acc\",\"Num_Appele\":\"0969368800\"}"
          },
          "sensitive_attributes": [],
          "private": "eyJzY2hlbWFfdmVyc2lvbiI6IjEifQ==",
          "dependencies": [
            "data.genesyscloud_auth_division.Home",
            "genesyscloud_architect_datatable.TEL_ROUTAGE_NUMERO_APPELE"
          ]
        },
        {
          "index_key": "0000000066",
          "schema_version": 1,
          "attributes": {
            "datatable_id": "0798b110-210a-4d58-a9ce-0679f9e476cb",
            "id": "0798b110-210a-4d58-a9ce-0679f9e476cb/0000000066",
            "key_value": "0000000066",
            "properties_json": "{\"Action_Num_App\":\"ACCUEIL\",\"Description_Num_App\":\"CREA_TEKEMEL_Sans_Menu\",\"Entite\":\"DATAE_CREA\",\"Groupe_Urgence\":\"\",\"Libelle_Num\":\"\",\"Motif_Defaut_Num_App\":\"CREA_TEKEMEL\",\"Nom_Action_Num_App\":\"CREA_TEKEMEL_Acc\",\"Num_Appele\":\"0549626928\"}"
          },
          "sensitive_attributes": [],
          "private": "eyJzY2hlbWFfdmVyc2lvbiI6IjEifQ==",
          "dependencies": [
            "data.genesyscloud_auth_division.Home",
            "genesyscloud_architect_datatable.TEL_ROUTAGE_NUMERO_APPELE"
          ]
        },
        {
          "index_key": "0000000067",
          "schema_version": 1,
          "attributes": {
            "datatable_id": "0798b110-210a-4d58-a9ce-0679f9e476cb",
            "id": "0798b110-210a-4d58-a9ce-0679f9e476cb/0000000067",
            "key_value": "0000000067",
            "properties_json": "{\"Action_Num_App\":\"ACCUEIL\",\"Description_Num_App\":\"CREA_SERALYS_SINISTRE_Sans_Menu\",\"Entite\":\"DATAE_CREA\",\"Groupe_Urgence\":\"\",\"Libelle_Num\":\"\",\"Motif_Defaut_Num_App\":\"CRA_SERALYS_SINISTRE\",\"Nom_Action_Num_App\":\"CRA_SERALYS_SINISTRE_Acc\",\"Num_Appele\":\"0549626933\"}"
          },
          "sensitive_attributes": [],
          "private": "eyJzY2hlbWFfdmVyc2lvbiI6IjEifQ==",
          "dependencies": [
            "data.genesyscloud_auth_division.Home",
            "genesyscloud_architect_datatable.TEL_ROUTAGE_NUMERO_APPELE"
          ]
        },
        {
          "index_key": "0000000068",
          "schema_version": 1,
          "attributes": {
            "datatable_id": "0798b110-210a-4d58-a9ce-0679f9e476cb",
            "id": "0798b110-210a-4d58-a9ce-0679f9e476cb/0000000068",
            "key_value": "0000000068",
            "properties_json": "{\"Action_Num_App\":\"ACCUEIL\",\"Description_Num_App\":\"CREA_RECLAMATION_Sans_Menu\",\"Entite\":\"DATAE_CREA\",\"Groupe_Urgence\":\"\",\"Libelle_Num\":\"\",\"Motif_Defaut_Num_App\":\"CREA_RECLAMATION\",\"Nom_Action_Num_App\":\"CREA_RECLAMATION_Acc\",\"Num_Appele\":\"0549629080\"}"
          },
          "sensitive_attributes": [],
          "private": "eyJzY2hlbWFfdmVyc2lvbiI6IjEifQ==",
          "dependencies": [
            "data.genesyscloud_auth_division.Home",
            "genesyscloud_architect_datatable.TEL_ROUTAGE_NUMERO_APPELE"
          ]
        },
        {
          "index_key": "0000000069",
          "schema_version": 1,
          "attributes": {
            "datatable_id": "0798b110-210a-4d58-a9ce-0679f9e476cb",
            "id": "0798b110-210a-4d58-a9ce-0679f9e476cb/0000000069",
            "key_value": "0000000069",
            "properties_json": "{\"Action_Num_App\":\"ACCUEIL\",\"Description_Num_App\":\"CREA_PARTAGES_Sans_Menu\",\"Entite\":\"DATAE_CREA\",\"Groupe_Urgence\":\"\",\"Libelle_Num\":\"\",\"Motif_Defaut_Num_App\":\"CREA_PARTAGES\",\"Nom_Action_Num_App\":\"CREA_PARTAGES_Acc\",\"Num_Appele\":\"0549629036\"}"
          },
          "sensitive_attributes": [],
          "private": "eyJzY2hlbWFfdmVyc2lvbiI6IjEifQ==",
          "dependencies": [
            "data.genesyscloud_auth_division.Home",
            "genesyscloud_architect_datatable.TEL_ROUTAGE_NUMERO_APPELE"
          ]
        },
        {
          "index_key": "0000000070",
          "schema_version": 1,
          "attributes": {
            "datatable_id": "0798b110-210a-4d58-a9ce-0679f9e476cb",
            "id": "0798b110-210a-4d58-a9ce-0679f9e476cb/0000000070",
            "key_value": "0000000070",
            "properties_json": "{\"Action_Num_App\":\"ACCUEIL\",\"Description_Num_App\":\"CREA_ADESIO_SINISTRE_Sans_Menu\",\"Entite\":\"DATAE_CREA\",\"Groupe_Urgence\":\"\",\"Libelle_Num\":\"\",\"Motif_Defaut_Num_App\":\"CREA_ADESIO_SINISTRE\",\"Nom_Action_Num_App\":\"CREA_ADESIO_SINISTRE_Acc\",\"Num_Appele\":\"0549626968\"}"
          },
          "sensitive_attributes": [],
          "private": "eyJzY2hlbWFfdmVyc2lvbiI6IjEifQ==",
          "dependencies": [
            "data.genesyscloud_auth_division.Home",
            "genesyscloud_architect_datatable.TEL_ROUTAGE_NUMERO_APPELE"
          ]
        },
        {
          "index_key": "0000000071",
          "schema_version": 1,
          "attributes": {
            "datatable_id": "0798b110-210a-4d58-a9ce-0679f9e476cb",
            "id": "0798b110-210a-4d58-a9ce-0679f9e476cb/0000000071",
            "key_value": "0000000071",
            "properties_json": "{\"Action_Num_App\":\"ACCUEIL\",\"Description_Num_App\":\"CREA_SVP_BPE_Sans_Menu\",\"Entite\":\"DATAE_CREA\",\"Groupe_Urgence\":\"\",\"Libelle_Num\":\"\",\"Motif_Defaut_Num_App\":\"CREA_SVP_BPE\",\"Nom_Action_Num_App\":\"CREA_SVP_BPE_Acc\",\"Num_Appele\":\"0969328402\"}"
          },
          "sensitive_attributes": [],
          "private": "eyJzY2hlbWFfdmVyc2lvbiI6IjEifQ==",
          "dependencies": [
            "data.genesyscloud_auth_division.Home",
            "genesyscloud_architect_datatable.TEL_ROUTAGE_NUMERO_APPELE"
          ]
        },
        {
          "index_key": "0000000072",
          "schema_version": 1,
          "attributes": {
            "datatable_id": "0798b110-210a-4d58-a9ce-0679f9e476cb",
            "id": "0798b110-210a-4d58-a9ce-0679f9e476cb/0000000072",
            "key_value": "0000000072",
            "properties_json": "{\"Action_Num_App\":\"ACCUEIL\",\"Description_Num_App\":\"DOP_LITIGES_DAB_GAB_Sans_Menu\",\"Entite\":\"DOP\",\"Groupe_Urgence\":\"\",\"Libelle_Num\":\"\",\"Motif_Defaut_Num_App\":\"DOP_LITIGES_DAB_GAB\",\"Nom_Action_Num_App\":\"DOP_LITIGES_DAB_GAB_Acc\",\"Num_Appele\":\"0555425017\"}"
          },
          "sensitive_attributes": [],
          "private": "eyJzY2hlbWFfdmVyc2lvbiI6IjEifQ==",
          "dependencies": [
            "data.genesyscloud_auth_division.Home",
            "genesyscloud_architect_datatable.TEL_ROUTAGE_NUMERO_APPELE"
          ]
        },
        {
          "index_key": "0000000073",
          "schema_version": 1,
          "attributes": {
            "datatable_id": "0798b110-210a-4d58-a9ce-0679f9e476cb",
            "id": "0798b110-210a-4d58-a9ce-0679f9e476cb/0000000073",
            "key_value": "0000000073",
            "properties_json": "{\"Action_Num_App\":\"ACCUEIL\",\"Description_Num_App\":\"DOP__LPR_DepannageCash_Sans_Menu\",\"Entite\":\"DOP\",\"Groupe_Urgence\":\"\",\"Libelle_Num\":\"\",\"Motif_Defaut_Num_App\":\"DOP__LPR_DepannageCash\",\"Nom_Action_Num_App\":\"DOP__LPR_DepannageCash_Acc\",\"Num_Appele\":\"0969369491\"}"
          },
          "sensitive_attributes": [],
          "private": "eyJzY2hlbWFfdmVyc2lvbiI6IjEifQ==",
          "dependencies": [
            "data.genesyscloud_auth_division.Home",
            "genesyscloud_architect_datatable.TEL_ROUTAGE_NUMERO_APPELE"
          ]
        },
        {
          "index_key": "0000000074",
          "schema_version": 1,
          "attributes": {
            "datatable_id": "0798b110-210a-4d58-a9ce-0679f9e476cb",
            "id": "0798b110-210a-4d58-a9ce-0679f9e476cb/0000000074",
            "key_value": "0000000074",
            "properties_json": "{\"Action_Num_App\":\"ACCUEIL\",\"Description_Num_App\":\"DOP_clients_Benefcheqbanque_Sans_Menu\",\"Entite\":\"DOP\",\"Groupe_Urgence\":\"\",\"Libelle_Num\":\"\",\"Motif_Defaut_Num_App\":\"DOP_clients_Benefcheqbanque\",\"Nom_Action_Num_App\":\"DOP_clients_Benefcheqbanque_Acc\",\"Num_Appele\":\"0555385555 \"}"
          },
          "sensitive_attributes": [],
          "private": "eyJzY2hlbWFfdmVyc2lvbiI6IjEifQ==",
          "dependencies": [
            "data.genesyscloud_auth_division.Home",
            "genesyscloud_architect_datatable.TEL_ROUTAGE_NUMERO_APPELE"
          ]
        },
        {
          "index_key": "0000000075",
          "schema_version": 1,
          "attributes": {
            "datatable_id": "0798b110-210a-4d58-a9ce-0679f9e476cb",
            "id": "0798b110-210a-4d58-a9ce-0679f9e476cb/0000000075",
            "key_value": "0000000075",
            "properties_json": "{\"Action_Num_App\":\"ACCUEIL\",\"Description_Num_App\":\"BEDL_MOP_SVI\",\"Entite\":\"BEDL\",\"Groupe_Urgence\":\"\",\"Libelle_Num\":\"\",\"Motif_Defaut_Num_App\":\"BEDL_MOP_SVI\",\"Nom_Action_Num_App\":\"MOP_SVI_Acc\",\"Num_Appele\":\"0825048047 \"}"
          },
          "sensitive_attributes": [],
          "private": "eyJzY2hlbWFfdmVyc2lvbiI6IjEifQ==",
          "dependencies": [
            "data.genesyscloud_auth_division.Home",
            "genesyscloud_architect_datatable.TEL_ROUTAGE_NUMERO_APPELE"
          ]
        },
        {
          "index_key": "0000000076",
          "schema_version": 1,
          "attributes": {
            "datatable_id": "0798b110-210a-4d58-a9ce-0679f9e476cb",
            "id": "0798b110-210a-4d58-a9ce-0679f9e476cb/0000000076",
            "key_value": "0000000076",
            "properties_json": "{\"Action_Num_App\":\"ACCUEIL\",\"Description_Num_App\":\"BEDL_MOP_VIP_FLUX_Sans_Menu\",\"Entite\":\"BEDL\",\"Groupe_Urgence\":\"\",\"Libelle_Num\":\"\",\"Motif_Defaut_Num_App\":\"BEDL_MOP_VIP_FLUX_Sans_Menu\",\"Nom_Action_Num_App\":\"BEDL_MOP_VIP_FLUX_Acc\",\"Num_Appele\":\"0555425258\"}"
          },
          "sensitive_attributes": [],
          "private": "eyJzY2hlbWFfdmVyc2lvbiI6IjEifQ==",
          "dependencies": [
            "data.genesyscloud_auth_division.Home",
            "genesyscloud_architect_datatable.TEL_ROUTAGE_NUMERO_APPELE"
          ]
        },
        {
          "index_key": "0000000077",
          "schema_version": 1,
          "attributes": {
            "datatable_id": "0798b110-210a-4d58-a9ce-0679f9e476cb",
            "id": "0798b110-210a-4d58-a9ce-0679f9e476cb/0000000077",
            "key_value": "0000000077",
            "properties_json": "{\"Action_Num_App\":\"ACCUEIL\",\"Description_Num_App\":\"BEDL_MOP_EZYNESS_Sans_Menu\",\"Entite\":\"BEDL\",\"Groupe_Urgence\":\"\",\"Libelle_Num\":\"\",\"Motif_Defaut_Num_App\":\"BEDL_MOP_EZYNESS_Sans_Menu\",\"Nom_Action_Num_App\":\"BEDL_MOP_EZYNESS_Acc\",\"Num_Appele\":\"0555425287\"}"
          },
          "sensitive_attributes": [],
          "private": "eyJzY2hlbWFfdmVyc2lvbiI6IjEifQ==",
          "dependencies": [
            "data.genesyscloud_auth_division.Home",
            "genesyscloud_architect_datatable.TEL_ROUTAGE_NUMERO_APPELE"
          ]
        },
        {
          "index_key": "0000000078",
          "schema_version": 1,
          "attributes": {
            "datatable_id": "0798b110-210a-4d58-a9ce-0679f9e476cb",
            "id": "0798b110-210a-4d58-a9ce-0679f9e476cb/0000000078",
            "key_value": "0000000078",
            "properties_json": "{\"Action_Num_App\":\"ACCUEIL\",\"Description_Num_App\":\"BEDL_MOP_SMF_SSE_Sans_Menu\",\"Entite\":\"BEDL\",\"Groupe_Urgence\":\"\",\"Libelle_Num\":\"\",\"Motif_Defaut_Num_App\":\"BEDL_MOP_SMF_SSE_Sans_Menu\",\"Nom_Action_Num_App\":\"BEDL_MOP_SMF_SSE_Acc\",\"Num_Appele\":\"0555425466\"}"
          },
          "sensitive_attributes": [],
          "private": "eyJzY2hlbWFfdmVyc2lvbiI6IjEifQ==",
          "dependencies": [
            "data.genesyscloud_auth_division.Home",
            "genesyscloud_architect_datatable.TEL_ROUTAGE_NUMERO_APPELE"
          ]
        },
        {
          "index_key": "0000000079",
          "schema_version": 1,
          "attributes": {
            "datatable_id": "0798b110-210a-4d58-a9ce-0679f9e476cb",
            "id": "0798b110-210a-4d58-a9ce-0679f9e476cb/0000000079",
            "key_value": "0000000079",
            "properties_json": "{\"Action_Num_App\":\"ACCUEIL\",\"Description_Num_App\":\"BEDL_MOP_COMMERCIAUX_SVI\",\"Entite\":\"BEDL\",\"Groupe_Urgence\":\"\",\"Libelle_Num\":\"\",\"Motif_Defaut_Num_App\":\"BEDL_MOP_COMMERCIAUX_SVI\",\"Nom_Action_Num_App\":\"BEDL_MOP_COMMERCIAUX_Acc\",\"Num_Appele\":\"0555425036\"}"
          },
          "sensitive_attributes": [],
          "private": "eyJzY2hlbWFfdmVyc2lvbiI6IjEifQ==",
          "dependencies": [
            "data.genesyscloud_auth_division.Home",
            "genesyscloud_architect_datatable.TEL_ROUTAGE_NUMERO_APPELE"
          ]
        }
      ]
    },
    {
      "mode": "managed",
      "type": "genesyscloud_flow_outcome",
      "name": "App_Mobile_Web",
      "provider": "provider[\"registry.terraform.io/mypurecloud/genesyscloud\"]",
      "instances": [
        {
          "schema_version": 1,
          "attributes": {
            "description": "",
            "division_id": "d375d871-b9c1-45c9-a2ec-64d3e8136846",
            "id": "1e2327a2-a886-4865-82d5-70f337412c0c",
            "name": "App Mobile \u0026 Web"
          },
          "sensitive_attributes": [],
          "private": "eyJzY2hlbWFfdmVyc2lvbiI6IjEifQ=="
        }
      ]
    },
    {
      "mode": "managed",
      "type": "genesyscloud_flow_outcome",
      "name": "Critical_Error",
      "provider": "provider[\"registry.terraform.io/mypurecloud/genesyscloud\"]",
      "instances": [
        {
          "schema_version": 1,
          "attributes": {
            "description": "",
            "division_id": "d375d871-b9c1-45c9-a2ec-64d3e8136846",
            "id": "73c1f80b-85b4-44e9-b5d6-d45176789aab",
            "name": "Critical Error"
          },
          "sensitive_attributes": [],
          "private": "eyJzY2hlbWFfdmVyc2lvbiI6IjEifQ=="
        }
      ]
    },
    {
      "mode": "managed",
      "type": "genesyscloud_flow_outcome",
      "name": "Error",
      "provider": "provider[\"registry.terraform.io/mypurecloud/genesyscloud\"]",
      "instances": [
        {
          "schema_version": 1,
          "attributes": {
            "description": "",
            "division_id": "d375d871-b9c1-45c9-a2ec-64d3e8136846",
            "id": "490f8dad-ed78-4c0c-9d29-0d988a92475f",
            "name": "Error"
          },
          "sensitive_attributes": [],
          "private": "eyJzY2hlbWFfdmVyc2lvbiI6IjEifQ=="
        }
      ]
    },
    {
      "mode": "managed",
      "type": "genesyscloud_flow_outcome",
      "name": "Mail_Erreur_Domaine",
      "provider": "provider[\"registry.terraform.io/mypurecloud/genesyscloud\"]",
      "instances": [
        {
          "schema_version": 1,
          "attributes": {
            "description": "",
            "division_id": "d375d871-b9c1-45c9-a2ec-64d3e8136846",
            "id": "47d315cb-9c59-4658-abef-c724ff0a3756",
            "name": "Mail Erreur Domaine"
          },
          "sensitive_attributes": [],
          "private": "eyJzY2hlbWFfdmVyc2lvbiI6IjEifQ=="
        }
      ]
    },
    {
      "mode": "managed",
      "type": "genesyscloud_flow_outcome",
      "name": "WebService_AD",
      "provider": "provider[\"registry.terraform.io/mypurecloud/genesyscloud\"]",
      "instances": [
        {
          "schema_version": 1,
          "attributes": {
            "description": "",
            "division_id": "d375d871-b9c1-45c9-a2ec-64d3e8136846",
            "id": "9ca4ba80-acaf-46ee-a0c6-93dc36727c9d",
            "name": "WebService AD"
          },
          "sensitive_attributes": [],
          "private": "eyJzY2hlbWFfdmVyc2lvbiI6IjEifQ=="
        }
      ]
    },
    {
      "mode": "managed",
      "type": "genesyscloud_flow_outcome",
      "name": "WebService_Authent",
      "provider": "provider[\"registry.terraform.io/mypurecloud/genesyscloud\"]",
      "instances": [
        {
          "schema_version": 1,
          "attributes": {
            "description": "",
            "division_id": "d375d871-b9c1-45c9-a2ec-64d3e8136846",
            "id": "badadbfd-2255-4331-838c-49e7a765596b",
            "name": "WebService Authent"
          },
          "sensitive_attributes": [],
          "private": "eyJzY2hlbWFfdmVyc2lvbiI6IjEifQ=="
        }
      ]
    },
    {
      "mode": "managed",
      "type": "genesyscloud_flow_outcome",
      "name": "WebService_AutoAssign",
      "provider": "provider[\"registry.terraform.io/mypurecloud/genesyscloud\"]",
      "instances": [
        {
          "schema_version": 1,
          "attributes": {
            "description": "",
            "division_id": "d375d871-b9c1-45c9-a2ec-64d3e8136846",
            "id": "ced5df0b-ad19-4491-88cc-ae55b09fe470",
            "name": "WebService AutoAssign"
          },
          "sensitive_attributes": [],
          "private": "eyJzY2hlbWFfdmVyc2lvbiI6IjEifQ=="
        }
      ]
    },
    {
      "mode": "managed",
      "type": "genesyscloud_flow_outcome",
      "name": "WebService_B1",
      "provider": "provider[\"registry.terraform.io/mypurecloud/genesyscloud\"]",
      "instances": [
        {
          "schema_version": 1,
          "attributes": {
            "description": "",
            "division_id": "d375d871-b9c1-45c9-a2ec-64d3e8136846",
            "id": "907ba4f7-6f71-4535-baae-763ae5255d9d",
            "name": "WebService B1"
          },
          "sensitive_attributes": [],
          "private": "eyJzY2hlbWFfdmVyc2lvbiI6IjEifQ=="
        }
      ]
    },
    {
      "mode": "managed",
      "type": "genesyscloud_flow_outcome",
      "name": "WebService_EncryptFunction",
      "provider": "provider[\"registry.terraform.io/mypurecloud/genesyscloud\"]",
      "instances": [
        {
          "schema_version": 1,
          "attributes": {
            "description": "",
            "division_id": "d375d871-b9c1-45c9-a2ec-64d3e8136846",
            "id": "a5e721a2-1c9f-4c83-866b-0adaf2f7fe7c",
            "name": "WebService EncryptFunction"
          },
          "sensitive_attributes": [],
          "private": "eyJzY2hlbWFfdmVyc2lvbiI6IjEifQ=="
        }
      ]
    },
    {
      "mode": "managed",
      "type": "genesyscloud_flow_outcome",
      "name": "WebService_GC",
      "provider": "provider[\"registry.terraform.io/mypurecloud/genesyscloud\"]",
      "instances": [
        {
          "schema_version": 1,
          "attributes": {
            "description": "",
            "division_id": "d375d871-b9c1-45c9-a2ec-64d3e8136846",
            "id": "79c3775d-a641-4627-aca8-10c9f2ab4350",
            "name": "WebService GC"
          },
          "sensitive_attributes": [],
          "private": "eyJzY2hlbWFfdmVyc2lvbiI6IjEifQ=="
        }
      ]
    },
    {
      "mode": "managed",
      "type": "genesyscloud_flow_outcome",
      "name": "WebService_GenOTP",
      "provider": "provider[\"registry.terraform.io/mypurecloud/genesyscloud\"]",
      "instances": [
        {
          "schema_version": 1,
          "attributes": {
            "description": "",
            "division_id": "d375d871-b9c1-45c9-a2ec-64d3e8136846",
            "id": "248534e7-9d56-4c8b-bc08-c110dda54b64",
            "name": "WebService GenOTP"
          },
          "sensitive_attributes": [],
          "private": "eyJzY2hlbWFfdmVyc2lvbiI6IjEifQ=="
        }
      ]
    },
    {
      "mode": "managed",
      "type": "genesyscloud_flow_outcome",
      "name": "WebService_LBP",
      "provider": "provider[\"registry.terraform.io/mypurecloud/genesyscloud\"]",
      "instances": [
        {
          "schema_version": 1,
          "attributes": {
            "description": "",
            "division_id": "d375d871-b9c1-45c9-a2ec-64d3e8136846",
            "id": "d2c4d3f9-4c07-4dc9-aef3-80a8a380a3f6",
            "name": "WebService LBP"
          },
          "sensitive_attributes": [],
          "private": "eyJzY2hlbWFfdmVyc2lvbiI6IjEifQ=="
        }
      ]
    },
    {
      "mode": "managed",
      "type": "genesyscloud_flow_outcome",
      "name": "WebService_ModifMDP",
      "provider": "provider[\"registry.terraform.io/mypurecloud/genesyscloud\"]",
      "instances": [
        {
          "schema_version": 1,
          "attributes": {
            "description": "",
            "division_id": "d375d871-b9c1-45c9-a2ec-64d3e8136846",
            "id": "0db59041-edce-4077-9ec4-c8f4eef93789",
            "name": "WebService ModifMDP"
          },
          "sensitive_attributes": [],
          "private": "eyJzY2hlbWFfdmVyc2lvbiI6IjEifQ=="
        }
      ]
    },
    {
      "mode": "managed",
      "type": "genesyscloud_flow_outcome",
      "name": "Zaion",
      "provider": "provider[\"registry.terraform.io/mypurecloud/genesyscloud\"]",
      "instances": [
        {
          "schema_version": 1,
          "attributes": {
            "description": "",
            "division_id": "d375d871-b9c1-45c9-a2ec-64d3e8136846",
            "id": "222d2a3a-3ced-4f0f-bb08-437a2605c233",
            "name": "Zaion"
          },
          "sensitive_attributes": [],
          "private": "eyJzY2hlbWFfdmVyc2lvbiI6IjEifQ=="
        }
      ]
    },
    {
      "mode": "managed",
      "type": "genesyscloud_location",
      "name": "METR_LILLE",
      "provider": "provider[\"registry.terraform.io/mypurecloud/genesyscloud\"]",
      "instances": [
        {
          "schema_version": 1,
          "attributes": {
            "address": [
              {
                "city": "Lille",
                "country": "FR",
                "state": "",
                "street1": "5 rue Paul Duez",
                "street2": "",
                "zip_code": "59891"
              }
            ],
            "emergency_number": [
              {
                "number": "+33123456700",
                "type": "default"
              }
            ],
            "id": "86968e7e-8c89-412e-9c35-5edf5a47d394",
            "name": "METR_LILLE",
            "notes": "Site de Lille",
            "path": []
          },
          "sensitive_attributes": [],
          "private": "eyJzY2hlbWFfdmVyc2lvbiI6IjEifQ=="
        }
      ]
    },
    {
      "mode": "managed",
      "type": "genesyscloud_location",
      "name": "METR_PARIS",
      "provider": "provider[\"registry.terraform.io/mypurecloud/genesyscloud\"]",
      "instances": [
        {
          "schema_version": 1,
          "attributes": {
            "address": [
              {
                "city": "Paris",
                "country": "FR",
                "state": "",
                "street1": "11 rue Bourseul",
                "street2": "",
                "zip_code": "75900"
              }
            ],
            "emergency_number": [
              {
                "number": "+33123456701",
                "type": "default"
              }
            ],
            "id": "61dea150-5aa8-442a-9df7-ef51d83a44f4",
            "name": "METR_PARIS",
            "notes": "Site de Paris",
            "path": []
          },
          "sensitive_attributes": [],
          "private": "eyJzY2hlbWFfdmVyc2lvbiI6IjEifQ=="
        }
      ]
    },
    {
      "mode": "managed",
      "type": "genesyscloud_location",
      "name": "METR_PARIS_BIOME",
      "provider": "provider[\"registry.terraform.io/mypurecloud/genesyscloud\"]",
      "instances": [
        {
          "schema_version": 1,
          "attributes": {
            "address": [
              {
                "city": "Paris",
                "country": "FR",
                "state": "",
                "street1": "112-114 avenue Emile Zola",
                "street2": "",
                "zip_code": "75015"
              }
            ],
            "emergency_number": [
              {
                "number": "+33189378550",
                "type": "default"
              }
            ],
            "id": "5d14641f-5917-4dfa-b20c-9a3ece274899",
            "name": "METR_PARIS_BIOME",
            "notes": "Site de PAris Biome",
            "path": []
          },
          "sensitive_attributes": [],
          "private": "eyJzY2hlbWFfdmVyc2lvbiI6IjEifQ=="
        }
      ]
    },
    {
      "mode": "managed",
      "type": "genesyscloud_routing_queue",
      "name": "MEL_SQO_DSRC",
      "provider": "provider[\"registry.terraform.io/mypurecloud/genesyscloud\"]",
      "instances": [
        {
          "schema_version": 1,
          "attributes": {
            "acw_timeout_ms": 0,
            "acw_wrapup_prompt": "OPTIONAL",
            "agent_owned_routing": [],
            "auto_answer_only": false,
            "bullseye_rings": [],
            "calling_party_name": "",
            "calling_party_number": "",
            "conditional_group_routing_rules": [],
            "default_script_ids": {},
            "description": "",
            "direct_routing": [],
            "division_id": "d375d871-b9c1-45c9-a2ec-64d3e8136846",
            "email_in_queue_flow_id": "",
            "enable_audio_monitoring": false,
            "enable_manual_assignment": false,
            "enable_transcription": false,
            "groups": [],
            "id": "964d8a41-cf71-426e-9fa6-b45025b788bb",
            "media_settings_call": [
              {
                "alerting_timeout_sec": 20,
                "auto_dial_delay_seconds": 0,
                "auto_end_delay_seconds": 0,
                "enable_auto_answer": false,
                "enable_auto_dial_and_end": false,
                "service_level_duration_ms": 20000,
                "service_level_percentage": 0.8
              }
            ],
            "media_settings_callback": [
              {
                "alerting_timeout_sec": 30,
                "auto_dial_delay_seconds": 300,
                "auto_end_delay_seconds": 300,
                "enable_auto_answer": false,
                "enable_auto_dial_and_end": false,
                "service_level_duration_ms": 20000,
                "service_level_percentage": 0.8
              }
            ],
            "media_settings_chat": [
              {
                "alerting_timeout_sec": 30,
                "auto_dial_delay_seconds": 0,
                "auto_end_delay_seconds": 0,
                "enable_auto_answer": false,
                "enable_auto_dial_and_end": false,
                "service_level_duration_ms": 20000,
                "service_level_percentage": 0.8
              }
            ],
            "media_settings_email": [
              {
                "alerting_timeout_sec": 300,
                "auto_dial_delay_seconds": 0,
                "auto_end_delay_seconds": 0,
                "enable_auto_answer": false,
                "enable_auto_dial_and_end": false,
                "service_level_duration_ms": 86400000,
                "service_level_percentage": 0.8
              }
            ],
            "media_settings_message": [
              {
                "alerting_timeout_sec": 30,
                "auto_dial_delay_seconds": 0,
                "auto_end_delay_seconds": 0,
                "enable_auto_answer": false,
                "enable_auto_dial_and_end": false,
                "service_level_duration_ms": 20000,
                "service_level_percentage": 0.8
              }
            ],
            "members": [
              {
                "ring_num": 1,
                "user_id": "6c7bc1a3-1227-4a29-8b04-ba4874b0eb3f"
              }
            ],
            "message_in_queue_flow_id": "",
            "name": "MEL_SQO_DSRC",
            "on_hold_prompt_id": "",
            "outbound_email_address": [],
            "outbound_messaging_open_messaging_recipient_id": "",
            "outbound_messaging_sms_address_id": "",
            "outbound_messaging_whatsapp_recipient_id": "",
            "peer_id": "",
            "queue_flow_id": "",
            "routing_rules": [],
            "scoring_method": "TimestampAndPriority",
            "skill_evaluation_method": "ALL",
            "skill_groups": [],
            "source_queue_id": null,
            "suppress_in_queue_call_recording": true,
            "teams": [],
            "whisper_prompt_id": "",
            "wrapup_codes": []
          },
          "sensitive_attributes": [],
          "private": "eyJzY2hlbWFfdmVyc2lvbiI6IjEifQ==",
          "dependencies": [
            "data.genesyscloud_auth_division.Home"
          ]
        }
      ]
    },
    {
      "mode": "managed",
      "type": "genesyscloud_routing_queue",
      "name": "SQO",
      "provider": "provider[\"registry.terraform.io/mypurecloud/genesyscloud\"]",
      "instances": [
        {
          "schema_version": 1,
          "attributes": {
            "acw_timeout_ms": 0,
            "acw_wrapup_prompt": "OPTIONAL",
            "agent_owned_routing": [],
            "auto_answer_only": false,
            "bullseye_rings": [],
            "calling_party_name": "",
            "calling_party_number": "",
            "conditional_group_routing_rules": [],
            "default_script_ids": {},
            "description": "",
            "direct_routing": [],
            "division_id": "d375d871-b9c1-45c9-a2ec-64d3e8136846",
            "email_in_queue_flow_id": "",
            "enable_audio_monitoring": false,
            "enable_manual_assignment": false,
            "enable_transcription": false,
            "groups": [],
            "id": "4d6feb0f-efe8-4dae-9c3e-3736a1f609c9",
            "media_settings_call": [
              {
                "alerting_timeout_sec": 20,
                "auto_dial_delay_seconds": 0,
                "auto_end_delay_seconds": 0,
                "enable_auto_answer": false,
                "enable_auto_dial_and_end": false,
                "service_level_duration_ms": 20000,
                "service_level_percentage": 0.8
              }
            ],
            "media_settings_callback": [
              {
                "alerting_timeout_sec": 30,
                "auto_dial_delay_seconds": 300,
                "auto_end_delay_seconds": 300,
                "enable_auto_answer": false,
                "enable_auto_dial_and_end": false,
                "service_level_duration_ms": 20000,
                "service_level_percentage": 0.8
              }
            ],
            "media_settings_chat": [
              {
                "alerting_timeout_sec": 30,
                "auto_dial_delay_seconds": 0,
                "auto_end_delay_seconds": 0,
                "enable_auto_answer": false,
                "enable_auto_dial_and_end": false,
                "service_level_duration_ms": 20000,
                "service_level_percentage": 0.8
              }
            ],
            "media_settings_email": [
              {
                "alerting_timeout_sec": 300,
                "auto_dial_delay_seconds": 0,
                "auto_end_delay_seconds": 0,
                "enable_auto_answer": false,
                "enable_auto_dial_and_end": false,
                "service_level_duration_ms": 86400000,
                "service_level_percentage": 0.8
              }
            ],
            "media_settings_message": [
              {
                "alerting_timeout_sec": 30,
                "auto_dial_delay_seconds": 0,
                "auto_end_delay_seconds": 0,
                "enable_auto_answer": false,
                "enable_auto_dial_and_end": false,
                "service_level_duration_ms": 20000,
                "service_level_percentage": 0.8
              }
            ],
            "members": [],
            "message_in_queue_flow_id": "",
            "name": "SQO",
            "on_hold_prompt_id": "",
            "outbound_email_address": [],
            "outbound_messaging_open_messaging_recipient_id": "",
            "outbound_messaging_sms_address_id": "",
            "outbound_messaging_whatsapp_recipient_id": "",
            "peer_id": "",
            "queue_flow_id": "",
            "routing_rules": [],
            "scoring_method": "TimestampAndPriority",
            "skill_evaluation_method": "ALL",
            "skill_groups": [],
            "source_queue_id": null,
            "suppress_in_queue_call_recording": true,
            "teams": [],
            "whisper_prompt_id": "",
            "wrapup_codes": []
          },
          "sensitive_attributes": [],
          "private": "eyJzY2hlbWFfdmVyc2lvbiI6IjEifQ==",
          "dependencies": [
            "data.genesyscloud_auth_division.Home"
          ]
        }
      ]
    },
    {
      "mode": "managed",
      "type": "genesyscloud_routing_queue",
      "name": "TEL_PREMIUM_DSRC",
      "provider": "provider[\"registry.terraform.io/mypurecloud/genesyscloud\"]",
      "instances": [
        {
          "schema_version": 1,
          "attributes": {
            "acw_timeout_ms": 0,
            "acw_wrapup_prompt": "OPTIONAL",
            "agent_owned_routing": [],
            "auto_answer_only": false,
            "bullseye_rings": [],
            "calling_party_name": "",
            "calling_party_number": "",
            "conditional_group_routing_rules": [],
            "default_script_ids": {},
            "description": "",
            "direct_routing": [],
            "division_id": "d375d871-b9c1-45c9-a2ec-64d3e8136846",
            "email_in_queue_flow_id": "",
            "enable_audio_monitoring": false,
            "enable_manual_assignment": false,
            "enable_transcription": false,
            "groups": [],
            "id": "e1d73841-4d5e-442f-a951-ef7f52e3b215",
            "media_settings_call": [
              {
                "alerting_timeout_sec": 20,
                "auto_dial_delay_seconds": 0,
                "auto_end_delay_seconds": 0,
                "enable_auto_answer": false,
                "enable_auto_dial_and_end": false,
                "service_level_duration_ms": 20000,
                "service_level_percentage": 0.8
              }
            ],
            "media_settings_callback": [
              {
                "alerting_timeout_sec": 30,
                "auto_dial_delay_seconds": 300,
                "auto_end_delay_seconds": 300,
                "enable_auto_answer": false,
                "enable_auto_dial_and_end": false,
                "service_level_duration_ms": 20000,
                "service_level_percentage": 0.8
              }
            ],
            "media_settings_chat": [
              {
                "alerting_timeout_sec": 30,
                "auto_dial_delay_seconds": 0,
                "auto_end_delay_seconds": 0,
                "enable_auto_answer": false,
                "enable_auto_dial_and_end": false,
                "service_level_duration_ms": 20000,
                "service_level_percentage": 0.8
              }
            ],
            "media_settings_email": [
              {
                "alerting_timeout_sec": 300,
                "auto_dial_delay_seconds": 0,
                "auto_end_delay_seconds": 0,
                "enable_auto_answer": false,
                "enable_auto_dial_and_end": false,
                "service_level_duration_ms": 86400000,
                "service_level_percentage": 0.8
              }
            ],
            "media_settings_message": [
              {
                "alerting_timeout_sec": 30,
                "auto_dial_delay_seconds": 0,
                "auto_end_delay_seconds": 0,
                "enable_auto_answer": false,
                "enable_auto_dial_and_end": false,
                "service_level_duration_ms": 20000,
                "service_level_percentage": 0.8
              }
            ],
            "members": [
              {
                "ring_num": 1,
                "user_id": "142168ff-c343-4740-8794-442e4b2d8e4a"
              },
              {
                "ring_num": 1,
                "user_id": "6c7bc1a3-1227-4a29-8b04-ba4874b0eb3f"
              }
            ],
            "message_in_queue_flow_id": "",
            "name": "TEL_PREMIUM_DSRC",
            "on_hold_prompt_id": "",
            "outbound_email_address": [],
            "outbound_messaging_open_messaging_recipient_id": "",
            "outbound_messaging_sms_address_id": "",
            "outbound_messaging_whatsapp_recipient_id": "",
            "peer_id": "",
            "queue_flow_id": "",
            "routing_rules": [],
            "scoring_method": "TimestampAndPriority",
            "skill_evaluation_method": "ALL",
            "skill_groups": [],
            "source_queue_id": null,
            "suppress_in_queue_call_recording": true,
            "teams": [],
            "whisper_prompt_id": "",
            "wrapup_codes": []
          },
          "sensitive_attributes": [],
          "private": "eyJzY2hlbWFfdmVyc2lvbiI6IjEifQ==",
          "dependencies": [
            "data.genesyscloud_auth_division.Home"
          ]
        }
      ]
    },
    {
      "mode": "managed",
      "type": "genesyscloud_routing_wrapupcode",
      "name": "TEC_SUPPRIMER_ENREGISTREMENT",
      "provider": "provider[\"registry.terraform.io/mypurecloud/genesyscloud\"]",
      "instances": [
        {
          "schema_version": 1,
          "attributes": {
            "division_id": "d375d871-b9c1-45c9-a2ec-64d3e8136846",
            "id": "19164fd1-d02a-41c6-9281-f46c412cdf4f",
            "name": "TEC_SUPPRIMER_ENREGISTREMENT"
          },
          "sensitive_attributes": [],
          "private": "eyJzY2hlbWFfdmVyc2lvbiI6IjEifQ==",
          "dependencies": [
            "data.genesyscloud_auth_division.Home"
          ]
        }
      ]
    },
    {
      "mode": "managed",
      "type": "genesyscloud_telephony_providers_edges_site",
      "name": "METR_PARIS_BIOME",
      "provider": "provider[\"registry.terraform.io/mypurecloud/genesyscloud\"]",
      "instances": [
        {
          "schema_version": 1,
          "attributes": {
            "caller_id": "",
            "caller_name": "",
            "description": "",
            "edge_auto_update_config": [
              {
                "end": "2024-11-25T05:00:00.000000",
                "rrule": "FREQ=DAILY",
                "start": "2024-11-25T02:00:00.000000",
                "time_zone": "Europe/Paris"
              }
            ],
            "id": "18549015-7428-418d-ad1c-936fb3187f02",
            "location_id": "5d14641f-5917-4dfa-b20c-9a3ece274899",
            "media_model": "Cloud",
            "media_regions": [
              "eu-west-1"
            ],
            "media_regions_use_latency_based": true,
            "name": "METR_PARIS_BIOME",
            "number_plans": [
              {
                "classification": "Emergency",
                "digit_length": [],
                "match_format": "",
                "match_type": "numberList",
                "name": "Emergency",
                "normalized_format": "",
                "numbers": [
                  {
                    "end": "",
                    "start": "112"
                  }
                ]
              },
              {
                "classification": "Extension",
                "digit_length": [
                  {
                    "end": "6",
                    "start": "4"
                  }
                ],
                "match_format": "",
                "match_type": "digitLength",
                "name": "Extension",
                "normalized_format": "",
                "numbers": []
              },
              {
                "classification": "National",
                "digit_length": [],
                "match_format": "",
                "match_type": "intraCountryCode",
                "name": "National",
                "normalized_format": "",
                "numbers": []
              },
              {
                "classification": "International",
                "digit_length": [],
                "match_format": "",
                "match_type": "interCountryCode",
                "name": "International",
                "normalized_format": "",
                "numbers": []
              },
              {
                "classification": "Network",
                "digit_length": [],
                "match_format": "^([^@\\:]+@)([^@ ]+)?$",
                "match_type": "regex",
                "name": "Network",
                "normalized_format": "sip:$1$2",
                "numbers": []
              }
            ],
            "outbound_routes": [
              {
                "classification_types": [
                  "Emergency",
                  "National",
                  "Network",
                  "International"
                ],
                "description": "",
                "distribution": "SEQUENTIAL",
                "enabled": true,
                "external_trunk_base_ids": [
                  "9e3dc6a1-46ce-4d03-a287-de15f73ee518"
                ],
                "name": "Default Outbound Route"
              }
            ],
            "primary_sites": [
              "39190f4e-acca-4ef8-9824-d5f83cb201c4"
            ],
            "secondary_sites": [
              "39190f4e-acca-4ef8-9824-d5f83cb201c4"
            ],
            "set_as_default_site": true
          },
          "sensitive_attributes": [],
          "private": "eyJzY2hlbWFfdmVyc2lvbiI6IjEifQ==",
          "dependencies": [
            "data.genesyscloud_telephony_providers_edges_site.PureCloud_Voice_-_AWS",
            "genesyscloud_location.METR_PARIS_BIOME"
          ]
        }
      ]
    },
    {
      "mode": "managed",
      "type": "genesyscloud_tf_export",
      "name": "full_export",
      "provider": "provider[\"registry.terraform.io/mypurecloud/genesyscloud\"]",
      "instances": [
        {
          "schema_version": 0,
          "attributes": {
            "compress": false,
            "directory": "./data-export",
            "enable_dependency_resolution": true,
            "exclude_attributes": null,
            "exclude_filter_resources": null,
            "export_as_hcl": true,
            "export_computed": true,
            "id": "./data-export",
            "ignore_cyclic_deps": true,
            "include_filter_resources": [
              "genesyscloud_user",
              "genesyscloud_auth_division",
              "genesyscloud_routing_queue",
              "genesyscloud_location",
              "genesyscloud_telephony_providers_edges_site",
              "genesyscloud_telephony_providers_edges_trunkbasesettings",
              "genesyscloud_integration",
              "genesyscloud_integration_action",
              "genesyscloud_routing_wrapupcode",
              "genesyscloud_architect_datatable",
              "genesyscloud_routing_skill"
            ],
            "include_state_file": true,
            "log_permission_errors": true,
            "replace_with_datasource": null,
            "resource_types": null,
            "split_files_by_resource": true
          },
          "sensitive_attributes": [],
          "private": "bnVsbA=="
        }
      ]
    }
  ],
  "check_results": null
}
