{
  "version": 4,
  "terraform_version": "1.10.0",
  "serial": 1,
  "lineage": "afdb5a64-6ec5-4500-9736-7b0b38899c0b",
  "outputs": {},
  "resources": [
    {
      "mode": "data",
      "type": "genesyscloud_telephony_providers_edges_site",
      "name": "PureCloud_Voice_-_AWS",
      "provider": "provider[\"registry.terraform.io/mypurecloud/genesyscloud\"]",
      "instances": [
        {
          "schema_version": 1,
          "attributes_flat": {
            "id": "39190f4e-acca-4ef8-9824-d5f83cb201c4",
            "name": "PureCloud Voice - AWS"
          },
          "sensitive_attributes": []
        }
      ]
    },
    {
      "mode": "managed",
      "type": "genesyscloud_auth_division",
      "name": "Home",
      "provider": "provider[\"registry.terraform.io/mypurecloud/genesyscloud\"]",
      "instances": [
        {
          "schema_version": 1,
          "attributes_flat": {
            "description": "",
            "home": "true",
            "id": "d375d871-b9c1-45c9-a2ec-64d3e8136846",
            "name": "Home"
          },
          "sensitive_attributes": []
        }
      ]
    },
    {
      "mode": "managed",
      "type": "genesyscloud_location",
      "name": "Default_PCV_Location",
      "provider": "provider[\"registry.terraform.io/mypurecloud/genesyscloud\"]",
      "instances": [
        {
          "schema_version": 1,
          "attributes_flat": {
            "address.#": "1",
            "address.0.city": "London",
            "address.0.country": "GB",
            "address.0.state": "",
            "address.0.street1": "1 Kings Cross Bridge",
            "address.0.street2": "",
            "address.0.zip_code": "N1 9NW",
            "emergency_number.#": "1",
            "emergency_number.0.number": "+441276457000",
            "emergency_number.0.type": "elin",
            "id": "ad29faf9-0999-4bc5-9e04-d2e3e24b91ee",
            "name": "Default PCV Location",
            "notes": "Default location used for PureCloud Voice Site",
            "path.#": "0"
          },
          "sensitive_attributes": []
        }
      ]
    },
    {
      "mode": "managed",
      "type": "genesyscloud_location",
      "name": "METR_LILLE",
      "provider": "provider[\"registry.terraform.io/mypurecloud/genesyscloud\"]",
      "instances": [
        {
          "schema_version": 1,
          "attributes_flat": {
            "address.#": "1",
            "address.0.city": "Lille",
            "address.0.country": "FR",
            "address.0.state": "",
            "address.0.street1": "5 rue Paul Duez",
            "address.0.street2": "",
            "address.0.zip_code": "59891",
            "emergency_number.#": "1",
            "emergency_number.0.number": "+33123456700",
            "emergency_number.0.type": "default",
            "id": "86968e7e-8c89-412e-9c35-5edf5a47d394",
            "name": "METR_LILLE",
            "notes": "Site de Lille",
            "path.#": "0"
          },
          "sensitive_attributes": []
        }
      ]
    },
    {
      "mode": "managed",
      "type": "genesyscloud_location",
      "name": "METR_PARIS",
      "provider": "provider[\"registry.terraform.io/mypurecloud/genesyscloud\"]",
      "instances": [
        {
          "schema_version": 1,
          "attributes_flat": {
            "address.#": "1",
            "address.0.city": "Paris",
            "address.0.country": "FR",
            "address.0.state": "",
            "address.0.street1": "11 rue Bourseul",
            "address.0.street2": "",
            "address.0.zip_code": "75900",
            "emergency_number.#": "1",
            "emergency_number.0.number": "+33123456701",
            "emergency_number.0.type": "default",
            "id": "61dea150-5aa8-442a-9df7-ef51d83a44f4",
            "name": "METR_PARIS",
            "notes": "Site de Paris",
            "path.#": "0"
          },
          "sensitive_attributes": []
        }
      ]
    },
    {
      "mode": "managed",
      "type": "genesyscloud_location",
      "name": "METR_PARIS_BIOME",
      "provider": "provider[\"registry.terraform.io/mypurecloud/genesyscloud\"]",
      "instances": [
        {
          "schema_version": 1,
          "attributes_flat": {
            "address.#": "1",
            "address.0.city": "Paris",
            "address.0.country": "FR",
            "address.0.state": "",
            "address.0.street1": "112-114 avenue Emile Zola",
            "address.0.street2": "",
            "address.0.zip_code": "75015",
            "emergency_number.#": "1",
            "emergency_number.0.number": "+33189378550",
            "emergency_number.0.type": "default",
            "id": "5d14641f-5917-4dfa-b20c-9a3ece274899",
            "name": "METR_PARIS_BIOME",
            "notes": "Site de PAris Biome",
            "path.#": "0"
          },
          "sensitive_attributes": []
        }
      ]
    },
    {
      "mode": "managed",
      "type": "genesyscloud_routing_queue",
      "name": "SQO",
      "provider": "provider[\"registry.terraform.io/mypurecloud/genesyscloud\"]",
      "instances": [
        {
          "schema_version": 1,
          "attributes_flat": {
            "acw_timeout_ms": "0",
            "acw_wrapup_prompt": "OPTIONAL",
            "agent_owned_routing.#": "0",
            "auto_answer_only": "false",
            "calling_party_name": "",
            "calling_party_number": "",
            "conditional_group_routing_rules.#": "0",
            "default_script_ids.%": "0",
            "description": "",
            "direct_routing.#": "0",
            "division_id": "d375d871-b9c1-45c9-a2ec-64d3e8136846",
            "email_in_queue_flow_id": "",
            "enable_audio_monitoring": "false",
            "enable_manual_assignment": "false",
            "enable_transcription": "false",
            "groups.#": "0",
            "id": "4d6feb0f-efe8-4dae-9c3e-3736a1f609c9",
            "media_settings_call.#": "1",
            "media_settings_call.0.alerting_timeout_sec": "8",
            "media_settings_call.0.auto_dial_delay_seconds": "0",
            "media_settings_call.0.auto_end_delay_seconds": "0",
            "media_settings_call.0.enable_auto_answer": "false",
            "media_settings_call.0.enable_auto_dial_and_end": "false",
            "media_settings_call.0.service_level_duration_ms": "20000",
            "media_settings_call.0.service_level_percentage": "0.8",
            "media_settings_callback.#": "1",
            "media_settings_callback.0.alerting_timeout_sec": "30",
            "media_settings_callback.0.auto_dial_delay_seconds": "300",
            "media_settings_callback.0.auto_end_delay_seconds": "300",
            "media_settings_callback.0.enable_auto_answer": "false",
            "media_settings_callback.0.enable_auto_dial_and_end": "false",
            "media_settings_callback.0.service_level_duration_ms": "20000",
            "media_settings_callback.0.service_level_percentage": "0.8",
            "media_settings_chat.#": "1",
            "media_settings_chat.0.alerting_timeout_sec": "30",
            "media_settings_chat.0.auto_dial_delay_seconds": "0",
            "media_settings_chat.0.auto_end_delay_seconds": "0",
            "media_settings_chat.0.enable_auto_answer": "false",
            "media_settings_chat.0.enable_auto_dial_and_end": "false",
            "media_settings_chat.0.service_level_duration_ms": "20000",
            "media_settings_chat.0.service_level_percentage": "0.8",
            "media_settings_email.#": "1",
            "media_settings_email.0.alerting_timeout_sec": "300",
            "media_settings_email.0.auto_dial_delay_seconds": "0",
            "media_settings_email.0.auto_end_delay_seconds": "0",
            "media_settings_email.0.enable_auto_answer": "false",
            "media_settings_email.0.enable_auto_dial_and_end": "false",
            "media_settings_email.0.service_level_duration_ms": "86400000",
            "media_settings_email.0.service_level_percentage": "0.8",
            "media_settings_message.#": "1",
            "media_settings_message.0.alerting_timeout_sec": "30",
            "media_settings_message.0.auto_dial_delay_seconds": "0",
            "media_settings_message.0.auto_end_delay_seconds": "0",
            "media_settings_message.0.enable_auto_answer": "false",
            "media_settings_message.0.enable_auto_dial_and_end": "false",
            "media_settings_message.0.service_level_duration_ms": "20000",
            "media_settings_message.0.service_level_percentage": "0.8",
            "members.#": "0",
            "message_in_queue_flow_id": "",
            "name": "SQO",
            "on_hold_prompt_id": "",
            "outbound_email_address.#": "0",
            "outbound_messaging_open_messaging_recipient_id": "",
            "outbound_messaging_sms_address_id": "",
            "outbound_messaging_whatsapp_recipient_id": "",
            "peer_id": "",
            "queue_flow_id": "",
            "routing_rules.#": "0",
            "scoring_method": "TimestampAndPriority",
            "skill_evaluation_method": "ALL",
            "skill_groups.#": "0",
            "suppress_in_queue_call_recording": "true",
            "teams.#": "0",
            "whisper_prompt_id": "",
            "wrapup_codes.#": "0"
          },
          "sensitive_attributes": []
        }
      ]
    },
    {
      "mode": "managed",
      "type": "genesyscloud_routing_queue",
      "name": "TEL_PREMIUM_DSRC",
      "provider": "provider[\"registry.terraform.io/mypurecloud/genesyscloud\"]",
      "instances": [
        {
          "schema_version": 1,
          "attributes_flat": {
            "acw_timeout_ms": "0",
            "acw_wrapup_prompt": "OPTIONAL",
            "agent_owned_routing.#": "0",
            "auto_answer_only": "false",
            "calling_party_name": "",
            "calling_party_number": "",
            "conditional_group_routing_rules.#": "0",
            "default_script_ids.%": "0",
            "description": "",
            "direct_routing.#": "0",
            "division_id": "d375d871-b9c1-45c9-a2ec-64d3e8136846",
            "email_in_queue_flow_id": "",
            "enable_audio_monitoring": "false",
            "enable_manual_assignment": "false",
            "enable_transcription": "false",
            "groups.#": "0",
            "id": "e1d73841-4d5e-442f-a951-ef7f52e3b215",
            "media_settings_call.#": "1",
            "media_settings_call.0.alerting_timeout_sec": "8",
            "media_settings_call.0.auto_dial_delay_seconds": "0",
            "media_settings_call.0.auto_end_delay_seconds": "0",
            "media_settings_call.0.enable_auto_answer": "false",
            "media_settings_call.0.enable_auto_dial_and_end": "false",
            "media_settings_call.0.service_level_duration_ms": "20000",
            "media_settings_call.0.service_level_percentage": "0.8",
            "media_settings_callback.#": "1",
            "media_settings_callback.0.alerting_timeout_sec": "30",
            "media_settings_callback.0.auto_dial_delay_seconds": "300",
            "media_settings_callback.0.auto_end_delay_seconds": "300",
            "media_settings_callback.0.enable_auto_answer": "false",
            "media_settings_callback.0.enable_auto_dial_and_end": "false",
            "media_settings_callback.0.service_level_duration_ms": "20000",
            "media_settings_callback.0.service_level_percentage": "0.8",
            "media_settings_chat.#": "1",
            "media_settings_chat.0.alerting_timeout_sec": "30",
            "media_settings_chat.0.auto_dial_delay_seconds": "0",
            "media_settings_chat.0.auto_end_delay_seconds": "0",
            "media_settings_chat.0.enable_auto_answer": "false",
            "media_settings_chat.0.enable_auto_dial_and_end": "false",
            "media_settings_chat.0.service_level_duration_ms": "20000",
            "media_settings_chat.0.service_level_percentage": "0.8",
            "media_settings_email.#": "1",
            "media_settings_email.0.alerting_timeout_sec": "300",
            "media_settings_email.0.auto_dial_delay_seconds": "0",
            "media_settings_email.0.auto_end_delay_seconds": "0",
            "media_settings_email.0.enable_auto_answer": "false",
            "media_settings_email.0.enable_auto_dial_and_end": "false",
            "media_settings_email.0.service_level_duration_ms": "86400000",
            "media_settings_email.0.service_level_percentage": "0.8",
            "media_settings_message.#": "1",
            "media_settings_message.0.alerting_timeout_sec": "30",
            "media_settings_message.0.auto_dial_delay_seconds": "0",
            "media_settings_message.0.auto_end_delay_seconds": "0",
            "media_settings_message.0.enable_auto_answer": "false",
            "media_settings_message.0.enable_auto_dial_and_end": "false",
            "media_settings_message.0.service_level_duration_ms": "20000",
            "media_settings_message.0.service_level_percentage": "0.8",
            "members.#": "2",
            "members.1411843768.ring_num": "1",
            "members.1411843768.user_id": "142168ff-c343-4740-8794-442e4b2d8e4a",
            "members.242634436.ring_num": "1",
            "members.242634436.user_id": "6c7bc1a3-1227-4a29-8b04-ba4874b0eb3f",
            "message_in_queue_flow_id": "",
            "name": "TEL_PREMIUM_DSRC",
            "on_hold_prompt_id": "",
            "outbound_email_address.#": "0",
            "outbound_messaging_open_messaging_recipient_id": "",
            "outbound_messaging_sms_address_id": "",
            "outbound_messaging_whatsapp_recipient_id": "",
            "peer_id": "",
            "queue_flow_id": "",
            "routing_rules.#": "0",
            "scoring_method": "TimestampAndPriority",
            "skill_evaluation_method": "ALL",
            "skill_groups.#": "0",
            "suppress_in_queue_call_recording": "true",
            "teams.#": "0",
            "whisper_prompt_id": "",
            "wrapup_codes.#": "0"
          },
          "sensitive_attributes": []
        }
      ]
    },
    {
      "mode": "managed",
      "type": "genesyscloud_telephony_providers_edges_site",
      "name": "METR_PARIS_BIOME",
      "provider": "provider[\"registry.terraform.io/mypurecloud/genesyscloud\"]",
      "instances": [
        {
          "schema_version": 1,
          "attributes_flat": {
            "caller_id": "",
            "caller_name": "",
            "description": "",
            "edge_auto_update_config.#": "1",
            "edge_auto_update_config.0.end": "2024-11-25T05:00:00.000000",
            "edge_auto_update_config.0.rrule": "FREQ=DAILY",
            "edge_auto_update_config.0.start": "2024-11-25T02:00:00.000000",
            "edge_auto_update_config.0.time_zone": "Europe/Paris",
            "id": "18549015-7428-418d-ad1c-936fb3187f02",
            "location_id": "5d14641f-5917-4dfa-b20c-9a3ece274899",
            "media_model": "Cloud",
            "media_regions.#": "1",
            "media_regions.0": "eu-west-1",
            "media_regions_use_latency_based": "true",
            "name": "METR_PARIS_BIOME",
            "number_plans.#": "5",
            "number_plans.0.classification": "Emergency",
            "number_plans.0.digit_length.#": "0",
            "number_plans.0.match_format": "",
            "number_plans.0.match_type": "numberList",
            "number_plans.0.name": "Emergency",
            "number_plans.0.normalized_format": "",
            "number_plans.0.numbers.#": "1",
            "number_plans.0.numbers.0.end": "",
            "number_plans.0.numbers.0.start": "112",
            "number_plans.1.classification": "Extension",
            "number_plans.1.digit_length.#": "1",
            "number_plans.1.digit_length.0.end": "6",
            "number_plans.1.digit_length.0.start": "4",
            "number_plans.1.match_format": "",
            "number_plans.1.match_type": "digitLength",
            "number_plans.1.name": "Extension",
            "number_plans.1.normalized_format": "",
            "number_plans.1.numbers.#": "0",
            "number_plans.2.classification": "National",
            "number_plans.2.digit_length.#": "0",
            "number_plans.2.match_format": "",
            "number_plans.2.match_type": "intraCountryCode",
            "number_plans.2.name": "National",
            "number_plans.2.normalized_format": "",
            "number_plans.2.numbers.#": "0",
            "number_plans.3.classification": "International",
            "number_plans.3.digit_length.#": "0",
            "number_plans.3.match_format": "",
            "number_plans.3.match_type": "interCountryCode",
            "number_plans.3.name": "International",
            "number_plans.3.normalized_format": "",
            "number_plans.3.numbers.#": "0",
            "number_plans.4.classification": "Network",
            "number_plans.4.digit_length.#": "0",
            "number_plans.4.match_format": "^([^@\\:]+@)([^@ ]+)?$",
            "number_plans.4.match_type": "regex",
            "number_plans.4.name": "Network",
            "number_plans.4.normalized_format": "sip:$1$2",
            "number_plans.4.numbers.#": "0",
            "outbound_routes.#": "1",
            "outbound_routes.1568022938.classification_types.#": "4",
            "outbound_routes.1568022938.classification_types.0": "Emergency",
            "outbound_routes.1568022938.classification_types.1": "National",
            "outbound_routes.1568022938.classification_types.2": "Network",
            "outbound_routes.1568022938.classification_types.3": "International",
            "outbound_routes.1568022938.description": "",
            "outbound_routes.1568022938.distribution": "SEQUENTIAL",
            "outbound_routes.1568022938.enabled": "true",
            "outbound_routes.1568022938.external_trunk_base_ids.#": "1",
            "outbound_routes.1568022938.external_trunk_base_ids.0": "9e3dc6a1-46ce-4d03-a287-de15f73ee518",
            "outbound_routes.1568022938.name": "Default Outbound Route",
            "primary_sites.#": "1",
            "primary_sites.0": "39190f4e-acca-4ef8-9824-d5f83cb201c4",
            "secondary_sites.#": "1",
            "secondary_sites.0": "39190f4e-acca-4ef8-9824-d5f83cb201c4",
            "set_as_default_site": "true"
          },
          "sensitive_attributes": []
        }
      ]
    },
    {
      "mode": "managed",
      "type": "genesyscloud_telephony_providers_edges_trunkbasesettings",
      "name": "Cloud_Proxy_Tie_TrunkBase_for_EdgeGroup_f9007dbc-d9da-49c1-b7c9-4a20b0bece09",
      "provider": "provider[\"registry.terraform.io/mypurecloud/genesyscloud\"]",
      "instances": [
        {
          "schema_version": 1,
          "attributes_flat": {
            "id": "23b9cc4b-1803-404e-876f-98aeb7d7452b",
            "managed": "false",
            "name": "Cloud Proxy Tie TrunkBase for EdgeGroup f9007dbc-d9da-49c1-b7c9-4a20b0bece09",
            "properties": "{\"trunk_diagnostic_ca_recording_enabled\":{\"value\":{\"instance\":false}},\"trunk_diagnostic_kws_recording_enabled\":{\"value\":{\"instance\":false}},\"trunk_diagnostic_kws_recording_percentage\":{\"value\":{\"instance\":100}},\"trunk_diagnostic_recognizer_recording_enabled\":{\"value\":{\"instance\":false}},\"trunk_diagnostic_recognizer_recording_percentage\":{\"value\":{\"instance\":100}},\"trunk_diagnostic_recognizer_recording_type\":{\"value\":{\"instance\":\"Basic\"}},\"trunk_fax_ecm\":{\"value\":{\"instance\":true}},\"trunk_fax_speed\":{\"value\":{\"instance\":14400}},\"trunk_fax_transmit_headerFormat\":{\"value\":{\"instance\":\"TX Date: %m/%d/%y %I:%M:%S %p  From: %l  To: %r    (%P of %T)\"}},\"trunk_label\":{\"value\":{\"instance\":\"Cloud Proxy Tie TrunkBase for EdgeGroup f9007dbc-d9da-49c1-b7c9-4a20b0bece09\"}},\"trunk_language\":{\"value\":{\"instance\":\"en-US\"}},\"trunk_media_disconnectOnIdleRTP\":{\"value\":{\"instance\":true}},\"trunk_media_dscpValue\":{\"value\":{\"instance\":46}},\"trunk_media_dtmf_method\":{\"value\":{\"instance\":\"RTP Events\"}},\"trunk_media_dtmf_payload\":{\"value\":{\"instance\":101}},\"trunk_media_method\":{\"value\":{\"instance\":\"normal\"}},\"trunk_networkType\":{\"value\":{\"instance\":\"IP\"}},\"trunk_protocol\":{\"value\":{\"instance\":\"SIP\"}},\"trunk_transport_sipDscpValue\":{\"value\":{\"instance\":24}},\"trunk_type\":{\"value\":{\"instance\":\"tie.cloud.proxy\"}}}",
            "state": "active",
            "trunk_meta_base_id": "tie_cloud_proxy.json",
            "trunk_type": "EDGE"
          },
          "sensitive_attributes": []
        }
      ]
    },
    {
      "mode": "managed",
      "type": "genesyscloud_telephony_providers_edges_trunkbasesettings",
      "name": "Direct_Tie_TrunkBase_for_EdgeGroup_f9007dbc-d9da-49c1-b7c9-4a20b0bece09",
      "provider": "provider[\"registry.terraform.io/mypurecloud/genesyscloud\"]",
      "instances": [
        {
          "schema_version": 1,
          "attributes_flat": {
            "id": "cc39e3e0-d103-4ce6-a7d9-874b34d17a7e",
            "managed": "false",
            "name": "Direct Tie TrunkBase for EdgeGroup f9007dbc-d9da-49c1-b7c9-4a20b0bece09",
            "properties": "{\"trunk_diagnostic_ca_recording_enabled\":{\"value\":{\"instance\":false}},\"trunk_diagnostic_kws_recording_enabled\":{\"value\":{\"instance\":false}},\"trunk_diagnostic_kws_recording_percentage\":{\"value\":{\"instance\":100}},\"trunk_diagnostic_recognizer_recording_enabled\":{\"value\":{\"instance\":false}},\"trunk_diagnostic_recognizer_recording_percentage\":{\"value\":{\"instance\":100}},\"trunk_diagnostic_recognizer_recording_type\":{\"value\":{\"instance\":\"Basic\"}},\"trunk_fax_ecm\":{\"value\":{\"instance\":true}},\"trunk_fax_speed\":{\"value\":{\"instance\":14400}},\"trunk_fax_transmit_headerFormat\":{\"value\":{\"instance\":\"TX Date: %m/%d/%y %I:%M:%S %p  From: %l  To: %r    (%P of %T)\"}},\"trunk_label\":{\"value\":{\"instance\":\"Direct Tie TrunkBase for EdgeGroup f9007dbc-d9da-49c1-b7c9-4a20b0bece09\"}},\"trunk_language\":{\"value\":{\"instance\":\"en-US\"}},\"trunk_media_disconnectOnIdleRTP\":{\"value\":{\"instance\":true}},\"trunk_media_dscpValue\":{\"value\":{\"instance\":46}},\"trunk_media_dtmf_method\":{\"value\":{\"instance\":\"RTP Events\"}},\"trunk_media_dtmf_payload\":{\"value\":{\"instance\":101}},\"trunk_media_method\":{\"value\":{\"instance\":\"normal\"}},\"trunk_networkType\":{\"value\":{\"instance\":\"IP\"}},\"trunk_protocol\":{\"value\":{\"instance\":\"SIP\"}},\"trunk_transport_sipDscpValue\":{\"value\":{\"instance\":24}},\"trunk_type\":{\"value\":{\"instance\":\"tie.direct\"}}}",
            "state": "active",
            "trunk_meta_base_id": "tie_direct.json",
            "trunk_type": "EDGE"
          },
          "sensitive_attributes": []
        }
      ]
    },
    {
      "mode": "managed",
      "type": "genesyscloud_telephony_providers_edges_trunkbasesettings",
      "name": "Genesys_Cloud_-_CDM_SIP_Phone_Trunk",
      "provider": "provider[\"registry.terraform.io/mypurecloud/genesyscloud\"]",
      "instances": [
        {
          "schema_version": 1,
          "attributes_flat": {
            "id": "dd0ec6ce-d593-40dd-8da5-bf517453047f",
            "managed": "false",
            "name": "Genesys Cloud - CDM SIP Phone Trunk",
            "properties": "{\"trunk_access_acl_allowList\":{\"value\":{\"instance\":[]}},\"trunk_access_acl_denyList\":{\"value\":{\"instance\":[]}},\"trunk_enabled\":{\"value\":{\"instance\":true}},\"trunk_label\":{\"value\":{\"instance\":\"Genesys Cloud - CDM SIP Phone Trunk\"}},\"trunk_language\":{\"value\":{\"instance\":\"en-US\"}},\"trunk_maxCallRate\":{\"value\":{\"instance\":\"40/5s\"}},\"trunk_maxDialTimeout\":{\"value\":{\"instance\":\"2m\"}},\"trunk_media_codec\":{\"value\":{\"instance\":[\"audio/opus\",\"audio/pcmu\",\"audio/pcma\"]}},\"trunk_media_dscpValue\":{\"value\":{\"instance\":46}},\"trunk_media_dtmf_method\":{\"value\":{\"instance\":\"RTP Events\"}},\"trunk_media_dtmf_payload\":{\"value\":{\"instance\":101}},\"trunk_media_method\":{\"value\":{\"instance\":\"normal\"}},\"trunk_media_srtpCipherSuites\":{\"value\":{\"instance\":[\"AES_CM_128_HMAC_SHA1_80\"]}},\"trunk_sip_conversationHeader\":{\"value\":{\"instance\":true}},\"trunk_sip_maxRegistrationRate\":{\"value\":{\"instance\":\"600/1m\"}},\"trunk_transport_retryableCauseCodes\":{\"value\":{\"instance\":\"1-5,25,27,28,31,34,38,41,42,44,46,62,63,79,91,96,97,99,100,103\"}},\"trunk_transport_retryableReasonCodes\":{\"value\":{\"instance\":\"500-599\"}},\"trunk_transport_sipDscpValue\":{\"value\":{\"instance\":24}},\"trunk_type\":{\"value\":{\"instance\":\"station.cdm\"}}}",
            "state": "active",
            "trunk_meta_base_id": "phone_connections_cdm.json",
            "trunk_type": "PHONE"
          },
          "sensitive_attributes": []
        }
      ]
    },
    {
      "mode": "managed",
      "type": "genesyscloud_telephony_providers_edges_trunkbasesettings",
      "name": "Genesys_Cloud_-_CDM_WebRTC_Phone_Trunk",
      "provider": "provider[\"registry.terraform.io/mypurecloud/genesyscloud\"]",
      "instances": [
        {
          "schema_version": 1,
          "attributes_flat": {
            "id": "051e5e1f-bd92-4be9-90de-3d535cf935d9",
            "managed": "false",
            "name": "Genesys Cloud - CDM WebRTC Phone Trunk",
            "properties": "{\"trunk_enabled\":{\"value\":{\"instance\":true}},\"trunk_label\":{\"value\":{\"instance\":\"Genesys Cloud - CDM WebRTC Phone Trunk\"}},\"trunk_language\":{\"value\":{\"instance\":\"en-US\"}},\"trunk_maxCallRate\":{\"value\":{\"instance\":\"40/5s\"}},\"trunk_media_codec\":{\"value\":{\"instance\":[\"audio/opus\"]}},\"trunk_media_disconnectOnIdleRTP\":{\"value\":{\"instance\":true}},\"trunk_media_dscpValue\":{\"value\":{\"instance\":46}},\"trunk_media_dtmf_method\":{\"value\":{\"instance\":\"RTP Events\"}},\"trunk_media_dtmf_payload\":{\"value\":{\"instance\":101}},\"trunk_media_srtpCipherSuites\":{\"value\":{\"instance\":[\"AES_CM_128_HMAC_SHA1_80\"]}},\"trunk_transport_retryableCauseCodes\":{\"value\":{\"instance\":\"1-5,25,27,28,31,34,38,41,42,44,46,62,63,79,91,96,97,99,100,103\"}},\"trunk_transport_retryableReasonCodes\":{\"value\":{\"instance\":\"500-599\"}},\"trunk_transport_sipDscpValue\":{\"value\":{\"instance\":24}},\"trunk_type\":{\"value\":{\"instance\":\"station.cdm.webrtc\"}}}",
            "state": "active",
            "trunk_meta_base_id": "phone_connections_cdm_webrtc.json",
            "trunk_type": "PHONE"
          },
          "sensitive_attributes": []
        }
      ]
    },
    {
      "mode": "managed",
      "type": "genesyscloud_telephony_providers_edges_trunkbasesettings",
      "name": "Indirect_Tie_TrunkBase_for_EdgeGroup_f9007dbc-d9da-49c1-b7c9-4a20b0bece09",
      "provider": "provider[\"registry.terraform.io/mypurecloud/genesyscloud\"]",
      "instances": [
        {
          "schema_version": 1,
          "attributes_flat": {
            "id": "01245084-a5fe-4519-a0c3-de4aa064779b",
            "managed": "false",
            "name": "Indirect Tie TrunkBase for EdgeGroup f9007dbc-d9da-49c1-b7c9-4a20b0bece09",
            "properties": "{\"trunk_diagnostic_ca_recording_enabled\":{\"value\":{\"instance\":false}},\"trunk_diagnostic_kws_recording_enabled\":{\"value\":{\"instance\":false}},\"trunk_diagnostic_kws_recording_percentage\":{\"value\":{\"instance\":100}},\"trunk_diagnostic_recognizer_recording_enabled\":{\"value\":{\"instance\":false}},\"trunk_diagnostic_recognizer_recording_percentage\":{\"value\":{\"instance\":100}},\"trunk_diagnostic_recognizer_recording_type\":{\"value\":{\"instance\":\"Basic\"}},\"trunk_fax_ecm\":{\"value\":{\"instance\":true}},\"trunk_fax_speed\":{\"value\":{\"instance\":14400}},\"trunk_fax_transmit_headerFormat\":{\"value\":{\"instance\":\"TX Date: %m/%d/%y %I:%M:%S %p  From: %l  To: %r    (%P of %T)\"}},\"trunk_label\":{\"value\":{\"instance\":\"Indirect Tie TrunkBase for EdgeGroup f9007dbc-d9da-49c1-b7c9-4a20b0bece09\"}},\"trunk_language\":{\"value\":{\"instance\":\"en-US\"}},\"trunk_media_disconnectOnIdleRTP\":{\"value\":{\"instance\":true}},\"trunk_media_dscpValue\":{\"value\":{\"instance\":46}},\"trunk_media_dtmf_method\":{\"value\":{\"instance\":\"RTP Events\"}},\"trunk_media_dtmf_payload\":{\"value\":{\"instance\":101}},\"trunk_media_method\":{\"value\":{\"instance\":\"normal\"}},\"trunk_networkType\":{\"value\":{\"instance\":\"IP\"}},\"trunk_protocol\":{\"value\":{\"instance\":\"SIP\"}},\"trunk_transport_sipDscpValue\":{\"value\":{\"instance\":24}},\"trunk_type\":{\"value\":{\"instance\":\"tie.indirect\"}}}",
            "state": "active",
            "trunk_meta_base_id": "tie_indirect.json",
            "trunk_type": "EDGE"
          },
          "sensitive_attributes": []
        }
      ]
    },
    {
      "mode": "managed",
      "type": "genesyscloud_telephony_providers_edges_trunkbasesettings",
      "name": "PureCloud_Voice_-_AWS",
      "provider": "provider[\"registry.terraform.io/mypurecloud/genesyscloud\"]",
      "instances": [
        {
          "schema_version": 1,
          "attributes_flat": {
            "id": "9e3dc6a1-46ce-4d03-a287-de15f73ee518",
            "managed": "true",
            "name": "PureCloud Voice - AWS",
            "properties": "{\"trunk_calling_id_priority\":{\"value\":{\"instance\":[\"Source\",\"Trunk\"]}},\"trunk_consult_recording_enabled\":{\"value\":{\"instance\":false}},\"trunk_disallow_recording_during_hold\":{\"value\":{\"instance\":true}},\"trunk_enabled\":{\"value\":{\"instance\":true}},\"trunk_fax_media_attributes_enabled\":{\"value\":{\"instance\":false}},\"trunk_maxDialTimeout\":{\"value\":{\"instance\":\"2m\"}},\"trunk_outboundIdentity_callingAddress_overrideMethod\":{\"value\":{\"instance\":\"Unassigned DID\"}},\"trunk_outboundIdentity_callingName_overrideMethod\":{\"value\":{\"instance\":\"Always\"}},\"trunk_outboundIdentity_suppress_username_if_did_available\":{\"value\":{\"instance\":false}},\"trunk_outboundIdentity_suppress_username_if_no_did\":{\"value\":{\"instance\":false}},\"trunk_recording_audioFormat\":{\"value\":{\"instance\":\"audio/opus\"}},\"trunk_recording_beep_amplitude\":{\"value\":{\"instance\":-24}},\"trunk_recording_beep_duration\":{\"value\":{\"instance\":200}},\"trunk_recording_beep_enabled\":{\"value\":{\"instance\":false}},\"trunk_recording_beep_frequency\":{\"value\":{\"instance\":1400}},\"trunk_recording_beep_interval\":{\"value\":{\"instance\":14000}},\"trunk_recording_beep_tone2_amplitude\":{\"value\":{\"instance\":-24}},\"trunk_recording_beep_tone2_frequency\":{\"value\":{\"instance\":0}},\"trunk_recording_consent_required\":{\"value\":{\"instance\":false}},\"trunk_recording_dualChannel\":{\"value\":{\"instance\":false}},\"trunk_recording_enabled\":{\"value\":{\"instance\":false}},\"trunk_recording_externalTransfersEnabled\":{\"value\":{\"instance\":false}},\"trunk_recording_levelControlEnabled\":{\"value\":{\"instance\":false}},\"trunk_transfer_takeback_enabled\":{\"value\":{\"instance\":false}}}",
            "state": "active",
            "trunk_meta_base_id": "external_sip_pcv_aws.json",
            "trunk_type": "EXTERNAL"
          },
          "sensitive_attributes": []
        }
      ]
    },
    {
      "mode": "managed",
      "type": "genesyscloud_telephony_providers_edges_trunkbasesettings",
      "name": "Tie_TrunkBase_for_EdgeGroup_f9007dbc-d9da-49c1-b7c9-4a20b0bece09",
      "provider": "provider[\"registry.terraform.io/mypurecloud/genesyscloud\"]",
      "instances": [
        {
          "schema_version": 1,
          "attributes_flat": {
            "id": "1fb245cf-1608-46dc-bc3f-618467480544",
            "managed": "false",
            "name": "Tie TrunkBase for EdgeGroup f9007dbc-d9da-49c1-b7c9-4a20b0bece09",
            "properties": "{\"trunk_diagnostic_ca_recording_enabled\":{\"value\":{\"instance\":false}},\"trunk_diagnostic_kws_recording_enabled\":{\"value\":{\"instance\":false}},\"trunk_diagnostic_kws_recording_percentage\":{\"value\":{\"instance\":100}},\"trunk_diagnostic_recognizer_recording_enabled\":{\"value\":{\"instance\":false}},\"trunk_diagnostic_recognizer_recording_percentage\":{\"value\":{\"instance\":100}},\"trunk_diagnostic_recognizer_recording_type\":{\"value\":{\"instance\":\"Basic\"}},\"trunk_fax_ecm\":{\"value\":{\"instance\":true}},\"trunk_fax_speed\":{\"value\":{\"instance\":14400}},\"trunk_fax_transmit_headerFormat\":{\"value\":{\"instance\":\"TX Date: %m/%d/%y %I:%M:%S %p  From: %l  To: %r    (%P of %T)\"}},\"trunk_label\":{\"value\":{\"instance\":\"Tie TrunkBase for EdgeGroup f9007dbc-d9da-49c1-b7c9-4a20b0bece09\"}},\"trunk_language\":{\"value\":{\"instance\":\"en-US\"}},\"trunk_media_disconnectOnIdleRTP\":{\"value\":{\"instance\":true}},\"trunk_media_dscpValue\":{\"value\":{\"instance\":46}},\"trunk_media_dtmf_method\":{\"value\":{\"instance\":\"RTP Events\"}},\"trunk_media_dtmf_payload\":{\"value\":{\"instance\":101}},\"trunk_media_method\":{\"value\":{\"instance\":\"normal\"}},\"trunk_networkType\":{\"value\":{\"instance\":\"IP\"}},\"trunk_protocol\":{\"value\":{\"instance\":\"SIP\"}},\"trunk_transport_sipDscpValue\":{\"value\":{\"instance\":24}},\"trunk_type\":{\"value\":{\"instance\":\"tie\"}}}",
            "state": "active",
            "trunk_meta_base_id": "edge_tielines.json",
            "trunk_type": "EDGE"
          },
          "sensitive_attributes": []
        }
      ]
    },
    {
      "mode": "managed",
      "type": "genesyscloud_user",
      "name": "alexis_moussesian2_genesys_com",
      "provider": "provider[\"registry.terraform.io/mypurecloud/genesyscloud\"]",
      "instances": [
        {
          "schema_version": 1,
          "attributes_flat": {
            "acd_auto_answer": "false",
            "addresses.#": "0",
            "certifications.#": "0",
            "department": "",
            "division_id": "d375d871-b9c1-45c9-a2ec-64d3e8136846",
            "email": "alexis.moussesian2@genesys.com",
            "employer_info.#": "0",
            "id": "450fa493-89ec-4c60-8afd-e5ad54c71ce6",
            "locations.#": "0",
            "manager": "",
            "name": "Alexis Moussesian2",
            "profile_skills.#": "0",
            "routing_languages.#": "0",
            "routing_skills.#": "0",
            "routing_utilization.#": "0",
            "state": "active",
            "title": ""
          },
          "sensitive_attributes": []
        }
      ]
    },
    {
      "mode": "managed",
      "type": "genesyscloud_user",
      "name": "daniel_pieruzzini_genesys_com",
      "provider": "provider[\"registry.terraform.io/mypurecloud/genesyscloud\"]",
      "instances": [
        {
          "schema_version": 1,
          "attributes_flat": {
            "acd_auto_answer": "false",
            "addresses.#": "0",
            "certifications.#": "0",
            "department": "",
            "division_id": "d375d871-b9c1-45c9-a2ec-64d3e8136846",
            "email": "daniel.pieruzzini@genesys.com",
            "employer_info.#": "0",
            "id": "bd6f4f6d-a9da-4078-a99d-e76f85151772",
            "locations.#": "0",
            "manager": "",
            "name": "Daniel Pieruzzini",
            "profile_skills.#": "0",
            "routing_languages.#": "0",
            "routing_skills.#": "0",
            "routing_utilization.#": "0",
            "state": "active",
            "title": ""
          },
          "sensitive_attributes": []
        }
      ]
    },
    {
      "mode": "managed",
      "type": "genesyscloud_user",
      "name": "dimitri_evanghelou_genesys_com",
      "provider": "provider[\"registry.terraform.io/mypurecloud/genesyscloud\"]",
      "instances": [
        {
          "schema_version": 1,
          "attributes_flat": {
            "acd_auto_answer": "false",
            "addresses.#": "0",
            "certifications.#": "0",
            "department": "",
            "division_id": "d375d871-b9c1-45c9-a2ec-64d3e8136846",
            "email": "dimitri.evanghelou@genesys.com",
            "employer_info.#": "0",
            "id": "142168ff-c343-4740-8794-442e4b2d8e4a",
            "locations.#": "0",
            "manager": "",
            "name": "Dimitri Evanghelou",
            "profile_skills.#": "0",
            "routing_languages.#": "0",
            "routing_skills.#": "0",
            "routing_utilization.#": "0",
            "state": "active",
            "title": ""
          },
          "sensitive_attributes": []
        }
      ]
    },
    {
      "mode": "managed",
      "type": "genesyscloud_user",
      "name": "matthieu_frys-prestataire_labanquepostale_fr",
      "provider": "provider[\"registry.terraform.io/mypurecloud/genesyscloud\"]",
      "instances": [
        {
          "schema_version": 1,
          "attributes_flat": {
            "acd_auto_answer": "false",
            "addresses.#": "0",
            "certifications.#": "0",
            "department": "",
            "division_id": "d375d871-b9c1-45c9-a2ec-64d3e8136846",
            "email": "matthieu.frys-prestataire@labanquepostale.fr",
            "employer_info.#": "0",
            "id": "af30ca10-1183-4e4b-863b-2adf79613be1",
            "locations.#": "0",
            "manager": "",
            "name": "Matthieu FRYS MFR LBP",
            "profile_skills.#": "0",
            "routing_languages.#": "0",
            "routing_skills.#": "0",
            "routing_utilization.#": "0",
            "state": "active",
            "title": ""
          },
          "sensitive_attributes": []
        }
      ]
    },
    {
      "mode": "managed",
      "type": "genesyscloud_user",
      "name": "matthieu_frys_genesys_com",
      "provider": "provider[\"registry.terraform.io/mypurecloud/genesyscloud\"]",
      "instances": [
        {
          "schema_version": 1,
          "attributes_flat": {
            "acd_auto_answer": "false",
            "addresses.#": "0",
            "certifications.#": "0",
            "department": "",
            "division_id": "d375d871-b9c1-45c9-a2ec-64d3e8136846",
            "email": "matthieu.frys@genesys.com",
            "employer_info.#": "0",
            "id": "6f659661-3d37-4593-bb1f-3a704cf64202",
            "locations.#": "0",
            "manager": "",
            "name": "Matthieu Frys",
            "profile_skills.#": "0",
            "routing_languages.#": "0",
            "routing_skills.#": "0",
            "routing_utilization.#": "0",
            "state": "active",
            "title": ""
          },
          "sensitive_attributes": []
        }
      ]
    },
    {
      "mode": "managed",
      "type": "genesyscloud_user",
      "name": "thomas_nicolas_genesys_com",
      "provider": "provider[\"registry.terraform.io/mypurecloud/genesyscloud\"]",
      "instances": [
        {
          "schema_version": 1,
          "attributes_flat": {
            "acd_auto_answer": "false",
            "addresses.#": "0",
            "certifications.#": "0",
            "department": "",
            "division_id": "d375d871-b9c1-45c9-a2ec-64d3e8136846",
            "email": "thomas.nicolas@genesys.com",
            "employer_info.#": "0",
            "id": "6c7bc1a3-1227-4a29-8b04-ba4874b0eb3f",
            "locations.#": "0",
            "manager": "",
            "name": "Thomas Nicolas",
            "profile_skills.#": "0",
            "routing_languages.#": "0",
            "routing_skills.#": "0",
            "routing_utilization.#": "0",
            "state": "active",
            "title": ""
          },
          "sensitive_attributes": []
        }
      ]
    },
    {
      "mode": "managed",
      "type": "genesyscloud_user",
      "name": "vincent_descorps_labanquepostale_fr",
      "provider": "provider[\"registry.terraform.io/mypurecloud/genesyscloud\"]",
      "instances": [
        {
          "schema_version": 1,
          "attributes_flat": {
            "acd_auto_answer": "false",
            "addresses.#": "0",
            "certifications.#": "0",
            "department": "",
            "division_id": "d375d871-b9c1-45c9-a2ec-64d3e8136846",
            "email": "vincent.descorps@labanquepostale.fr",
            "employer_info.#": "0",
            "id": "abcec5c6-feba-4ec6-a3ea-cac869d93389",
            "locations.#": "0",
            "manager": "",
            "name": "Vincent Descorps",
            "profile_skills.#": "0",
            "routing_languages.#": "0",
            "routing_skills.#": "0",
            "routing_utilization.#": "0",
            "state": "active",
            "title": ""
          },
          "sensitive_attributes": []
        }
      ]
    },
    {
      "mode": "managed",
      "type": "genesyscloud_user",
      "name": "youcef_teldjoune_genesys_com",
      "provider": "provider[\"registry.terraform.io/mypurecloud/genesyscloud\"]",
      "instances": [
        {
          "schema_version": 1,
          "attributes_flat": {
            "acd_auto_answer": "false",
            "addresses.#": "0",
            "certifications.#": "0",
            "department": "",
            "division_id": "d375d871-b9c1-45c9-a2ec-64d3e8136846",
            "email": "youcef.teldjoune@genesys.com",
            "employer_info.#": "0",
            "id": "bb2f8c40-8e48-47d3-8edb-e4528eabdc17",
            "locations.#": "0",
            "manager": "",
            "name": "Youcef Teldjoune",
            "profile_skills.#": "0",
            "routing_languages.#": "0",
            "routing_skills.#": "0",
            "routing_utilization.#": "0",
            "state": "active",
            "title": ""
          },
          "sensitive_attributes": []
        }
      ]
    }
  ],
  "check_results": null
}
